
Microsoft Visual Studio Solution File, Format Version 12.00
# Visual Studio 15
VisualStudioVersion = 15.0.27004.2005
MinimumVisualStudioVersion = 10.0.40219.1
Project("{9A19103F-16F7-4668-BE54-9A1E7A4F7556}") = "WebApplication1", "WebApplication1\WebApplication1.csproj", "{94CD0EB3-0792-40F5-BF3D-5A2B232FF61A}"
EndProject
Project("{2150E333-8FDC-42A3-9474-1A3956D46DE8}") = "Abp", "Abp", "{2C818377-69AC-4F2E-BD9E-B253E8E40D37}"
EndProject
Project("{9A19103F-16F7-4668-BE54-9A1E7A4F7556}") = "Lee.Abp.EntityFrameworkCore", "Lee.Abp.EntityFrameworkCore\Lee.Abp.EntityFrameworkCore.csproj", "{6B184DBF-E524-47C9-8B35-C8C9140B5EC1}"
EndProject
Project("{9A19103F-16F7-4668-BE54-9A1E7A4F7556}") = "Lee.Abp.Core", "Lee.Abp.Core\Lee.Abp.Core.csproj", "{8C57A373-307D-4D75-84FE-E198BAE7C22D}"
EndProject
Project("{9A19103F-16F7-4668-BE54-9A1E7A4F7556}") = "lee.Abp.Application", "lee.Abp.Application\lee.Abp.Application.csproj", "{F5CBBD1B-2DD3-4480-9D9F-4E65A79C9113}"
EndProject
Project("{9A19103F-16F7-4668-BE54-9A1E7A4F7556}") = "Lee.Abp.Web", "Lee.Abp.Web\Lee.Abp.Web.csproj", "{DFEBCE29-B03D-44E0-946E-A26D3B36AB51}"
EndProject
Project("{9A19103F-16F7-4668-BE54-9A1E7A4F7556}") = "Lee.Abp.Common", "Lee.Abp.Common\Lee.Abp.Common.csproj", "{7386E4DC-1D2F-4983-89D5-5A85E229FC00}"
EndProject
Project("{9A19103F-16F7-4668-BE54-9A1E7A4F7556}") = "Core.Integrated", "Core.Integrated\Core.Integrated.csproj", "{38B2B1FC-3974-417D-8E6F-638EDCE73839}"
EndProject
Project("{9A19103F-16F7-4668-BE54-9A1E7A4F7556}") = "Lee.Abp.Quartz.BackgroundJobs", "Lee.Abp.Quartz.BackgroundJobs\Lee.Abp.Quartz.BackgroundJobs.csproj", "{A8522E15-4111-44DF-BB6B-EBF2B210E9F8}"
EndProject
Project("{9A19103F-16F7-4668-BE54-9A1E7A4F7556}") = "Lee.Abp.Hangfire.BackgroundJobs", "Lee.Abp.Hangfire.BackgroundJobs\Lee.Abp.Hangfire.BackgroundJobs.csproj", "{A208CF18-F54E-42B5-A861-7246595EECA1}"
EndProject
Project("{9A19103F-16F7-4668-BE54-9A1E7A4F7556}") = "Lee.Abp.Web.Test", "Lee.Abp.Web.Test\Lee.Abp.Web.Test.csproj", "{54C5A2F0-4320-4D93-97C6-AE7AD69507B7}"
EndProject
Project("{9A19103F-16F7-4668-BE54-9A1E7A4F7556}") = "Lee.Abp.Web.Common", "Lee.Abp.Web.Common\Lee.Abp.Web.Common.csproj", "{B9198F6C-A02C-4220-AEBB-D0BC49CA7ACD}"
EndProject
Project("{9A19103F-16F7-4668-BE54-9A1E7A4F7556}") = "Core.Dao", "Core.Dao\Core.Dao.csproj", "{701E03AC-429E-43D5-9392-A3A6B1B46C8E}"
EndProject
Project("{9A19103F-16F7-4668-BE54-9A1E7A4F7556}") = "Core.Entity", "Core.Entity\Core.Entity.csproj", "{40ADA995-ECB1-4893-9BB8-CD4EE9468AF2}"
EndProject
Project("{2150E333-8FDC-42A3-9474-1A3956D46DE8}") = "Core", "Core", "{FE20981F-5F14-4A5E-BAAB-E709B67E0D70}"
EndProject
Project("{9A19103F-16F7-4668-BE54-9A1E7A4F7556}") = "Core.Service", "Core.Service\Core.Service.csproj", "{186ACF82-F74F-4921-BB03-EADC46354714}"
EndProject
Project("{9A19103F-16F7-4668-BE54-9A1E7A4F7556}") = "Core.Dto", "Core.Dto\Core.Dto.csproj", "{0ACB97E3-E573-453C-B47A-0079CBA08F00}"
EndProject
Project("{9A19103F-16F7-4668-BE54-9A1E7A4F7556}") = "Core.Extentions", "Core.Extentions\Core.Extentions.csproj", "{A91E7DD2-30B8-4385-884B-64656F7E56D3}"
EndProject
Project("{2150E333-8FDC-42A3-9474-1A3956D46DE8}") = "NetCore", "NetCore", "{1096B4E7-A203-434E-AF2F-725D8249A925}"
EndProject
Project("{2150E333-8FDC-42A3-9474-1A3956D46DE8}") = "Net", "Net", "{3B7F0836-7F08-4FB4-9454-E1DA1AD52632}"
EndProject
Project("{FAE04EC0-301F-11D3-BF4B-00C04F79EFBC}") = "AbpSignalrApi", "AbpSignalrApi\AbpSignalrApi.csproj", "{B5421ED6-845F-4E3C-A172-7BB655E36904}"
EndProject
Project("{2150E333-8FDC-42A3-9474-1A3956D46DE8}") = ".nuget", ".nuget", "{0CD9ECA3-4716-4B71-96E5-0A4DE0057185}"
	ProjectSection(SolutionItems) = preProject
		.nuget\NuGet.Config = .nuget\NuGet.Config
		.nuget\NuGet.exe = .nuget\NuGet.exe
		.nuget\NuGet.targets = .nuget\NuGet.targets
	EndProjectSection
EndProject
Global
	GlobalSection(SolutionConfigurationPlatforms) = preSolution
		Debug|Any CPU = Debug|Any CPU
		PRD|Any CPU = PRD|Any CPU
		PRE|Any CPU = PRE|Any CPU
		Release|Any CPU = Release|Any CPU
		SIT|Any CPU = SIT|Any CPU
	EndGlobalSection
	GlobalSection(ProjectConfigurationPlatforms) = postSolution
		{94CD0EB3-0792-40F5-BF3D-5A2B232FF61A}.Debug|Any CPU.ActiveCfg = Debug|Any CPU
		{94CD0EB3-0792-40F5-BF3D-5A2B232FF61A}.Debug|Any CPU.Build.0 = Debug|Any CPU
		{94CD0EB3-0792-40F5-BF3D-5A2B232FF61A}.PRD|Any CPU.ActiveCfg = Release|Any CPU
		{94CD0EB3-0792-40F5-BF3D-5A2B232FF61A}.PRD|Any CPU.Build.0 = Release|Any CPU
		{94CD0EB3-0792-40F5-BF3D-5A2B232FF61A}.PRE|Any CPU.ActiveCfg = Release|Any CPU
		{94CD0EB3-0792-40F5-BF3D-5A2B232FF61A}.PRE|Any CPU.Build.0 = Release|Any CPU
		{94CD0EB3-0792-40F5-BF3D-5A2B232FF61A}.Release|Any CPU.ActiveCfg = Release|Any CPU
		{94CD0EB3-0792-40F5-BF3D-5A2B232FF61A}.Release|Any CPU.Build.0 = Release|Any CPU
		{94CD0EB3-0792-40F5-BF3D-5A2B232FF61A}.SIT|Any CPU.ActiveCfg = Release|Any CPU
		{94CD0EB3-0792-40F5-BF3D-5A2B232FF61A}.SIT|Any CPU.Build.0 = Release|Any CPU
		{6B184DBF-E524-47C9-8B35-C8C9140B5EC1}.Debug|Any CPU.ActiveCfg = Debug|Any CPU
		{6B184DBF-E524-47C9-8B35-C8C9140B5EC1}.Debug|Any CPU.Build.0 = Debug|Any CPU
		{6B184DBF-E524-47C9-8B35-C8C9140B5EC1}.PRD|Any CPU.ActiveCfg = Release|Any CPU
		{6B184DBF-E524-47C9-8B35-C8C9140B5EC1}.PRD|Any CPU.Build.0 = Release|Any CPU
		{6B184DBF-E524-47C9-8B35-C8C9140B5EC1}.PRE|Any CPU.ActiveCfg = Release|Any CPU
		{6B184DBF-E524-47C9-8B35-C8C9140B5EC1}.PRE|Any CPU.Build.0 = Release|Any CPU
		{6B184DBF-E524-47C9-8B35-C8C9140B5EC1}.Release|Any CPU.ActiveCfg = Release|Any CPU
		{6B184DBF-E524-47C9-8B35-C8C9140B5EC1}.Release|Any CPU.Build.0 = Release|Any CPU
		{6B184DBF-E524-47C9-8B35-C8C9140B5EC1}.SIT|Any CPU.ActiveCfg = Release|Any CPU
		{6B184DBF-E524-47C9-8B35-C8C9140B5EC1}.SIT|Any CPU.Build.0 = Release|Any CPU
		{8C57A373-307D-4D75-84FE-E198BAE7C22D}.Debug|Any CPU.ActiveCfg = Debug|Any CPU
		{8C57A373-307D-4D75-84FE-E198BAE7C22D}.Debug|Any CPU.Build.0 = Debug|Any CPU
		{8C57A373-307D-4D75-84FE-E198BAE7C22D}.PRD|Any CPU.ActiveCfg = Release|Any CPU
		{8C57A373-307D-4D75-84FE-E198BAE7C22D}.PRD|Any CPU.Build.0 = Release|Any CPU
		{8C57A373-307D-4D75-84FE-E198BAE7C22D}.PRE|Any CPU.ActiveCfg = Release|Any CPU
		{8C57A373-307D-4D75-84FE-E198BAE7C22D}.PRE|Any CPU.Build.0 = Release|Any CPU
		{8C57A373-307D-4D75-84FE-E198BAE7C22D}.Release|Any CPU.ActiveCfg = Release|Any CPU
		{8C57A373-307D-4D75-84FE-E198BAE7C22D}.Release|Any CPU.Build.0 = Release|Any CPU
		{8C57A373-307D-4D75-84FE-E198BAE7C22D}.SIT|Any CPU.ActiveCfg = Release|Any CPU
		{8C57A373-307D-4D75-84FE-E198BAE7C22D}.SIT|Any CPU.Build.0 = Release|Any CPU
		{F5CBBD1B-2DD3-4480-9D9F-4E65A79C9113}.Debug|Any CPU.ActiveCfg = Debug|Any CPU
		{F5CBBD1B-2DD3-4480-9D9F-4E65A79C9113}.Debug|Any CPU.Build.0 = Debug|Any CPU
		{F5CBBD1B-2DD3-4480-9D9F-4E65A79C9113}.PRD|Any CPU.ActiveCfg = Release|Any CPU
		{F5CBBD1B-2DD3-4480-9D9F-4E65A79C9113}.PRD|Any CPU.Build.0 = Release|Any CPU
		{F5CBBD1B-2DD3-4480-9D9F-4E65A79C9113}.PRE|Any CPU.ActiveCfg = Release|Any CPU
		{F5CBBD1B-2DD3-4480-9D9F-4E65A79C9113}.PRE|Any CPU.Build.0 = Release|Any CPU
		{F5CBBD1B-2DD3-4480-9D9F-4E65A79C9113}.Release|Any CPU.ActiveCfg = Release|Any CPU
		{F5CBBD1B-2DD3-4480-9D9F-4E65A79C9113}.Release|Any CPU.Build.0 = Release|Any CPU
		{F5CBBD1B-2DD3-4480-9D9F-4E65A79C9113}.SIT|Any CPU.ActiveCfg = Release|Any CPU
		{F5CBBD1B-2DD3-4480-9D9F-4E65A79C9113}.SIT|Any CPU.Build.0 = Release|Any CPU
		{DFEBCE29-B03D-44E0-946E-A26D3B36AB51}.Debug|Any CPU.ActiveCfg = Debug|Any CPU
		{DFEBCE29-B03D-44E0-946E-A26D3B36AB51}.Debug|Any CPU.Build.0 = Debug|Any CPU
		{DFEBCE29-B03D-44E0-946E-A26D3B36AB51}.PRD|Any CPU.ActiveCfg = Release|Any CPU
		{DFEBCE29-B03D-44E0-946E-A26D3B36AB51}.PRD|Any CPU.Build.0 = Release|Any CPU
		{DFEBCE29-B03D-44E0-946E-A26D3B36AB51}.PRE|Any CPU.ActiveCfg = Release|Any CPU
		{DFEBCE29-B03D-44E0-946E-A26D3B36AB51}.PRE|Any CPU.Build.0 = Release|Any CPU
		{DFEBCE29-B03D-44E0-946E-A26D3B36AB51}.Release|Any CPU.ActiveCfg = Release|Any CPU
		{DFEBCE29-B03D-44E0-946E-A26D3B36AB51}.Release|Any CPU.Build.0 = Release|Any CPU
		{DFEBCE29-B03D-44E0-946E-A26D3B36AB51}.SIT|Any CPU.ActiveCfg = Release|Any CPU
		{DFEBCE29-B03D-44E0-946E-A26D3B36AB51}.SIT|Any CPU.Build.0 = Release|Any CPU
		{7386E4DC-1D2F-4983-89D5-5A85E229FC00}.Debug|Any CPU.ActiveCfg = Debug|Any CPU
		{7386E4DC-1D2F-4983-89D5-5A85E229FC00}.Debug|Any CPU.Build.0 = Debug|Any CPU
		{7386E4DC-1D2F-4983-89D5-5A85E229FC00}.PRD|Any CPU.ActiveCfg = Release|Any CPU
		{7386E4DC-1D2F-4983-89D5-5A85E229FC00}.PRD|Any CPU.Build.0 = Release|Any CPU
		{7386E4DC-1D2F-4983-89D5-5A85E229FC00}.PRE|Any CPU.ActiveCfg = Release|Any CPU
		{7386E4DC-1D2F-4983-89D5-5A85E229FC00}.PRE|Any CPU.Build.0 = Release|Any CPU
		{7386E4DC-1D2F-4983-89D5-5A85E229FC00}.Release|Any CPU.ActiveCfg = Release|Any CPU
		{7386E4DC-1D2F-4983-89D5-5A85E229FC00}.Release|Any CPU.Build.0 = Release|Any CPU
		{7386E4DC-1D2F-4983-89D5-5A85E229FC00}.SIT|Any CPU.ActiveCfg = Release|Any CPU
		{7386E4DC-1D2F-4983-89D5-5A85E229FC00}.SIT|Any CPU.Build.0 = Release|Any CPU
		{38B2B1FC-3974-417D-8E6F-638EDCE73839}.Debug|Any CPU.ActiveCfg = Debug|Any CPU
		{38B2B1FC-3974-417D-8E6F-638EDCE73839}.Debug|Any CPU.Build.0 = Debug|Any CPU
		{38B2B1FC-3974-417D-8E6F-638EDCE73839}.PRD|Any CPU.ActiveCfg = Release|Any CPU
		{38B2B1FC-3974-417D-8E6F-638EDCE73839}.PRD|Any CPU.Build.0 = Release|Any CPU
		{38B2B1FC-3974-417D-8E6F-638EDCE73839}.PRE|Any CPU.ActiveCfg = Release|Any CPU
		{38B2B1FC-3974-417D-8E6F-638EDCE73839}.PRE|Any CPU.Build.0 = Release|Any CPU
		{38B2B1FC-3974-417D-8E6F-638EDCE73839}.Release|Any CPU.ActiveCfg = Release|Any CPU
		{38B2B1FC-3974-417D-8E6F-638EDCE73839}.Release|Any CPU.Build.0 = Release|Any CPU
		{38B2B1FC-3974-417D-8E6F-638EDCE73839}.SIT|Any CPU.ActiveCfg = Release|Any CPU
		{38B2B1FC-3974-417D-8E6F-638EDCE73839}.SIT|Any CPU.Build.0 = Release|Any CPU
		{A8522E15-4111-44DF-BB6B-EBF2B210E9F8}.Debug|Any CPU.ActiveCfg = Debug|Any CPU
		{A8522E15-4111-44DF-BB6B-EBF2B210E9F8}.Debug|Any CPU.Build.0 = Debug|Any CPU
		{A8522E15-4111-44DF-BB6B-EBF2B210E9F8}.PRD|Any CPU.ActiveCfg = Release|Any CPU
		{A8522E15-4111-44DF-BB6B-EBF2B210E9F8}.PRD|Any CPU.Build.0 = Release|Any CPU
		{A8522E15-4111-44DF-BB6B-EBF2B210E9F8}.PRE|Any CPU.ActiveCfg = Release|Any CPU
		{A8522E15-4111-44DF-BB6B-EBF2B210E9F8}.PRE|Any CPU.Build.0 = Release|Any CPU
		{A8522E15-4111-44DF-BB6B-EBF2B210E9F8}.Release|Any CPU.ActiveCfg = Release|Any CPU
		{A8522E15-4111-44DF-BB6B-EBF2B210E9F8}.Release|Any CPU.Build.0 = Release|Any CPU
		{A8522E15-4111-44DF-BB6B-EBF2B210E9F8}.SIT|Any CPU.ActiveCfg = Release|Any CPU
		{A8522E15-4111-44DF-BB6B-EBF2B210E9F8}.SIT|Any CPU.Build.0 = Release|Any CPU
		{A208CF18-F54E-42B5-A861-7246595EECA1}.Debug|Any CPU.ActiveCfg = Debug|Any CPU
		{A208CF18-F54E-42B5-A861-7246595EECA1}.Debug|Any CPU.Build.0 = Debug|Any CPU
		{A208CF18-F54E-42B5-A861-7246595EECA1}.PRD|Any CPU.ActiveCfg = Release|Any CPU
		{A208CF18-F54E-42B5-A861-7246595EECA1}.PRD|Any CPU.Build.0 = Release|Any CPU
		{A208CF18-F54E-42B5-A861-7246595EECA1}.PRE|Any CPU.ActiveCfg = Release|Any CPU
		{A208CF18-F54E-42B5-A861-7246595EECA1}.PRE|Any CPU.Build.0 = Release|Any CPU
		{A208CF18-F54E-42B5-A861-7246595EECA1}.Release|Any CPU.ActiveCfg = Release|Any CPU
		{A208CF18-F54E-42B5-A861-7246595EECA1}.Release|Any CPU.Build.0 = Release|Any CPU
		{A208CF18-F54E-42B5-A861-7246595EECA1}.SIT|Any CPU.ActiveCfg = Release|Any CPU
		{A208CF18-F54E-42B5-A861-7246595EECA1}.SIT|Any CPU.Build.0 = Release|Any CPU
		{54C5A2F0-4320-4D93-97C6-AE7AD69507B7}.Debug|Any CPU.ActiveCfg = Debug|Any CPU
		{54C5A2F0-4320-4D93-97C6-AE7AD69507B7}.Debug|Any CPU.Build.0 = Debug|Any CPU
		{54C5A2F0-4320-4D93-97C6-AE7AD69507B7}.PRD|Any CPU.ActiveCfg = Release|Any CPU
		{54C5A2F0-4320-4D93-97C6-AE7AD69507B7}.PRD|Any CPU.Build.0 = Release|Any CPU
		{54C5A2F0-4320-4D93-97C6-AE7AD69507B7}.PRE|Any CPU.ActiveCfg = Release|Any CPU
		{54C5A2F0-4320-4D93-97C6-AE7AD69507B7}.PRE|Any CPU.Build.0 = Release|Any CPU
		{54C5A2F0-4320-4D93-97C6-AE7AD69507B7}.Release|Any CPU.ActiveCfg = Release|Any CPU
		{54C5A2F0-4320-4D93-97C6-AE7AD69507B7}.Release|Any CPU.Build.0 = Release|Any CPU
		{54C5A2F0-4320-4D93-97C6-AE7AD69507B7}.SIT|Any CPU.ActiveCfg = Release|Any CPU
		{54C5A2F0-4320-4D93-97C6-AE7AD69507B7}.SIT|Any CPU.Build.0 = Release|Any CPU
		{B9198F6C-A02C-4220-AEBB-D0BC49CA7ACD}.Debug|Any CPU.ActiveCfg = Debug|Any CPU
		{B9198F6C-A02C-4220-AEBB-D0BC49CA7ACD}.Debug|Any CPU.Build.0 = Debug|Any CPU
		{B9198F6C-A02C-4220-AEBB-D0BC49CA7ACD}.PRD|Any CPU.ActiveCfg = Release|Any CPU
		{B9198F6C-A02C-4220-AEBB-D0BC49CA7ACD}.PRD|Any CPU.Build.0 = Release|Any CPU
		{B9198F6C-A02C-4220-AEBB-D0BC49CA7ACD}.PRE|Any CPU.ActiveCfg = Release|Any CPU
		{B9198F6C-A02C-4220-AEBB-D0BC49CA7ACD}.PRE|Any CPU.Build.0 = Release|Any CPU
		{B9198F6C-A02C-4220-AEBB-D0BC49CA7ACD}.Release|Any CPU.ActiveCfg = Release|Any CPU
		{B9198F6C-A02C-4220-AEBB-D0BC49CA7ACD}.Release|Any CPU.Build.0 = Release|Any CPU
		{B9198F6C-A02C-4220-AEBB-D0BC49CA7ACD}.SIT|Any CPU.ActiveCfg = Release|Any CPU
		{B9198F6C-A02C-4220-AEBB-D0BC49CA7ACD}.SIT|Any CPU.Build.0 = Release|Any CPU
		{701E03AC-429E-43D5-9392-A3A6B1B46C8E}.Debug|Any CPU.ActiveCfg = Debug|Any CPU
		{701E03AC-429E-43D5-9392-A3A6B1B46C8E}.Debug|Any CPU.Build.0 = Debug|Any CPU
		{701E03AC-429E-43D5-9392-A3A6B1B46C8E}.PRD|Any CPU.ActiveCfg = Release|Any CPU
		{701E03AC-429E-43D5-9392-A3A6B1B46C8E}.PRD|Any CPU.Build.0 = Release|Any CPU
		{701E03AC-429E-43D5-9392-A3A6B1B46C8E}.PRE|Any CPU.ActiveCfg = Release|Any CPU
		{701E03AC-429E-43D5-9392-A3A6B1B46C8E}.PRE|Any CPU.Build.0 = Release|Any CPU
		{701E03AC-429E-43D5-9392-A3A6B1B46C8E}.Release|Any CPU.ActiveCfg = Release|Any CPU
		{701E03AC-429E-43D5-9392-A3A6B1B46C8E}.Release|Any CPU.Build.0 = Release|Any CPU
		{701E03AC-429E-43D5-9392-A3A6B1B46C8E}.SIT|Any CPU.ActiveCfg = Release|Any CPU
		{701E03AC-429E-43D5-9392-A3A6B1B46C8E}.SIT|Any CPU.Build.0 = Release|Any CPU
		{40ADA995-ECB1-4893-9BB8-CD4EE9468AF2}.Debug|Any CPU.ActiveCfg = Debug|Any CPU
		{40ADA995-ECB1-4893-9BB8-CD4EE9468AF2}.Debug|Any CPU.Build.0 = Debug|Any CPU
		{40ADA995-ECB1-4893-9BB8-CD4EE9468AF2}.PRD|Any CPU.ActiveCfg = Release|Any CPU
		{40ADA995-ECB1-4893-9BB8-CD4EE9468AF2}.PRD|Any CPU.Build.0 = Release|Any CPU
		{40ADA995-ECB1-4893-9BB8-CD4EE9468AF2}.PRE|Any CPU.ActiveCfg = Release|Any CPU
		{40ADA995-ECB1-4893-9BB8-CD4EE9468AF2}.PRE|Any CPU.Build.0 = Release|Any CPU
		{40ADA995-ECB1-4893-9BB8-CD4EE9468AF2}.Release|Any CPU.ActiveCfg = Release|Any CPU
		{40ADA995-ECB1-4893-9BB8-CD4EE9468AF2}.Release|Any CPU.Build.0 = Release|Any CPU
		{40ADA995-ECB1-4893-9BB8-CD4EE9468AF2}.SIT|Any CPU.ActiveCfg = Release|Any CPU
		{40ADA995-ECB1-4893-9BB8-CD4EE9468AF2}.SIT|Any CPU.Build.0 = Release|Any CPU
		{186ACF82-F74F-4921-BB03-EADC46354714}.Debug|Any CPU.ActiveCfg = Debug|Any CPU
		{186ACF82-F74F-4921-BB03-EADC46354714}.Debug|Any CPU.Build.0 = Debug|Any CPU
		{186ACF82-F74F-4921-BB03-EADC46354714}.PRD|Any CPU.ActiveCfg = Release|Any CPU
		{186ACF82-F74F-4921-BB03-EADC46354714}.PRD|Any CPU.Build.0 = Release|Any CPU
		{186ACF82-F74F-4921-BB03-EADC46354714}.PRE|Any CPU.ActiveCfg = Release|Any CPU
		{186ACF82-F74F-4921-BB03-EADC46354714}.PRE|Any CPU.Build.0 = Release|Any CPU
		{186ACF82-F74F-4921-BB03-EADC46354714}.Release|Any CPU.ActiveCfg = Release|Any CPU
		{186ACF82-F74F-4921-BB03-EADC46354714}.Release|Any CPU.Build.0 = Release|Any CPU
		{186ACF82-F74F-4921-BB03-EADC46354714}.SIT|Any CPU.ActiveCfg = Release|Any CPU
		{186ACF82-F74F-4921-BB03-EADC46354714}.SIT|Any CPU.Build.0 = Release|Any CPU
		{0ACB97E3-E573-453C-B47A-0079CBA08F00}.Debug|Any CPU.ActiveCfg = Debug|Any CPU
		{0ACB97E3-E573-453C-B47A-0079CBA08F00}.Debug|Any CPU.Build.0 = Debug|Any CPU
		{0ACB97E3-E573-453C-B47A-0079CBA08F00}.PRD|Any CPU.ActiveCfg = Release|Any CPU
		{0ACB97E3-E573-453C-B47A-0079CBA08F00}.PRD|Any CPU.Build.0 = Release|Any CPU
		{0ACB97E3-E573-453C-B47A-0079CBA08F00}.PRE|Any CPU.ActiveCfg = Release|Any CPU
		{0ACB97E3-E573-453C-B47A-0079CBA08F00}.PRE|Any CPU.Build.0 = Release|Any CPU
		{0ACB97E3-E573-453C-B47A-0079CBA08F00}.Release|Any CPU.ActiveCfg = Release|Any CPU
		{0ACB97E3-E573-453C-B47A-0079CBA08F00}.Release|Any CPU.Build.0 = Release|Any CPU
		{0ACB97E3-E573-453C-B47A-0079CBA08F00}.SIT|Any CPU.ActiveCfg = Release|Any CPU
		{0ACB97E3-E573-453C-B47A-0079CBA08F00}.SIT|Any CPU.Build.0 = Release|Any CPU
		{A91E7DD2-30B8-4385-884B-64656F7E56D3}.Debug|Any CPU.ActiveCfg = Debug|Any CPU
		{A91E7DD2-30B8-4385-884B-64656F7E56D3}.Debug|Any CPU.Build.0 = Debug|Any CPU
		{A91E7DD2-30B8-4385-884B-64656F7E56D3}.PRD|Any CPU.ActiveCfg = Release|Any CPU
		{A91E7DD2-30B8-4385-884B-64656F7E56D3}.PRD|Any CPU.Build.0 = Release|Any CPU
		{A91E7DD2-30B8-4385-884B-64656F7E56D3}.PRE|Any CPU.ActiveCfg = Release|Any CPU
		{A91E7DD2-30B8-4385-884B-64656F7E56D3}.PRE|Any CPU.Build.0 = Release|Any CPU
		{A91E7DD2-30B8-4385-884B-64656F7E56D3}.Release|Any CPU.ActiveCfg = Release|Any CPU
		{A91E7DD2-30B8-4385-884B-64656F7E56D3}.Release|Any CPU.Build.0 = Release|Any CPU
		{A91E7DD2-30B8-4385-884B-64656F7E56D3}.SIT|Any CPU.ActiveCfg = Release|Any CPU
		{A91E7DD2-30B8-4385-884B-64656F7E56D3}.SIT|Any CPU.Build.0 = Release|Any CPU
		{B5421ED6-845F-4E3C-A172-7BB655E36904}.Debug|Any CPU.ActiveCfg = Debug|Any CPU
		{B5421ED6-845F-4E3C-A172-7BB655E36904}.Debug|Any CPU.Build.0 = Debug|Any CPU
		{B5421ED6-845F-4E3C-A172-7BB655E36904}.PRD|Any CPU.ActiveCfg = Release|Any CPU
		{B5421ED6-845F-4E3C-A172-7BB655E36904}.PRE|Any CPU.ActiveCfg = Release|Any CPU
		{B5421ED6-845F-4E3C-A172-7BB655E36904}.Release|Any CPU.ActiveCfg = Release|Any CPU
		{B5421ED6-845F-4E3C-A172-7BB655E36904}.Release|Any CPU.Build.0 = Release|Any CPU
		{B5421ED6-845F-4E3C-A172-7BB655E36904}.SIT|Any CPU.ActiveCfg = Release|Any CPU
	EndGlobalSection
	GlobalSection(SolutionProperties) = preSolution
		HideSolutionNode = FALSE
	EndGlobalSection
	GlobalSection(NestedProjects) = preSolution
		{94CD0EB3-0792-40F5-BF3D-5A2B232FF61A} = {FE20981F-5F14-4A5E-BAAB-E709B67E0D70}
		{6B184DBF-E524-47C9-8B35-C8C9140B5EC1} = {1096B4E7-A203-434E-AF2F-725D8249A925}
		{8C57A373-307D-4D75-84FE-E198BAE7C22D} = {1096B4E7-A203-434E-AF2F-725D8249A925}
		{F5CBBD1B-2DD3-4480-9D9F-4E65A79C9113} = {1096B4E7-A203-434E-AF2F-725D8249A925}
		{DFEBCE29-B03D-44E0-946E-A26D3B36AB51} = {1096B4E7-A203-434E-AF2F-725D8249A925}
		{7386E4DC-1D2F-4983-89D5-5A85E229FC00} = {1096B4E7-A203-434E-AF2F-725D8249A925}
		{38B2B1FC-3974-417D-8E6F-638EDCE73839} = {FE20981F-5F14-4A5E-BAAB-E709B67E0D70}
		{A8522E15-4111-44DF-BB6B-EBF2B210E9F8} = {1096B4E7-A203-434E-AF2F-725D8249A925}
		{A208CF18-F54E-42B5-A861-7246595EECA1} = {1096B4E7-A203-434E-AF2F-725D8249A925}
		{54C5A2F0-4320-4D93-97C6-AE7AD69507B7} = {1096B4E7-A203-434E-AF2F-725D8249A925}
		{B9198F6C-A02C-4220-AEBB-D0BC49CA7ACD} = {1096B4E7-A203-434E-AF2F-725D8249A925}
		{701E03AC-429E-43D5-9392-A3A6B1B46C8E} = {FE20981F-5F14-4A5E-BAAB-E709B67E0D70}
		{40ADA995-ECB1-4893-9BB8-CD4EE9468AF2} = {FE20981F-5F14-4A5E-BAAB-E709B67E0D70}
		{186ACF82-F74F-4921-BB03-EADC46354714} = {FE20981F-5F14-4A5E-BAAB-E709B67E0D70}
		{0ACB97E3-E573-453C-B47A-0079CBA08F00} = {FE20981F-5F14-4A5E-BAAB-E709B67E0D70}
		{A91E7DD2-30B8-4385-884B-64656F7E56D3} = {FE20981F-5F14-4A5E-BAAB-E709B67E0D70}
		{1096B4E7-A203-434E-AF2F-725D8249A925} = {2C818377-69AC-4F2E-BD9E-B253E8E40D37}
		{3B7F0836-7F08-4FB4-9454-E1DA1AD52632} = {2C818377-69AC-4F2E-BD9E-B253E8E40D37}
		{B5421ED6-845F-4E3C-A172-7BB655E36904} = {3B7F0836-7F08-4FB4-9454-E1DA1AD52632}
	EndGlobalSection
	GlobalSection(ExtensibilityGlobals) = postSolution
		SolutionGuid = {B05C7628-CF51-4101-AA13-F8CD1550C59A}
	EndGlobalSection
EndGlobal
