
Microsoft Visual Studio Solution File, Format Version 12.00
# Visual Studio Version 16
VisualStudioVersion = 16.0.29609.76
MinimumVisualStudioVersion = 10.0.40219.1
Project("{9A19103F-16F7-4668-BE54-9A1E7A4F7556}") = "WebApplication1", "WebApplication1\WebApplication1.csproj", "{94CD0EB3-0792-40F5-BF3D-5A2B232FF61A}"
EndProject
Project("{2150E333-8FDC-42A3-9474-1A3956D46DE8}") = "Orleans", "Orleans", "{96656A54-90DF-427A-ACD3-0EE4DE779000}"
EndProject
Project("{9A19103F-16F7-4668-BE54-9A1E7A4F7556}") = "Orleans.Client", "Orleans.Client\Orleans.Client.csproj", "{F9CBE1F9-A243-4987-86A3-3326CAE6D905}"
EndProject
Project("{9A19103F-16F7-4668-BE54-9A1E7A4F7556}") = "Orleans.Implements", "Orleans.Implements\Orleans.Implements.csproj", "{BD93D201-723A-4C5F-B4D6-CFBD4873AF8A}"
EndProject
Project("{9A19103F-16F7-4668-BE54-9A1E7A4F7556}") = "Orleans.Interfaces", "Orleans.Interfaces\Orleans.Interfaces.csproj", "{D815146B-D8DA-4C51-9831-5718FD93BC00}"
EndProject
Project("{9A19103F-16F7-4668-BE54-9A1E7A4F7556}") = "Orleans.Server", "Orleans.Server\Orleans.Server.csproj", "{21F2F8A3-1A8A-48C5-9A0A-FE67EA4956B9}"
EndProject
Project("{9A19103F-16F7-4668-BE54-9A1E7A4F7556}") = "Orleans.WebAPI.Client", "Orleans.WebAPI.Client\Orleans.WebAPI.Client.csproj", "{11DA9277-2542-4F34-8D97-1D63ED7C9064}"
EndProject
Project("{9A19103F-16F7-4668-BE54-9A1E7A4F7556}") = "Orleans.WebAPI.Server", "Orleans.WebAPI.Server\Orleans.WebAPI.Server.csproj", "{7F200537-BA3D-4A3E-BBE6-1ABD54285E1D}"
EndProject
Project("{9A19103F-16F7-4668-BE54-9A1E7A4F7556}") = "Orleans.Business", "Orleans.Business\Orleans.Business.csproj", "{2CB18491-C495-4CFF-9932-7B60852418FD}"
EndProject
Project("{9A19103F-16F7-4668-BE54-9A1E7A4F7556}") = "Orleans.Model", "Orleans.Model\Orleans.Model.csproj", "{6EE5C4D1-1B3C-4967-883F-1EE0B64ECEEF}"
EndProject
Project("{2150E333-8FDC-42A3-9474-1A3956D46DE8}") = "Abp", "Abp", "{2C818377-69AC-4F2E-BD9E-B253E8E40D37}"
EndProject
Project("{9A19103F-16F7-4668-BE54-9A1E7A4F7556}") = "Lee.Abp.EntityFrameworkCore", "Lee.Abp.EntityFrameworkCore\Lee.Abp.EntityFrameworkCore.csproj", "{6B184DBF-E524-47C9-8B35-C8C9140B5EC1}"
EndProject
Project("{9A19103F-16F7-4668-BE54-9A1E7A4F7556}") = "Lee.Abp.Core", "Lee.Abp.Core\Lee.Abp.Core.csproj", "{8C57A373-307D-4D75-84FE-E198BAE7C22D}"
EndProject
Project("{9A19103F-16F7-4668-BE54-9A1E7A4F7556}") = "lee.Abp.Application", "lee.Abp.Application\lee.Abp.Application.csproj", "{F5CBBD1B-2DD3-4480-9D9F-4E65A79C9113}"
EndProject
Project("{9A19103F-16F7-4668-BE54-9A1E7A4F7556}") = "Lee.Abp.Web", "Lee.Abp.Web\Lee.Abp.Web.csproj", "{DFEBCE29-B03D-44E0-946E-A26D3B36AB51}"
EndProject
Project("{9A19103F-16F7-4668-BE54-9A1E7A4F7556}") = "Lee.Abp.Common", "Lee.Abp.Common\Lee.Abp.Common.csproj", "{7386E4DC-1D2F-4983-89D5-5A85E229FC00}"
EndProject
Project("{9A19103F-16F7-4668-BE54-9A1E7A4F7556}") = "Core.Integrated", "Core.Integrated\Core.Integrated.csproj", "{38B2B1FC-3974-417D-8E6F-638EDCE73839}"
EndProject
Project("{9A19103F-16F7-4668-BE54-9A1E7A4F7556}") = "Lee.Abp.Quartz.BackgroundJobs", "Lee.Abp.Quartz.BackgroundJobs\Lee.Abp.Quartz.BackgroundJobs.csproj", "{A8522E15-4111-44DF-BB6B-EBF2B210E9F8}"
EndProject
Project("{9A19103F-16F7-4668-BE54-9A1E7A4F7556}") = "Lee.Abp.Hangfire.BackgroundJobs", "Lee.Abp.Hangfire.BackgroundJobs\Lee.Abp.Hangfire.BackgroundJobs.csproj", "{A208CF18-F54E-42B5-A861-7246595EECA1}"
EndProject
Project("{9A19103F-16F7-4668-BE54-9A1E7A4F7556}") = "Lee.Abp.Web.Test", "Lee.Abp.Web.Test\Lee.Abp.Web.Test.csproj", "{54C5A2F0-4320-4D93-97C6-AE7AD69507B7}"
EndProject
Project("{9A19103F-16F7-4668-BE54-9A1E7A4F7556}") = "Lee.Abp.Web.Common", "Lee.Abp.Web.Common\Lee.Abp.Web.Common.csproj", "{B9198F6C-A02C-4220-AEBB-D0BC49CA7ACD}"
EndProject
Project("{9A19103F-16F7-4668-BE54-9A1E7A4F7556}") = "Core.Dao", "Core.Dao\Core.Dao.csproj", "{701E03AC-429E-43D5-9392-A3A6B1B46C8E}"
EndProject
Project("{9A19103F-16F7-4668-BE54-9A1E7A4F7556}") = "Core.Entity", "Core.Entity\Core.Entity.csproj", "{40ADA995-ECB1-4893-9BB8-CD4EE9468AF2}"
EndProject
Project("{2150E333-8FDC-42A3-9474-1A3956D46DE8}") = "Core", "Core", "{FE20981F-5F14-4A5E-BAAB-E709B67E0D70}"
EndProject
Project("{9A19103F-16F7-4668-BE54-9A1E7A4F7556}") = "Core.Service", "Core.Service\Core.Service.csproj", "{186ACF82-F74F-4921-BB03-EADC46354714}"
EndProject
Project("{9A19103F-16F7-4668-BE54-9A1E7A4F7556}") = "Core.Dto", "Core.Dto\Core.Dto.csproj", "{0ACB97E3-E573-453C-B47A-0079CBA08F00}"
EndProject
Project("{9A19103F-16F7-4668-BE54-9A1E7A4F7556}") = "Core.Extentions", "Core.Extentions\Core.Extentions.csproj", "{A91E7DD2-30B8-4385-884B-64656F7E56D3}"
EndProject
Project("{2150E333-8FDC-42A3-9474-1A3956D46DE8}") = "NetCore", "NetCore", "{1096B4E7-A203-434E-AF2F-725D8249A925}"
EndProject
Project("{2150E333-8FDC-42A3-9474-1A3956D46DE8}") = "Net", "Net", "{3B7F0836-7F08-4FB4-9454-E1DA1AD52632}"
EndProject
Project("{FAE04EC0-301F-11D3-BF4B-00C04F79EFBC}") = "AbpSignalrApi", "AbpSignalrApi\AbpSignalrApi.csproj", "{B5421ED6-845F-4E3C-A172-7BB655E36904}"
EndProject
Project("{2150E333-8FDC-42A3-9474-1A3956D46DE8}") = "EF", "EF", "{15151EB6-ED8C-46B2-88CD-16AE0C6FF11A}"
EndProject
Project("{2150E333-8FDC-42A3-9474-1A3956D46DE8}") = "PostgreSQL", "PostgreSQL", "{E87406DD-0CA9-4882-9BAF-31102EEF6E4B}"
EndProject
Project("{2150E333-8FDC-42A3-9474-1A3956D46DE8}") = "MySQL", "MySQL", "{F2D446C5-E66B-495D-A5AE-FA2AF330A0E5}"
EndProject
Project("{FAE04EC0-301F-11D3-BF4B-00C04F79EFBC}") = "Lee.PostgreSQL.EntityFramework", "Lee.PostgreSQL.EntityFramework\Lee.PostgreSQL.EntityFramework.csproj", "{2B958D0A-DA5F-4EDE-B8EB-F6480E3096B9}"
EndProject
Project("{FAE04EC0-301F-11D3-BF4B-00C04F79EFBC}") = "Lee.PostgreSQL.Entities", "Lee.PostgreSQL.Entities\Lee.PostgreSQL.Entities.csproj", "{78E59665-9671-42F6-9391-76D11ECB6F14}"
EndProject
Project("{FAE04EC0-301F-11D3-BF4B-00C04F79EFBC}") = "Lee.PostgreSQL.Demo", "Lee.PostgreSQL.Demo\Lee.PostgreSQL.Demo.csproj", "{DC837EA0-55E7-4109-8F22-1C38C559966F}"
EndProject
Project("{FAE04EC0-301F-11D3-BF4B-00C04F79EFBC}") = "Lee.Entities", "Lee.Entities\Lee.Entities.csproj", "{0F91C2C1-C7D3-48C8-BC3F-C15802D3006C}"
EndProject
Project("{FAE04EC0-301F-11D3-BF4B-00C04F79EFBC}") = "Lee.Demo", "Lee.Demo\Lee.Demo.csproj", "{916BAA28-354F-47A5-B2A6-A960D47A32FA}"
EndProject
Project("{FAE04EC0-301F-11D3-BF4B-00C04F79EFBC}") = "Lee.Entities.Common", "Lee.Entities.Common\Lee.Entities.Common.csproj", "{C46C25EF-A40C-4DF8-814F-567F6FE74F82}"
EndProject
Project("{9A19103F-16F7-4668-BE54-9A1E7A4F7556}") = "Lee.Entities.Core", "Lee.Entities.Core\Lee.Entities.Core.csproj", "{922B1183-53B0-45C7-91CA-BCEC00F1ECDA}"
EndProject
Project("{FAE04EC0-301F-11D3-BF4B-00C04F79EFBC}") = "Lee.EntityFramework", "Lee.EntityFramework\Lee.EntityFramework.csproj", "{798BC5E5-F031-43E0-9070-8B7F63F830C8}"
EndProject
Project("{9A19103F-16F7-4668-BE54-9A1E7A4F7556}") = "Lee.EntityFramework.Core", "Lee.EntityFramework.Core\Lee.EntityFramework.Core.csproj", "{41B230EC-9722-41CB-8894-AEC2AD655FB9}"
EndProject
Project("{FAE04EC0-301F-11D3-BF4B-00C04F79EFBC}") = "ConsoleApp", "ConsoleApp\ConsoleApp.csproj", "{F70F20B8-A7EA-4337-A5FB-08BD4B9448C2}"
EndProject
Project("{9A19103F-16F7-4668-BE54-9A1E7A4F7556}") = "CoreApp", "CoreApp\CoreApp.csproj", "{9E1E5541-FBAA-4ADC-8806-20C85026A1B7}"
EndProject
Project("{9A19103F-16F7-4668-BE54-9A1E7A4F7556}") = "CoreWebApp", "CoreWebApp\CoreWebApp.csproj", "{8EE6632A-D415-491B-836A-084B820649B2}"
EndProject
Project("{FAE04EC0-301F-11D3-BF4B-00C04F79EFBC}") = "ElasticsearchDemo", "ElasticsearchDemo\ElasticsearchDemo.csproj", "{4D5F0031-E0D9-4765-983E-F81BDAEA4D9D}"
EndProject
Project("{FAE04EC0-301F-11D3-BF4B-00C04F79EFBC}") = "ElasticsearchDemo.UnitTest", "ElasticsearchDemo.UnitTest\ElasticsearchDemo.UnitTest.csproj", "{E5F15F45-2C55-4260-A15B-AB2C2C4C3635}"
EndProject
Project("{2150E333-8FDC-42A3-9474-1A3956D46DE8}") = "Confusion", "Confusion", "{B8B083AD-EAFD-478B-BFA6-46C8F6EFD49A}"
EndProject
Project("{FAE04EC0-301F-11D3-BF4B-00C04F79EFBC}") = "Confusion.Demo", "Confusion.Demo\Confusion.Demo.csproj", "{A4AC6523-D534-4097-8BCC-13F0DA5FB97B}"
EndProject
Project("{FAE04EC0-301F-11D3-BF4B-00C04F79EFBC}") = "Confusion.Lib", "Confusion.Lib\Confusion.Lib.csproj", "{6AC6F284-5747-42B3-A3DE-F776B878D22C}"
EndProject
Project("{9A19103F-16F7-4668-BE54-9A1E7A4F7556}") = "ZookeeperDemo", "ZookeeperDemo\ZookeeperDemo.csproj", "{D92B594F-E044-4B75-95AC-7AF53E2EA18A}"
EndProject
Project("{9A19103F-16F7-4668-BE54-9A1E7A4F7556}") = "RedisCoreDemo", "RedisCoreDemo\RedisCoreDemo.csproj", "{720A5B76-904D-4B6A-BFAF-A44F59A262E0}"
EndProject
Project("{9A19103F-16F7-4668-BE54-9A1E7A4F7556}") = "ConsulCoreDemo", "ConsulCoreDemo\ConsulCoreDemo.csproj", "{57FD3950-4FA7-4285-BEEE-7B5B41D397F4}"
EndProject
Project("{9A19103F-16F7-4668-BE54-9A1E7A4F7556}") = "AppMetricsCoreDemo", "AppMetricsCoreDemo\AppMetricsCoreDemo.csproj", "{9224CD0D-7264-43EF-A5BE-86FBFBB6B138}"
EndProject
Project("{9A19103F-16F7-4668-BE54-9A1E7A4F7556}") = "AlgorithmCoreDemo", "AlgorithmCoreDemo\AlgorithmCoreDemo.csproj", "{331BD5E8-26C3-4B02-B5EF-971C58230F91}"
EndProject
Project("{9A19103F-16F7-4668-BE54-9A1E7A4F7556}") = "AlgorithmCoreDemo.XUnitTest", "AlgorithmCoreDemo.XUnitTest\AlgorithmCoreDemo.XUnitTest.csproj", "{237A4EFC-FBD3-490F-9460-0200291226B1}"
EndProject
Project("{2150E333-8FDC-42A3-9474-1A3956D46DE8}") = "Monitor", "Monitor", "{4F39610F-36BD-4B76-8EE9-F8B5FD122E15}"
EndProject
Project("{2150E333-8FDC-42A3-9474-1A3956D46DE8}") = "Algorithm", "Algorithm", "{BE259B22-51C1-4ECF-8514-6FE3B3C7D7D6}"
EndProject
Project("{2150E333-8FDC-42A3-9474-1A3956D46DE8}") = "ELK", "ELK", "{245E911E-E8CA-4EC4-B37C-E4C071665F14}"
EndProject
Project("{2150E333-8FDC-42A3-9474-1A3956D46DE8}") = "DesignPatterns", "DesignPatterns", "{C3564482-DD76-4F4D-B794-2528BE5C37DD}"
EndProject
Project("{2150E333-8FDC-42A3-9474-1A3956D46DE8}") = "Akka", "Akka", "{6A628958-53EB-4FD8-9877-AC06868A0A2C}"
EndProject
Project("{FAE04EC0-301F-11D3-BF4B-00C04F79EFBC}") = "AkkaDemo", "AkkaDemo\AkkaDemo.csproj", "{67A5D159-4E9D-4130-A3E3-6269144AAADE}"
EndProject
Project("{FAE04EC0-301F-11D3-BF4B-00C04F79EFBC}") = "AkkaWebApiDemo", "AkkaWebApiDemo\AkkaWebApiDemo.csproj", "{716A9A3E-37AB-4FE4-8B85-45F327873E0A}"
EndProject
Project("{2150E333-8FDC-42A3-9474-1A3956D46DE8}") = "Kafka", "Kafka", "{9CA471BA-B31B-44DF-BA26-76EBC76FB627}"
EndProject
Project("{FAE04EC0-301F-11D3-BF4B-00C04F79EFBC}") = "KafkaDemo", "KafkaDemo\KafkaDemo.csproj", "{8746B209-98A6-4B11-BA46-F75CB1785F41}"
EndProject
Project("{2150E333-8FDC-42A3-9474-1A3956D46DE8}") = "MQ", "MQ", "{5D839D7E-1859-4D75-B83E-3C16D638C3B9}"
EndProject
Project("{2150E333-8FDC-42A3-9474-1A3956D46DE8}") = "RabbiteMQ", "RabbiteMQ", "{858370A4-EA77-4CCA-8A30-4DFFCA9EED08}"
EndProject
Project("{FAE04EC0-301F-11D3-BF4B-00C04F79EFBC}") = "RabbiteMQReceiver", "RabbiteMQReceiver\RabbiteMQReceiver.csproj", "{E8033AA7-BE9B-4B1B-98A7-EEC34E496659}"
EndProject
Project("{FAE04EC0-301F-11D3-BF4B-00C04F79EFBC}") = "RabbiteMQSender", "RabbiteMQSender\RabbiteMQSender.csproj", "{D86F97A5-360C-4057-8B56-2CC02E556FA1}"
EndProject
Project("{2150E333-8FDC-42A3-9474-1A3956D46DE8}") = "ZeroMQ", "ZeroMQ", "{E7C129CE-CB18-4847-BAAB-E1C7DEA97237}"
EndProject
Project("{FAE04EC0-301F-11D3-BF4B-00C04F79EFBC}") = "ZeroMQDemo", "ZeroMQDemo\ZeroMQDemo.csproj", "{86629BB7-0915-4D1E-A32C-88105218CC21}"
EndProject
Project("{2150E333-8FDC-42A3-9474-1A3956D46DE8}") = "AOP", "AOP", "{D3CA74B0-762A-4218-A885-84AEA346F7B9}"
EndProject
Project("{FAE04EC0-301F-11D3-BF4B-00C04F79EFBC}") = "PostSharpDemo", "PostSharpDemo\PostSharpDemo.csproj", "{1A36BFC4-62EF-44E4-8228-73972C743B2C}"
EndProject
Project("{2150E333-8FDC-42A3-9474-1A3956D46DE8}") = "WCF", "WCF", "{ABE5F722-5C1E-4D9A-8CFC-30EB8C993CE9}"
EndProject
Project("{FAE04EC0-301F-11D3-BF4B-00C04F79EFBC}") = "ConsoleHostWCF", "ConsoleHostWCF\ConsoleHostWCF.csproj", "{0732209B-FBF6-4A15-9FC5-9AE08FF11B3B}"
EndProject
Project("{FAE04EC0-301F-11D3-BF4B-00C04F79EFBC}") = "Event.PalyWithAkka.Client", "Event.PalyWithAkka.Client\Event.PalyWithAkka.Client.csproj", "{D526FE7A-A3CC-49E3-9372-7E372878B5DF}"
EndProject
Project("{FAE04EC0-301F-11D3-BF4B-00C04F79EFBC}") = "Event.PlayWithAkka.Common", "Event.PlayWithAkka.Common\Event.PlayWithAkka.Common.csproj", "{ABDF812D-91F7-48E2-8ADA-4F8E0F73F283}"
EndProject
Project("{FAE04EC0-301F-11D3-BF4B-00C04F79EFBC}") = "Event.PlayWithAkka.Server", "Event.PlayWithAkka.Server\Event.PlayWithAkka.Server.csproj", "{C77A5F1F-85C1-4172-81E2-ECE131D38600}"
EndProject
Project("{FAE04EC0-301F-11D3-BF4B-00C04F79EFBC}") = "RedisDemo", "RedisDemo\RedisDemo.csproj", "{FC447E7B-AE9B-4227-9C72-BF5E6078DAE8}"
EndProject
Project("{2150E333-8FDC-42A3-9474-1A3956D46DE8}") = "Serialization", "Serialization", "{F3D54766-02BB-4DA3-B910-5F3CB34ACF39}"
EndProject
Project("{FAE04EC0-301F-11D3-BF4B-00C04F79EFBC}") = "ProtobufDemo", "ProtobufDemo\ProtobufDemo.csproj", "{F9156B0B-3CC4-43AC-9754-EF6EF24B1844}"
EndProject
Project("{2150E333-8FDC-42A3-9474-1A3956D46DE8}") = "NHibernate", "NHibernate", "{80EF6798-A36B-4388-A7FA-73D44BE242A5}"
EndProject
Project("{FAE04EC0-301F-11D3-BF4B-00C04F79EFBC}") = "NHibernateDemo", "NHibernateDemo\NHibernateDemo.csproj", "{A16112AC-0761-4222-825A-B1F95C446B9B}"
EndProject
Project("{9A19103F-16F7-4668-BE54-9A1E7A4F7556}") = "CoreConsole", "CoreConsole\CoreConsole.csproj", "{A5FAF844-2305-4A36-B318-5B75D144B285}"
EndProject
Project("{2150E333-8FDC-42A3-9474-1A3956D46DE8}") = "RPC", "RPC", "{4CC44C11-E2BF-41B7-8A19-7DFE37B832FF}"
EndProject
Project("{2150E333-8FDC-42A3-9474-1A3956D46DE8}") = "ORM", "ORM", "{625D3D05-DF35-48F2-BD44-96441D51DD71}"
EndProject
Project("{2150E333-8FDC-42A3-9474-1A3956D46DE8}") = "Cache", "Cache", "{413B4B32-ED09-4809-8F2B-032D9E6EE5FA}"
EndProject
Project("{2150E333-8FDC-42A3-9474-1A3956D46DE8}") = "Distributed", "Distributed", "{648112BC-B52B-4BB8-A9B1-315EA31EF935}"
EndProject
Project("{2150E333-8FDC-42A3-9474-1A3956D46DE8}") = "Lock", "Lock", "{7AD68364-CBF0-4B67-B29C-05FCF07B1EFB}"
EndProject
Project("{2150E333-8FDC-42A3-9474-1A3956D46DE8}") = "Zero", "Zero", "{5A1122A4-50EA-486F-B80B-D643281F281E}"
EndProject
Project("{2150E333-8FDC-42A3-9474-1A3956D46DE8}") = "IdentityServer4", "IdentityServer4", "{6B281178-BABD-4D19-8422-D83E110F7B85}"
EndProject
Project("{9A19103F-16F7-4668-BE54-9A1E7A4F7556}") = "IdentityServer4Demo", "IdentityServer4Demo\IdentityServer4Demo.csproj", "{E4DD520E-3EAE-4F30-8C0A-BACDCACE6ACC}"
EndProject
Project("{9A19103F-16F7-4668-BE54-9A1E7A4F7556}") = "IdentityServer4API", "IdentityServer4API\IdentityServer4API.csproj", "{67716C54-A3D4-48C7-891C-47FA6B48ADDA}"
EndProject
Project("{2150E333-8FDC-42A3-9474-1A3956D46DE8}") = "InMemory", "InMemory", "{1F929905-AF00-4422-93A9-BDA0E2230626}"
EndProject
Project("{2150E333-8FDC-42A3-9474-1A3956D46DE8}") = "EFCore", "EFCore", "{D1E610FF-6D79-49DA-83C1-5EB1E8E6C3E6}"
EndProject
Project("{9A19103F-16F7-4668-BE54-9A1E7A4F7556}") = "IdentityServer4.EFCore.Server", "IdentityServer4.EFCore.Server\IdentityServer4.EFCore.Server.csproj", "{A9072267-440C-4673-8539-324252F5CF3E}"
EndProject
Project("{9A19103F-16F7-4668-BE54-9A1E7A4F7556}") = "Lee.Abp.Utils", "Lee.Abp.Utils\Lee.Abp.Utils.csproj", "{2FC3A093-9E9E-474B-A8E4-1844A2B70122}"
EndProject
Project("{9A19103F-16F7-4668-BE54-9A1E7A4F7556}") = "Lee.Abp.Core.Common", "Lee.Abp.Core.Common\Lee.Abp.Core.Common.csproj", "{D4025DCF-93F0-42FB-8199-20B322C15DA2}"
EndProject
Project("{9A19103F-16F7-4668-BE54-9A1E7A4F7556}") = "Lee.EF.Common", "Lee.EF.Common\Lee.EF.Common.csproj", "{5AB7A8A2-4C8B-462C-999F-6024710FE1D4}"
EndProject
Project("{9A19103F-16F7-4668-BE54-9A1E7A4F7556}") = "SkywalkingDemo", "SkywalkingDemo\SkywalkingDemo.csproj", "{7D795932-E8BC-493F-BE04-2490C2C2A98B}"
EndProject
Global
	GlobalSection(SolutionConfigurationPlatforms) = preSolution
		Debug|Any CPU = Debug|Any CPU
		PRD|Any CPU = PRD|Any CPU
		PRE|Any CPU = PRE|Any CPU
		Release|Any CPU = Release|Any CPU
		SIT|Any CPU = SIT|Any CPU
	EndGlobalSection
	GlobalSection(ProjectConfigurationPlatforms) = postSolution
		{94CD0EB3-0792-40F5-BF3D-5A2B232FF61A}.Debug|Any CPU.ActiveCfg = Debug|Any CPU
		{94CD0EB3-0792-40F5-BF3D-5A2B232FF61A}.Debug|Any CPU.Build.0 = Debug|Any CPU
		{94CD0EB3-0792-40F5-BF3D-5A2B232FF61A}.PRD|Any CPU.ActiveCfg = Release|Any CPU
		{94CD0EB3-0792-40F5-BF3D-5A2B232FF61A}.PRD|Any CPU.Build.0 = Release|Any CPU
		{94CD0EB3-0792-40F5-BF3D-5A2B232FF61A}.PRE|Any CPU.ActiveCfg = Release|Any CPU
		{94CD0EB3-0792-40F5-BF3D-5A2B232FF61A}.PRE|Any CPU.Build.0 = Release|Any CPU
		{94CD0EB3-0792-40F5-BF3D-5A2B232FF61A}.Release|Any CPU.ActiveCfg = Release|Any CPU
		{94CD0EB3-0792-40F5-BF3D-5A2B232FF61A}.Release|Any CPU.Build.0 = Release|Any CPU
		{94CD0EB3-0792-40F5-BF3D-5A2B232FF61A}.SIT|Any CPU.ActiveCfg = Release|Any CPU
		{94CD0EB3-0792-40F5-BF3D-5A2B232FF61A}.SIT|Any CPU.Build.0 = Release|Any CPU
		{F9CBE1F9-A243-4987-86A3-3326CAE6D905}.Debug|Any CPU.ActiveCfg = Debug|Any CPU
		{F9CBE1F9-A243-4987-86A3-3326CAE6D905}.Debug|Any CPU.Build.0 = Debug|Any CPU
		{F9CBE1F9-A243-4987-86A3-3326CAE6D905}.PRD|Any CPU.ActiveCfg = Release|Any CPU
		{F9CBE1F9-A243-4987-86A3-3326CAE6D905}.PRD|Any CPU.Build.0 = Release|Any CPU
		{F9CBE1F9-A243-4987-86A3-3326CAE6D905}.PRE|Any CPU.ActiveCfg = Release|Any CPU
		{F9CBE1F9-A243-4987-86A3-3326CAE6D905}.PRE|Any CPU.Build.0 = Release|Any CPU
		{F9CBE1F9-A243-4987-86A3-3326CAE6D905}.Release|Any CPU.ActiveCfg = Release|Any CPU
		{F9CBE1F9-A243-4987-86A3-3326CAE6D905}.Release|Any CPU.Build.0 = Release|Any CPU
		{F9CBE1F9-A243-4987-86A3-3326CAE6D905}.SIT|Any CPU.ActiveCfg = Release|Any CPU
		{F9CBE1F9-A243-4987-86A3-3326CAE6D905}.SIT|Any CPU.Build.0 = Release|Any CPU
		{BD93D201-723A-4C5F-B4D6-CFBD4873AF8A}.Debug|Any CPU.ActiveCfg = Debug|Any CPU
		{BD93D201-723A-4C5F-B4D6-CFBD4873AF8A}.Debug|Any CPU.Build.0 = Debug|Any CPU
		{BD93D201-723A-4C5F-B4D6-CFBD4873AF8A}.PRD|Any CPU.ActiveCfg = Release|Any CPU
		{BD93D201-723A-4C5F-B4D6-CFBD4873AF8A}.PRD|Any CPU.Build.0 = Release|Any CPU
		{BD93D201-723A-4C5F-B4D6-CFBD4873AF8A}.PRE|Any CPU.ActiveCfg = Release|Any CPU
		{BD93D201-723A-4C5F-B4D6-CFBD4873AF8A}.PRE|Any CPU.Build.0 = Release|Any CPU
		{BD93D201-723A-4C5F-B4D6-CFBD4873AF8A}.Release|Any CPU.ActiveCfg = Release|Any CPU
		{BD93D201-723A-4C5F-B4D6-CFBD4873AF8A}.Release|Any CPU.Build.0 = Release|Any CPU
		{BD93D201-723A-4C5F-B4D6-CFBD4873AF8A}.SIT|Any CPU.ActiveCfg = Release|Any CPU
		{BD93D201-723A-4C5F-B4D6-CFBD4873AF8A}.SIT|Any CPU.Build.0 = Release|Any CPU
		{D815146B-D8DA-4C51-9831-5718FD93BC00}.Debug|Any CPU.ActiveCfg = Debug|Any CPU
		{D815146B-D8DA-4C51-9831-5718FD93BC00}.Debug|Any CPU.Build.0 = Debug|Any CPU
		{D815146B-D8DA-4C51-9831-5718FD93BC00}.PRD|Any CPU.ActiveCfg = Release|Any CPU
		{D815146B-D8DA-4C51-9831-5718FD93BC00}.PRD|Any CPU.Build.0 = Release|Any CPU
		{D815146B-D8DA-4C51-9831-5718FD93BC00}.PRE|Any CPU.ActiveCfg = Release|Any CPU
		{D815146B-D8DA-4C51-9831-5718FD93BC00}.PRE|Any CPU.Build.0 = Release|Any CPU
		{D815146B-D8DA-4C51-9831-5718FD93BC00}.Release|Any CPU.ActiveCfg = Release|Any CPU
		{D815146B-D8DA-4C51-9831-5718FD93BC00}.Release|Any CPU.Build.0 = Release|Any CPU
		{D815146B-D8DA-4C51-9831-5718FD93BC00}.SIT|Any CPU.ActiveCfg = Release|Any CPU
		{D815146B-D8DA-4C51-9831-5718FD93BC00}.SIT|Any CPU.Build.0 = Release|Any CPU
		{21F2F8A3-1A8A-48C5-9A0A-FE67EA4956B9}.Debug|Any CPU.ActiveCfg = Debug|Any CPU
		{21F2F8A3-1A8A-48C5-9A0A-FE67EA4956B9}.Debug|Any CPU.Build.0 = Debug|Any CPU
		{21F2F8A3-1A8A-48C5-9A0A-FE67EA4956B9}.PRD|Any CPU.ActiveCfg = Release|Any CPU
		{21F2F8A3-1A8A-48C5-9A0A-FE67EA4956B9}.PRD|Any CPU.Build.0 = Release|Any CPU
		{21F2F8A3-1A8A-48C5-9A0A-FE67EA4956B9}.PRE|Any CPU.ActiveCfg = Release|Any CPU
		{21F2F8A3-1A8A-48C5-9A0A-FE67EA4956B9}.PRE|Any CPU.Build.0 = Release|Any CPU
		{21F2F8A3-1A8A-48C5-9A0A-FE67EA4956B9}.Release|Any CPU.ActiveCfg = Release|Any CPU
		{21F2F8A3-1A8A-48C5-9A0A-FE67EA4956B9}.Release|Any CPU.Build.0 = Release|Any CPU
		{21F2F8A3-1A8A-48C5-9A0A-FE67EA4956B9}.SIT|Any CPU.ActiveCfg = Release|Any CPU
		{21F2F8A3-1A8A-48C5-9A0A-FE67EA4956B9}.SIT|Any CPU.Build.0 = Release|Any CPU
		{11DA9277-2542-4F34-8D97-1D63ED7C9064}.Debug|Any CPU.ActiveCfg = Debug|Any CPU
		{11DA9277-2542-4F34-8D97-1D63ED7C9064}.Debug|Any CPU.Build.0 = Debug|Any CPU
		{11DA9277-2542-4F34-8D97-1D63ED7C9064}.PRD|Any CPU.ActiveCfg = Release|Any CPU
		{11DA9277-2542-4F34-8D97-1D63ED7C9064}.PRD|Any CPU.Build.0 = Release|Any CPU
		{11DA9277-2542-4F34-8D97-1D63ED7C9064}.PRE|Any CPU.ActiveCfg = Release|Any CPU
		{11DA9277-2542-4F34-8D97-1D63ED7C9064}.PRE|Any CPU.Build.0 = Release|Any CPU
		{11DA9277-2542-4F34-8D97-1D63ED7C9064}.Release|Any CPU.ActiveCfg = Release|Any CPU
		{11DA9277-2542-4F34-8D97-1D63ED7C9064}.Release|Any CPU.Build.0 = Release|Any CPU
		{11DA9277-2542-4F34-8D97-1D63ED7C9064}.SIT|Any CPU.ActiveCfg = Release|Any CPU
		{11DA9277-2542-4F34-8D97-1D63ED7C9064}.SIT|Any CPU.Build.0 = Release|Any CPU
		{7F200537-BA3D-4A3E-BBE6-1ABD54285E1D}.Debug|Any CPU.ActiveCfg = Debug|Any CPU
		{7F200537-BA3D-4A3E-BBE6-1ABD54285E1D}.Debug|Any CPU.Build.0 = Debug|Any CPU
		{7F200537-BA3D-4A3E-BBE6-1ABD54285E1D}.PRD|Any CPU.ActiveCfg = Release|Any CPU
		{7F200537-BA3D-4A3E-BBE6-1ABD54285E1D}.PRD|Any CPU.Build.0 = Release|Any CPU
		{7F200537-BA3D-4A3E-BBE6-1ABD54285E1D}.PRE|Any CPU.ActiveCfg = Release|Any CPU
		{7F200537-BA3D-4A3E-BBE6-1ABD54285E1D}.PRE|Any CPU.Build.0 = Release|Any CPU
		{7F200537-BA3D-4A3E-BBE6-1ABD54285E1D}.Release|Any CPU.ActiveCfg = Release|Any CPU
		{7F200537-BA3D-4A3E-BBE6-1ABD54285E1D}.Release|Any CPU.Build.0 = Release|Any CPU
		{7F200537-BA3D-4A3E-BBE6-1ABD54285E1D}.SIT|Any CPU.ActiveCfg = Release|Any CPU
		{7F200537-BA3D-4A3E-BBE6-1ABD54285E1D}.SIT|Any CPU.Build.0 = Release|Any CPU
		{2CB18491-C495-4CFF-9932-7B60852418FD}.Debug|Any CPU.ActiveCfg = Debug|Any CPU
		{2CB18491-C495-4CFF-9932-7B60852418FD}.Debug|Any CPU.Build.0 = Debug|Any CPU
		{2CB18491-C495-4CFF-9932-7B60852418FD}.PRD|Any CPU.ActiveCfg = Release|Any CPU
		{2CB18491-C495-4CFF-9932-7B60852418FD}.PRD|Any CPU.Build.0 = Release|Any CPU
		{2CB18491-C495-4CFF-9932-7B60852418FD}.PRE|Any CPU.ActiveCfg = Release|Any CPU
		{2CB18491-C495-4CFF-9932-7B60852418FD}.PRE|Any CPU.Build.0 = Release|Any CPU
		{2CB18491-C495-4CFF-9932-7B60852418FD}.Release|Any CPU.ActiveCfg = Release|Any CPU
		{2CB18491-C495-4CFF-9932-7B60852418FD}.Release|Any CPU.Build.0 = Release|Any CPU
		{2CB18491-C495-4CFF-9932-7B60852418FD}.SIT|Any CPU.ActiveCfg = Release|Any CPU
		{2CB18491-C495-4CFF-9932-7B60852418FD}.SIT|Any CPU.Build.0 = Release|Any CPU
		{6EE5C4D1-1B3C-4967-883F-1EE0B64ECEEF}.Debug|Any CPU.ActiveCfg = Debug|Any CPU
		{6EE5C4D1-1B3C-4967-883F-1EE0B64ECEEF}.Debug|Any CPU.Build.0 = Debug|Any CPU
		{6EE5C4D1-1B3C-4967-883F-1EE0B64ECEEF}.PRD|Any CPU.ActiveCfg = Release|Any CPU
		{6EE5C4D1-1B3C-4967-883F-1EE0B64ECEEF}.PRD|Any CPU.Build.0 = Release|Any CPU
		{6EE5C4D1-1B3C-4967-883F-1EE0B64ECEEF}.PRE|Any CPU.ActiveCfg = Release|Any CPU
		{6EE5C4D1-1B3C-4967-883F-1EE0B64ECEEF}.PRE|Any CPU.Build.0 = Release|Any CPU
		{6EE5C4D1-1B3C-4967-883F-1EE0B64ECEEF}.Release|Any CPU.ActiveCfg = Release|Any CPU
		{6EE5C4D1-1B3C-4967-883F-1EE0B64ECEEF}.Release|Any CPU.Build.0 = Release|Any CPU
		{6EE5C4D1-1B3C-4967-883F-1EE0B64ECEEF}.SIT|Any CPU.ActiveCfg = Release|Any CPU
		{6EE5C4D1-1B3C-4967-883F-1EE0B64ECEEF}.SIT|Any CPU.Build.0 = Release|Any CPU
		{6B184DBF-E524-47C9-8B35-C8C9140B5EC1}.Debug|Any CPU.ActiveCfg = Debug|Any CPU
		{6B184DBF-E524-47C9-8B35-C8C9140B5EC1}.Debug|Any CPU.Build.0 = Debug|Any CPU
		{6B184DBF-E524-47C9-8B35-C8C9140B5EC1}.PRD|Any CPU.ActiveCfg = Release|Any CPU
		{6B184DBF-E524-47C9-8B35-C8C9140B5EC1}.PRD|Any CPU.Build.0 = Release|Any CPU
		{6B184DBF-E524-47C9-8B35-C8C9140B5EC1}.PRE|Any CPU.ActiveCfg = Release|Any CPU
		{6B184DBF-E524-47C9-8B35-C8C9140B5EC1}.PRE|Any CPU.Build.0 = Release|Any CPU
		{6B184DBF-E524-47C9-8B35-C8C9140B5EC1}.Release|Any CPU.ActiveCfg = Release|Any CPU
		{6B184DBF-E524-47C9-8B35-C8C9140B5EC1}.Release|Any CPU.Build.0 = Release|Any CPU
		{6B184DBF-E524-47C9-8B35-C8C9140B5EC1}.SIT|Any CPU.ActiveCfg = Release|Any CPU
		{6B184DBF-E524-47C9-8B35-C8C9140B5EC1}.SIT|Any CPU.Build.0 = Release|Any CPU
		{8C57A373-307D-4D75-84FE-E198BAE7C22D}.Debug|Any CPU.ActiveCfg = Debug|Any CPU
		{8C57A373-307D-4D75-84FE-E198BAE7C22D}.Debug|Any CPU.Build.0 = Debug|Any CPU
		{8C57A373-307D-4D75-84FE-E198BAE7C22D}.PRD|Any CPU.ActiveCfg = Release|Any CPU
		{8C57A373-307D-4D75-84FE-E198BAE7C22D}.PRD|Any CPU.Build.0 = Release|Any CPU
		{8C57A373-307D-4D75-84FE-E198BAE7C22D}.PRE|Any CPU.ActiveCfg = Release|Any CPU
		{8C57A373-307D-4D75-84FE-E198BAE7C22D}.PRE|Any CPU.Build.0 = Release|Any CPU
		{8C57A373-307D-4D75-84FE-E198BAE7C22D}.Release|Any CPU.ActiveCfg = Release|Any CPU
		{8C57A373-307D-4D75-84FE-E198BAE7C22D}.Release|Any CPU.Build.0 = Release|Any CPU
		{8C57A373-307D-4D75-84FE-E198BAE7C22D}.SIT|Any CPU.ActiveCfg = Release|Any CPU
		{8C57A373-307D-4D75-84FE-E198BAE7C22D}.SIT|Any CPU.Build.0 = Release|Any CPU
		{F5CBBD1B-2DD3-4480-9D9F-4E65A79C9113}.Debug|Any CPU.ActiveCfg = Debug|Any CPU
		{F5CBBD1B-2DD3-4480-9D9F-4E65A79C9113}.Debug|Any CPU.Build.0 = Debug|Any CPU
		{F5CBBD1B-2DD3-4480-9D9F-4E65A79C9113}.PRD|Any CPU.ActiveCfg = Release|Any CPU
		{F5CBBD1B-2DD3-4480-9D9F-4E65A79C9113}.PRD|Any CPU.Build.0 = Release|Any CPU
		{F5CBBD1B-2DD3-4480-9D9F-4E65A79C9113}.PRE|Any CPU.ActiveCfg = Release|Any CPU
		{F5CBBD1B-2DD3-4480-9D9F-4E65A79C9113}.PRE|Any CPU.Build.0 = Release|Any CPU
		{F5CBBD1B-2DD3-4480-9D9F-4E65A79C9113}.Release|Any CPU.ActiveCfg = Release|Any CPU
		{F5CBBD1B-2DD3-4480-9D9F-4E65A79C9113}.Release|Any CPU.Build.0 = Release|Any CPU
		{F5CBBD1B-2DD3-4480-9D9F-4E65A79C9113}.SIT|Any CPU.ActiveCfg = Release|Any CPU
		{F5CBBD1B-2DD3-4480-9D9F-4E65A79C9113}.SIT|Any CPU.Build.0 = Release|Any CPU
		{DFEBCE29-B03D-44E0-946E-A26D3B36AB51}.Debug|Any CPU.ActiveCfg = Debug|Any CPU
		{DFEBCE29-B03D-44E0-946E-A26D3B36AB51}.Debug|Any CPU.Build.0 = Debug|Any CPU
		{DFEBCE29-B03D-44E0-946E-A26D3B36AB51}.PRD|Any CPU.ActiveCfg = Release|Any CPU
		{DFEBCE29-B03D-44E0-946E-A26D3B36AB51}.PRD|Any CPU.Build.0 = Release|Any CPU
		{DFEBCE29-B03D-44E0-946E-A26D3B36AB51}.PRE|Any CPU.ActiveCfg = Release|Any CPU
		{DFEBCE29-B03D-44E0-946E-A26D3B36AB51}.PRE|Any CPU.Build.0 = Release|Any CPU
		{DFEBCE29-B03D-44E0-946E-A26D3B36AB51}.Release|Any CPU.ActiveCfg = Release|Any CPU
		{DFEBCE29-B03D-44E0-946E-A26D3B36AB51}.Release|Any CPU.Build.0 = Release|Any CPU
		{DFEBCE29-B03D-44E0-946E-A26D3B36AB51}.SIT|Any CPU.ActiveCfg = Release|Any CPU
		{DFEBCE29-B03D-44E0-946E-A26D3B36AB51}.SIT|Any CPU.Build.0 = Release|Any CPU
		{7386E4DC-1D2F-4983-89D5-5A85E229FC00}.Debug|Any CPU.ActiveCfg = Debug|Any CPU
		{7386E4DC-1D2F-4983-89D5-5A85E229FC00}.Debug|Any CPU.Build.0 = Debug|Any CPU
		{7386E4DC-1D2F-4983-89D5-5A85E229FC00}.PRD|Any CPU.ActiveCfg = Release|Any CPU
		{7386E4DC-1D2F-4983-89D5-5A85E229FC00}.PRD|Any CPU.Build.0 = Release|Any CPU
		{7386E4DC-1D2F-4983-89D5-5A85E229FC00}.PRE|Any CPU.ActiveCfg = Release|Any CPU
		{7386E4DC-1D2F-4983-89D5-5A85E229FC00}.PRE|Any CPU.Build.0 = Release|Any CPU
		{7386E4DC-1D2F-4983-89D5-5A85E229FC00}.Release|Any CPU.ActiveCfg = Release|Any CPU
		{7386E4DC-1D2F-4983-89D5-5A85E229FC00}.Release|Any CPU.Build.0 = Release|Any CPU
		{7386E4DC-1D2F-4983-89D5-5A85E229FC00}.SIT|Any CPU.ActiveCfg = Release|Any CPU
		{7386E4DC-1D2F-4983-89D5-5A85E229FC00}.SIT|Any CPU.Build.0 = Release|Any CPU
		{38B2B1FC-3974-417D-8E6F-638EDCE73839}.Debug|Any CPU.ActiveCfg = Debug|Any CPU
		{38B2B1FC-3974-417D-8E6F-638EDCE73839}.Debug|Any CPU.Build.0 = Debug|Any CPU
		{38B2B1FC-3974-417D-8E6F-638EDCE73839}.PRD|Any CPU.ActiveCfg = Release|Any CPU
		{38B2B1FC-3974-417D-8E6F-638EDCE73839}.PRD|Any CPU.Build.0 = Release|Any CPU
		{38B2B1FC-3974-417D-8E6F-638EDCE73839}.PRE|Any CPU.ActiveCfg = Release|Any CPU
		{38B2B1FC-3974-417D-8E6F-638EDCE73839}.PRE|Any CPU.Build.0 = Release|Any CPU
		{38B2B1FC-3974-417D-8E6F-638EDCE73839}.Release|Any CPU.ActiveCfg = Release|Any CPU
		{38B2B1FC-3974-417D-8E6F-638EDCE73839}.Release|Any CPU.Build.0 = Release|Any CPU
		{38B2B1FC-3974-417D-8E6F-638EDCE73839}.SIT|Any CPU.ActiveCfg = Release|Any CPU
		{38B2B1FC-3974-417D-8E6F-638EDCE73839}.SIT|Any CPU.Build.0 = Release|Any CPU
		{A8522E15-4111-44DF-BB6B-EBF2B210E9F8}.Debug|Any CPU.ActiveCfg = Debug|Any CPU
		{A8522E15-4111-44DF-BB6B-EBF2B210E9F8}.Debug|Any CPU.Build.0 = Debug|Any CPU
		{A8522E15-4111-44DF-BB6B-EBF2B210E9F8}.PRD|Any CPU.ActiveCfg = Release|Any CPU
		{A8522E15-4111-44DF-BB6B-EBF2B210E9F8}.PRD|Any CPU.Build.0 = Release|Any CPU
		{A8522E15-4111-44DF-BB6B-EBF2B210E9F8}.PRE|Any CPU.ActiveCfg = Release|Any CPU
		{A8522E15-4111-44DF-BB6B-EBF2B210E9F8}.PRE|Any CPU.Build.0 = Release|Any CPU
		{A8522E15-4111-44DF-BB6B-EBF2B210E9F8}.Release|Any CPU.ActiveCfg = Release|Any CPU
		{A8522E15-4111-44DF-BB6B-EBF2B210E9F8}.Release|Any CPU.Build.0 = Release|Any CPU
		{A8522E15-4111-44DF-BB6B-EBF2B210E9F8}.SIT|Any CPU.ActiveCfg = Release|Any CPU
		{A8522E15-4111-44DF-BB6B-EBF2B210E9F8}.SIT|Any CPU.Build.0 = Release|Any CPU
		{A208CF18-F54E-42B5-A861-7246595EECA1}.Debug|Any CPU.ActiveCfg = Debug|Any CPU
		{A208CF18-F54E-42B5-A861-7246595EECA1}.Debug|Any CPU.Build.0 = Debug|Any CPU
		{A208CF18-F54E-42B5-A861-7246595EECA1}.PRD|Any CPU.ActiveCfg = Release|Any CPU
		{A208CF18-F54E-42B5-A861-7246595EECA1}.PRD|Any CPU.Build.0 = Release|Any CPU
		{A208CF18-F54E-42B5-A861-7246595EECA1}.PRE|Any CPU.ActiveCfg = Release|Any CPU
		{A208CF18-F54E-42B5-A861-7246595EECA1}.PRE|Any CPU.Build.0 = Release|Any CPU
		{A208CF18-F54E-42B5-A861-7246595EECA1}.Release|Any CPU.ActiveCfg = Release|Any CPU
		{A208CF18-F54E-42B5-A861-7246595EECA1}.Release|Any CPU.Build.0 = Release|Any CPU
		{A208CF18-F54E-42B5-A861-7246595EECA1}.SIT|Any CPU.ActiveCfg = Release|Any CPU
		{A208CF18-F54E-42B5-A861-7246595EECA1}.SIT|Any CPU.Build.0 = Release|Any CPU
		{54C5A2F0-4320-4D93-97C6-AE7AD69507B7}.Debug|Any CPU.ActiveCfg = Debug|Any CPU
		{54C5A2F0-4320-4D93-97C6-AE7AD69507B7}.Debug|Any CPU.Build.0 = Debug|Any CPU
		{54C5A2F0-4320-4D93-97C6-AE7AD69507B7}.PRD|Any CPU.ActiveCfg = Release|Any CPU
		{54C5A2F0-4320-4D93-97C6-AE7AD69507B7}.PRD|Any CPU.Build.0 = Release|Any CPU
		{54C5A2F0-4320-4D93-97C6-AE7AD69507B7}.PRE|Any CPU.ActiveCfg = Release|Any CPU
		{54C5A2F0-4320-4D93-97C6-AE7AD69507B7}.PRE|Any CPU.Build.0 = Release|Any CPU
		{54C5A2F0-4320-4D93-97C6-AE7AD69507B7}.Release|Any CPU.ActiveCfg = Release|Any CPU
		{54C5A2F0-4320-4D93-97C6-AE7AD69507B7}.Release|Any CPU.Build.0 = Release|Any CPU
		{54C5A2F0-4320-4D93-97C6-AE7AD69507B7}.SIT|Any CPU.ActiveCfg = Release|Any CPU
		{54C5A2F0-4320-4D93-97C6-AE7AD69507B7}.SIT|Any CPU.Build.0 = Release|Any CPU
		{B9198F6C-A02C-4220-AEBB-D0BC49CA7ACD}.Debug|Any CPU.ActiveCfg = Debug|Any CPU
		{B9198F6C-A02C-4220-AEBB-D0BC49CA7ACD}.Debug|Any CPU.Build.0 = Debug|Any CPU
		{B9198F6C-A02C-4220-AEBB-D0BC49CA7ACD}.PRD|Any CPU.ActiveCfg = Release|Any CPU
		{B9198F6C-A02C-4220-AEBB-D0BC49CA7ACD}.PRD|Any CPU.Build.0 = Release|Any CPU
		{B9198F6C-A02C-4220-AEBB-D0BC49CA7ACD}.PRE|Any CPU.ActiveCfg = Release|Any CPU
		{B9198F6C-A02C-4220-AEBB-D0BC49CA7ACD}.PRE|Any CPU.Build.0 = Release|Any CPU
		{B9198F6C-A02C-4220-AEBB-D0BC49CA7ACD}.Release|Any CPU.ActiveCfg = Release|Any CPU
		{B9198F6C-A02C-4220-AEBB-D0BC49CA7ACD}.Release|Any CPU.Build.0 = Release|Any CPU
		{B9198F6C-A02C-4220-AEBB-D0BC49CA7ACD}.SIT|Any CPU.ActiveCfg = Release|Any CPU
		{B9198F6C-A02C-4220-AEBB-D0BC49CA7ACD}.SIT|Any CPU.Build.0 = Release|Any CPU
		{701E03AC-429E-43D5-9392-A3A6B1B46C8E}.Debug|Any CPU.ActiveCfg = Debug|Any CPU
		{701E03AC-429E-43D5-9392-A3A6B1B46C8E}.Debug|Any CPU.Build.0 = Debug|Any CPU
		{701E03AC-429E-43D5-9392-A3A6B1B46C8E}.PRD|Any CPU.ActiveCfg = Release|Any CPU
		{701E03AC-429E-43D5-9392-A3A6B1B46C8E}.PRD|Any CPU.Build.0 = Release|Any CPU
		{701E03AC-429E-43D5-9392-A3A6B1B46C8E}.PRE|Any CPU.ActiveCfg = Release|Any CPU
		{701E03AC-429E-43D5-9392-A3A6B1B46C8E}.PRE|Any CPU.Build.0 = Release|Any CPU
		{701E03AC-429E-43D5-9392-A3A6B1B46C8E}.Release|Any CPU.ActiveCfg = Release|Any CPU
		{701E03AC-429E-43D5-9392-A3A6B1B46C8E}.Release|Any CPU.Build.0 = Release|Any CPU
		{701E03AC-429E-43D5-9392-A3A6B1B46C8E}.SIT|Any CPU.ActiveCfg = Release|Any CPU
		{701E03AC-429E-43D5-9392-A3A6B1B46C8E}.SIT|Any CPU.Build.0 = Release|Any CPU
		{40ADA995-ECB1-4893-9BB8-CD4EE9468AF2}.Debug|Any CPU.ActiveCfg = Debug|Any CPU
		{40ADA995-ECB1-4893-9BB8-CD4EE9468AF2}.Debug|Any CPU.Build.0 = Debug|Any CPU
		{40ADA995-ECB1-4893-9BB8-CD4EE9468AF2}.PRD|Any CPU.ActiveCfg = Release|Any CPU
		{40ADA995-ECB1-4893-9BB8-CD4EE9468AF2}.PRD|Any CPU.Build.0 = Release|Any CPU
		{40ADA995-ECB1-4893-9BB8-CD4EE9468AF2}.PRE|Any CPU.ActiveCfg = Release|Any CPU
		{40ADA995-ECB1-4893-9BB8-CD4EE9468AF2}.PRE|Any CPU.Build.0 = Release|Any CPU
		{40ADA995-ECB1-4893-9BB8-CD4EE9468AF2}.Release|Any CPU.ActiveCfg = Release|Any CPU
		{40ADA995-ECB1-4893-9BB8-CD4EE9468AF2}.Release|Any CPU.Build.0 = Release|Any CPU
		{40ADA995-ECB1-4893-9BB8-CD4EE9468AF2}.SIT|Any CPU.ActiveCfg = Release|Any CPU
		{40ADA995-ECB1-4893-9BB8-CD4EE9468AF2}.SIT|Any CPU.Build.0 = Release|Any CPU
		{186ACF82-F74F-4921-BB03-EADC46354714}.Debug|Any CPU.ActiveCfg = Debug|Any CPU
		{186ACF82-F74F-4921-BB03-EADC46354714}.Debug|Any CPU.Build.0 = Debug|Any CPU
		{186ACF82-F74F-4921-BB03-EADC46354714}.PRD|Any CPU.ActiveCfg = Release|Any CPU
		{186ACF82-F74F-4921-BB03-EADC46354714}.PRD|Any CPU.Build.0 = Release|Any CPU
		{186ACF82-F74F-4921-BB03-EADC46354714}.PRE|Any CPU.ActiveCfg = Release|Any CPU
		{186ACF82-F74F-4921-BB03-EADC46354714}.PRE|Any CPU.Build.0 = Release|Any CPU
		{186ACF82-F74F-4921-BB03-EADC46354714}.Release|Any CPU.ActiveCfg = Release|Any CPU
		{186ACF82-F74F-4921-BB03-EADC46354714}.Release|Any CPU.Build.0 = Release|Any CPU
		{186ACF82-F74F-4921-BB03-EADC46354714}.SIT|Any CPU.ActiveCfg = Release|Any CPU
		{186ACF82-F74F-4921-BB03-EADC46354714}.SIT|Any CPU.Build.0 = Release|Any CPU
		{0ACB97E3-E573-453C-B47A-0079CBA08F00}.Debug|Any CPU.ActiveCfg = Debug|Any CPU
		{0ACB97E3-E573-453C-B47A-0079CBA08F00}.Debug|Any CPU.Build.0 = Debug|Any CPU
		{0ACB97E3-E573-453C-B47A-0079CBA08F00}.PRD|Any CPU.ActiveCfg = Release|Any CPU
		{0ACB97E3-E573-453C-B47A-0079CBA08F00}.PRD|Any CPU.Build.0 = Release|Any CPU
		{0ACB97E3-E573-453C-B47A-0079CBA08F00}.PRE|Any CPU.ActiveCfg = Release|Any CPU
		{0ACB97E3-E573-453C-B47A-0079CBA08F00}.PRE|Any CPU.Build.0 = Release|Any CPU
		{0ACB97E3-E573-453C-B47A-0079CBA08F00}.Release|Any CPU.ActiveCfg = Release|Any CPU
		{0ACB97E3-E573-453C-B47A-0079CBA08F00}.Release|Any CPU.Build.0 = Release|Any CPU
		{0ACB97E3-E573-453C-B47A-0079CBA08F00}.SIT|Any CPU.ActiveCfg = Release|Any CPU
		{0ACB97E3-E573-453C-B47A-0079CBA08F00}.SIT|Any CPU.Build.0 = Release|Any CPU
		{A91E7DD2-30B8-4385-884B-64656F7E56D3}.Debug|Any CPU.ActiveCfg = Debug|Any CPU
		{A91E7DD2-30B8-4385-884B-64656F7E56D3}.Debug|Any CPU.Build.0 = Debug|Any CPU
		{A91E7DD2-30B8-4385-884B-64656F7E56D3}.PRD|Any CPU.ActiveCfg = Release|Any CPU
		{A91E7DD2-30B8-4385-884B-64656F7E56D3}.PRD|Any CPU.Build.0 = Release|Any CPU
		{A91E7DD2-30B8-4385-884B-64656F7E56D3}.PRE|Any CPU.ActiveCfg = Release|Any CPU
		{A91E7DD2-30B8-4385-884B-64656F7E56D3}.PRE|Any CPU.Build.0 = Release|Any CPU
		{A91E7DD2-30B8-4385-884B-64656F7E56D3}.Release|Any CPU.ActiveCfg = Release|Any CPU
		{A91E7DD2-30B8-4385-884B-64656F7E56D3}.Release|Any CPU.Build.0 = Release|Any CPU
		{A91E7DD2-30B8-4385-884B-64656F7E56D3}.SIT|Any CPU.ActiveCfg = Release|Any CPU
		{A91E7DD2-30B8-4385-884B-64656F7E56D3}.SIT|Any CPU.Build.0 = Release|Any CPU
		{B5421ED6-845F-4E3C-A172-7BB655E36904}.Debug|Any CPU.ActiveCfg = Debug|Any CPU
		{B5421ED6-845F-4E3C-A172-7BB655E36904}.Debug|Any CPU.Build.0 = Debug|Any CPU
		{B5421ED6-845F-4E3C-A172-7BB655E36904}.PRD|Any CPU.ActiveCfg = Release|Any CPU
		{B5421ED6-845F-4E3C-A172-7BB655E36904}.PRE|Any CPU.ActiveCfg = Release|Any CPU
		{B5421ED6-845F-4E3C-A172-7BB655E36904}.Release|Any CPU.ActiveCfg = Release|Any CPU
		{B5421ED6-845F-4E3C-A172-7BB655E36904}.Release|Any CPU.Build.0 = Release|Any CPU
		{B5421ED6-845F-4E3C-A172-7BB655E36904}.SIT|Any CPU.ActiveCfg = Release|Any CPU
		{2B958D0A-DA5F-4EDE-B8EB-F6480E3096B9}.Debug|Any CPU.ActiveCfg = Debug|Any CPU
		{2B958D0A-DA5F-4EDE-B8EB-F6480E3096B9}.Debug|Any CPU.Build.0 = Debug|Any CPU
		{2B958D0A-DA5F-4EDE-B8EB-F6480E3096B9}.PRD|Any CPU.ActiveCfg = Release|Any CPU
		{2B958D0A-DA5F-4EDE-B8EB-F6480E3096B9}.PRD|Any CPU.Build.0 = Release|Any CPU
		{2B958D0A-DA5F-4EDE-B8EB-F6480E3096B9}.PRE|Any CPU.ActiveCfg = Release|Any CPU
		{2B958D0A-DA5F-4EDE-B8EB-F6480E3096B9}.PRE|Any CPU.Build.0 = Release|Any CPU
		{2B958D0A-DA5F-4EDE-B8EB-F6480E3096B9}.Release|Any CPU.ActiveCfg = Release|Any CPU
		{2B958D0A-DA5F-4EDE-B8EB-F6480E3096B9}.Release|Any CPU.Build.0 = Release|Any CPU
		{2B958D0A-DA5F-4EDE-B8EB-F6480E3096B9}.SIT|Any CPU.ActiveCfg = Release|Any CPU
		{2B958D0A-DA5F-4EDE-B8EB-F6480E3096B9}.SIT|Any CPU.Build.0 = Release|Any CPU
		{78E59665-9671-42F6-9391-76D11ECB6F14}.Debug|Any CPU.ActiveCfg = Debug|Any CPU
		{78E59665-9671-42F6-9391-76D11ECB6F14}.Debug|Any CPU.Build.0 = Debug|Any CPU
		{78E59665-9671-42F6-9391-76D11ECB6F14}.PRD|Any CPU.ActiveCfg = Release|Any CPU
		{78E59665-9671-42F6-9391-76D11ECB6F14}.PRD|Any CPU.Build.0 = Release|Any CPU
		{78E59665-9671-42F6-9391-76D11ECB6F14}.PRE|Any CPU.ActiveCfg = Release|Any CPU
		{78E59665-9671-42F6-9391-76D11ECB6F14}.PRE|Any CPU.Build.0 = Release|Any CPU
		{78E59665-9671-42F6-9391-76D11ECB6F14}.Release|Any CPU.ActiveCfg = Release|Any CPU
		{78E59665-9671-42F6-9391-76D11ECB6F14}.Release|Any CPU.Build.0 = Release|Any CPU
		{78E59665-9671-42F6-9391-76D11ECB6F14}.SIT|Any CPU.ActiveCfg = Release|Any CPU
		{78E59665-9671-42F6-9391-76D11ECB6F14}.SIT|Any CPU.Build.0 = Release|Any CPU
		{DC837EA0-55E7-4109-8F22-1C38C559966F}.Debug|Any CPU.ActiveCfg = Debug|Any CPU
		{DC837EA0-55E7-4109-8F22-1C38C559966F}.Debug|Any CPU.Build.0 = Debug|Any CPU
		{DC837EA0-55E7-4109-8F22-1C38C559966F}.PRD|Any CPU.ActiveCfg = Release|Any CPU
		{DC837EA0-55E7-4109-8F22-1C38C559966F}.PRD|Any CPU.Build.0 = Release|Any CPU
		{DC837EA0-55E7-4109-8F22-1C38C559966F}.PRE|Any CPU.ActiveCfg = Release|Any CPU
		{DC837EA0-55E7-4109-8F22-1C38C559966F}.PRE|Any CPU.Build.0 = Release|Any CPU
		{DC837EA0-55E7-4109-8F22-1C38C559966F}.Release|Any CPU.ActiveCfg = Release|Any CPU
		{DC837EA0-55E7-4109-8F22-1C38C559966F}.Release|Any CPU.Build.0 = Release|Any CPU
		{DC837EA0-55E7-4109-8F22-1C38C559966F}.SIT|Any CPU.ActiveCfg = Release|Any CPU
		{DC837EA0-55E7-4109-8F22-1C38C559966F}.SIT|Any CPU.Build.0 = Release|Any CPU
		{0F91C2C1-C7D3-48C8-BC3F-C15802D3006C}.Debug|Any CPU.ActiveCfg = Debug|Any CPU
		{0F91C2C1-C7D3-48C8-BC3F-C15802D3006C}.Debug|Any CPU.Build.0 = Debug|Any CPU
		{0F91C2C1-C7D3-48C8-BC3F-C15802D3006C}.PRD|Any CPU.ActiveCfg = Release|Any CPU
		{0F91C2C1-C7D3-48C8-BC3F-C15802D3006C}.PRD|Any CPU.Build.0 = Release|Any CPU
		{0F91C2C1-C7D3-48C8-BC3F-C15802D3006C}.PRE|Any CPU.ActiveCfg = Release|Any CPU
		{0F91C2C1-C7D3-48C8-BC3F-C15802D3006C}.PRE|Any CPU.Build.0 = Release|Any CPU
		{0F91C2C1-C7D3-48C8-BC3F-C15802D3006C}.Release|Any CPU.ActiveCfg = Release|Any CPU
		{0F91C2C1-C7D3-48C8-BC3F-C15802D3006C}.Release|Any CPU.Build.0 = Release|Any CPU
		{0F91C2C1-C7D3-48C8-BC3F-C15802D3006C}.SIT|Any CPU.ActiveCfg = Release|Any CPU
		{0F91C2C1-C7D3-48C8-BC3F-C15802D3006C}.SIT|Any CPU.Build.0 = Release|Any CPU
		{916BAA28-354F-47A5-B2A6-A960D47A32FA}.Debug|Any CPU.ActiveCfg = Debug|Any CPU
		{916BAA28-354F-47A5-B2A6-A960D47A32FA}.Debug|Any CPU.Build.0 = Debug|Any CPU
		{916BAA28-354F-47A5-B2A6-A960D47A32FA}.PRD|Any CPU.ActiveCfg = Release|Any CPU
		{916BAA28-354F-47A5-B2A6-A960D47A32FA}.PRD|Any CPU.Build.0 = Release|Any CPU
		{916BAA28-354F-47A5-B2A6-A960D47A32FA}.PRE|Any CPU.ActiveCfg = Release|Any CPU
		{916BAA28-354F-47A5-B2A6-A960D47A32FA}.PRE|Any CPU.Build.0 = Release|Any CPU
		{916BAA28-354F-47A5-B2A6-A960D47A32FA}.Release|Any CPU.ActiveCfg = Release|Any CPU
		{916BAA28-354F-47A5-B2A6-A960D47A32FA}.Release|Any CPU.Build.0 = Release|Any CPU
		{916BAA28-354F-47A5-B2A6-A960D47A32FA}.SIT|Any CPU.ActiveCfg = Release|Any CPU
		{916BAA28-354F-47A5-B2A6-A960D47A32FA}.SIT|Any CPU.Build.0 = Release|Any CPU
		{C46C25EF-A40C-4DF8-814F-567F6FE74F82}.Debug|Any CPU.ActiveCfg = Debug|Any CPU
		{C46C25EF-A40C-4DF8-814F-567F6FE74F82}.Debug|Any CPU.Build.0 = Debug|Any CPU
		{C46C25EF-A40C-4DF8-814F-567F6FE74F82}.PRD|Any CPU.ActiveCfg = Release|Any CPU
		{C46C25EF-A40C-4DF8-814F-567F6FE74F82}.PRD|Any CPU.Build.0 = Release|Any CPU
		{C46C25EF-A40C-4DF8-814F-567F6FE74F82}.PRE|Any CPU.ActiveCfg = Release|Any CPU
		{C46C25EF-A40C-4DF8-814F-567F6FE74F82}.PRE|Any CPU.Build.0 = Release|Any CPU
		{C46C25EF-A40C-4DF8-814F-567F6FE74F82}.Release|Any CPU.ActiveCfg = Release|Any CPU
		{C46C25EF-A40C-4DF8-814F-567F6FE74F82}.Release|Any CPU.Build.0 = Release|Any CPU
		{C46C25EF-A40C-4DF8-814F-567F6FE74F82}.SIT|Any CPU.ActiveCfg = Release|Any CPU
		{C46C25EF-A40C-4DF8-814F-567F6FE74F82}.SIT|Any CPU.Build.0 = Release|Any CPU
		{922B1183-53B0-45C7-91CA-BCEC00F1ECDA}.Debug|Any CPU.ActiveCfg = Debug|Any CPU
		{922B1183-53B0-45C7-91CA-BCEC00F1ECDA}.Debug|Any CPU.Build.0 = Debug|Any CPU
		{922B1183-53B0-45C7-91CA-BCEC00F1ECDA}.PRD|Any CPU.ActiveCfg = Release|Any CPU
		{922B1183-53B0-45C7-91CA-BCEC00F1ECDA}.PRD|Any CPU.Build.0 = Release|Any CPU
		{922B1183-53B0-45C7-91CA-BCEC00F1ECDA}.PRE|Any CPU.ActiveCfg = Release|Any CPU
		{922B1183-53B0-45C7-91CA-BCEC00F1ECDA}.PRE|Any CPU.Build.0 = Release|Any CPU
		{922B1183-53B0-45C7-91CA-BCEC00F1ECDA}.Release|Any CPU.ActiveCfg = Release|Any CPU
		{922B1183-53B0-45C7-91CA-BCEC00F1ECDA}.Release|Any CPU.Build.0 = Release|Any CPU
		{922B1183-53B0-45C7-91CA-BCEC00F1ECDA}.SIT|Any CPU.ActiveCfg = Release|Any CPU
		{922B1183-53B0-45C7-91CA-BCEC00F1ECDA}.SIT|Any CPU.Build.0 = Release|Any CPU
		{798BC5E5-F031-43E0-9070-8B7F63F830C8}.Debug|Any CPU.ActiveCfg = Debug|Any CPU
		{798BC5E5-F031-43E0-9070-8B7F63F830C8}.Debug|Any CPU.Build.0 = Debug|Any CPU
		{798BC5E5-F031-43E0-9070-8B7F63F830C8}.PRD|Any CPU.ActiveCfg = Release|Any CPU
		{798BC5E5-F031-43E0-9070-8B7F63F830C8}.PRD|Any CPU.Build.0 = Release|Any CPU
		{798BC5E5-F031-43E0-9070-8B7F63F830C8}.PRE|Any CPU.ActiveCfg = Release|Any CPU
		{798BC5E5-F031-43E0-9070-8B7F63F830C8}.PRE|Any CPU.Build.0 = Release|Any CPU
		{798BC5E5-F031-43E0-9070-8B7F63F830C8}.Release|Any CPU.ActiveCfg = Release|Any CPU
		{798BC5E5-F031-43E0-9070-8B7F63F830C8}.Release|Any CPU.Build.0 = Release|Any CPU
		{798BC5E5-F031-43E0-9070-8B7F63F830C8}.SIT|Any CPU.ActiveCfg = Release|Any CPU
		{798BC5E5-F031-43E0-9070-8B7F63F830C8}.SIT|Any CPU.Build.0 = Release|Any CPU
		{41B230EC-9722-41CB-8894-AEC2AD655FB9}.Debug|Any CPU.ActiveCfg = Debug|Any CPU
		{41B230EC-9722-41CB-8894-AEC2AD655FB9}.Debug|Any CPU.Build.0 = Debug|Any CPU
		{41B230EC-9722-41CB-8894-AEC2AD655FB9}.PRD|Any CPU.ActiveCfg = Release|Any CPU
		{41B230EC-9722-41CB-8894-AEC2AD655FB9}.PRD|Any CPU.Build.0 = Release|Any CPU
		{41B230EC-9722-41CB-8894-AEC2AD655FB9}.PRE|Any CPU.ActiveCfg = Release|Any CPU
		{41B230EC-9722-41CB-8894-AEC2AD655FB9}.PRE|Any CPU.Build.0 = Release|Any CPU
		{41B230EC-9722-41CB-8894-AEC2AD655FB9}.Release|Any CPU.ActiveCfg = Release|Any CPU
		{41B230EC-9722-41CB-8894-AEC2AD655FB9}.Release|Any CPU.Build.0 = Release|Any CPU
		{41B230EC-9722-41CB-8894-AEC2AD655FB9}.SIT|Any CPU.ActiveCfg = Release|Any CPU
		{41B230EC-9722-41CB-8894-AEC2AD655FB9}.SIT|Any CPU.Build.0 = Release|Any CPU
		{F70F20B8-A7EA-4337-A5FB-08BD4B9448C2}.Debug|Any CPU.ActiveCfg = Debug|Any CPU
		{F70F20B8-A7EA-4337-A5FB-08BD4B9448C2}.Debug|Any CPU.Build.0 = Debug|Any CPU
		{F70F20B8-A7EA-4337-A5FB-08BD4B9448C2}.PRD|Any CPU.ActiveCfg = Release|Any CPU
		{F70F20B8-A7EA-4337-A5FB-08BD4B9448C2}.PRD|Any CPU.Build.0 = Release|Any CPU
		{F70F20B8-A7EA-4337-A5FB-08BD4B9448C2}.PRE|Any CPU.ActiveCfg = Release|Any CPU
		{F70F20B8-A7EA-4337-A5FB-08BD4B9448C2}.PRE|Any CPU.Build.0 = Release|Any CPU
		{F70F20B8-A7EA-4337-A5FB-08BD4B9448C2}.Release|Any CPU.ActiveCfg = Release|Any CPU
		{F70F20B8-A7EA-4337-A5FB-08BD4B9448C2}.Release|Any CPU.Build.0 = Release|Any CPU
		{F70F20B8-A7EA-4337-A5FB-08BD4B9448C2}.SIT|Any CPU.ActiveCfg = Release|Any CPU
		{F70F20B8-A7EA-4337-A5FB-08BD4B9448C2}.SIT|Any CPU.Build.0 = Release|Any CPU
		{9E1E5541-FBAA-4ADC-8806-20C85026A1B7}.Debug|Any CPU.ActiveCfg = Debug|Any CPU
		{9E1E5541-FBAA-4ADC-8806-20C85026A1B7}.Debug|Any CPU.Build.0 = Debug|Any CPU
		{9E1E5541-FBAA-4ADC-8806-20C85026A1B7}.PRD|Any CPU.ActiveCfg = Release|Any CPU
		{9E1E5541-FBAA-4ADC-8806-20C85026A1B7}.PRD|Any CPU.Build.0 = Release|Any CPU
		{9E1E5541-FBAA-4ADC-8806-20C85026A1B7}.PRE|Any CPU.ActiveCfg = Release|Any CPU
		{9E1E5541-FBAA-4ADC-8806-20C85026A1B7}.PRE|Any CPU.Build.0 = Release|Any CPU
		{9E1E5541-FBAA-4ADC-8806-20C85026A1B7}.Release|Any CPU.ActiveCfg = Release|Any CPU
		{9E1E5541-FBAA-4ADC-8806-20C85026A1B7}.Release|Any CPU.Build.0 = Release|Any CPU
		{9E1E5541-FBAA-4ADC-8806-20C85026A1B7}.SIT|Any CPU.ActiveCfg = Release|Any CPU
		{9E1E5541-FBAA-4ADC-8806-20C85026A1B7}.SIT|Any CPU.Build.0 = Release|Any CPU
		{8EE6632A-D415-491B-836A-084B820649B2}.Debug|Any CPU.ActiveCfg = Debug|Any CPU
		{8EE6632A-D415-491B-836A-084B820649B2}.Debug|Any CPU.Build.0 = Debug|Any CPU
		{8EE6632A-D415-491B-836A-084B820649B2}.PRD|Any CPU.ActiveCfg = Release|Any CPU
		{8EE6632A-D415-491B-836A-084B820649B2}.PRD|Any CPU.Build.0 = Release|Any CPU
		{8EE6632A-D415-491B-836A-084B820649B2}.PRE|Any CPU.ActiveCfg = Release|Any CPU
		{8EE6632A-D415-491B-836A-084B820649B2}.PRE|Any CPU.Build.0 = Release|Any CPU
		{8EE6632A-D415-491B-836A-084B820649B2}.Release|Any CPU.ActiveCfg = Release|Any CPU
		{8EE6632A-D415-491B-836A-084B820649B2}.Release|Any CPU.Build.0 = Release|Any CPU
		{8EE6632A-D415-491B-836A-084B820649B2}.SIT|Any CPU.ActiveCfg = Release|Any CPU
		{8EE6632A-D415-491B-836A-084B820649B2}.SIT|Any CPU.Build.0 = Release|Any CPU
		{4D5F0031-E0D9-4765-983E-F81BDAEA4D9D}.Debug|Any CPU.ActiveCfg = Debug|Any CPU
		{4D5F0031-E0D9-4765-983E-F81BDAEA4D9D}.Debug|Any CPU.Build.0 = Debug|Any CPU
		{4D5F0031-E0D9-4765-983E-F81BDAEA4D9D}.PRD|Any CPU.ActiveCfg = Release|Any CPU
		{4D5F0031-E0D9-4765-983E-F81BDAEA4D9D}.PRD|Any CPU.Build.0 = Release|Any CPU
		{4D5F0031-E0D9-4765-983E-F81BDAEA4D9D}.PRE|Any CPU.ActiveCfg = Release|Any CPU
		{4D5F0031-E0D9-4765-983E-F81BDAEA4D9D}.PRE|Any CPU.Build.0 = Release|Any CPU
		{4D5F0031-E0D9-4765-983E-F81BDAEA4D9D}.Release|Any CPU.ActiveCfg = Release|Any CPU
		{4D5F0031-E0D9-4765-983E-F81BDAEA4D9D}.Release|Any CPU.Build.0 = Release|Any CPU
		{4D5F0031-E0D9-4765-983E-F81BDAEA4D9D}.SIT|Any CPU.ActiveCfg = Release|Any CPU
		{4D5F0031-E0D9-4765-983E-F81BDAEA4D9D}.SIT|Any CPU.Build.0 = Release|Any CPU
		{E5F15F45-2C55-4260-A15B-AB2C2C4C3635}.Debug|Any CPU.ActiveCfg = Debug|Any CPU
		{E5F15F45-2C55-4260-A15B-AB2C2C4C3635}.Debug|Any CPU.Build.0 = Debug|Any CPU
		{E5F15F45-2C55-4260-A15B-AB2C2C4C3635}.PRD|Any CPU.ActiveCfg = Release|Any CPU
		{E5F15F45-2C55-4260-A15B-AB2C2C4C3635}.PRD|Any CPU.Build.0 = Release|Any CPU
		{E5F15F45-2C55-4260-A15B-AB2C2C4C3635}.PRE|Any CPU.ActiveCfg = Release|Any CPU
		{E5F15F45-2C55-4260-A15B-AB2C2C4C3635}.PRE|Any CPU.Build.0 = Release|Any CPU
		{E5F15F45-2C55-4260-A15B-AB2C2C4C3635}.Release|Any CPU.ActiveCfg = Release|Any CPU
		{E5F15F45-2C55-4260-A15B-AB2C2C4C3635}.Release|Any CPU.Build.0 = Release|Any CPU
		{E5F15F45-2C55-4260-A15B-AB2C2C4C3635}.SIT|Any CPU.ActiveCfg = Release|Any CPU
		{E5F15F45-2C55-4260-A15B-AB2C2C4C3635}.SIT|Any CPU.Build.0 = Release|Any CPU
		{A4AC6523-D534-4097-8BCC-13F0DA5FB97B}.Debug|Any CPU.ActiveCfg = Debug|Any CPU
		{A4AC6523-D534-4097-8BCC-13F0DA5FB97B}.Debug|Any CPU.Build.0 = Debug|Any CPU
		{A4AC6523-D534-4097-8BCC-13F0DA5FB97B}.PRD|Any CPU.ActiveCfg = Release|Any CPU
		{A4AC6523-D534-4097-8BCC-13F0DA5FB97B}.PRD|Any CPU.Build.0 = Release|Any CPU
		{A4AC6523-D534-4097-8BCC-13F0DA5FB97B}.PRE|Any CPU.ActiveCfg = Release|Any CPU
		{A4AC6523-D534-4097-8BCC-13F0DA5FB97B}.PRE|Any CPU.Build.0 = Release|Any CPU
		{A4AC6523-D534-4097-8BCC-13F0DA5FB97B}.Release|Any CPU.ActiveCfg = Release|Any CPU
		{A4AC6523-D534-4097-8BCC-13F0DA5FB97B}.Release|Any CPU.Build.0 = Release|Any CPU
		{A4AC6523-D534-4097-8BCC-13F0DA5FB97B}.SIT|Any CPU.ActiveCfg = Release|Any CPU
		{A4AC6523-D534-4097-8BCC-13F0DA5FB97B}.SIT|Any CPU.Build.0 = Release|Any CPU
		{6AC6F284-5747-42B3-A3DE-F776B878D22C}.Debug|Any CPU.ActiveCfg = Debug|Any CPU
		{6AC6F284-5747-42B3-A3DE-F776B878D22C}.Debug|Any CPU.Build.0 = Debug|Any CPU
		{6AC6F284-5747-42B3-A3DE-F776B878D22C}.PRD|Any CPU.ActiveCfg = Release|Any CPU
		{6AC6F284-5747-42B3-A3DE-F776B878D22C}.PRD|Any CPU.Build.0 = Release|Any CPU
		{6AC6F284-5747-42B3-A3DE-F776B878D22C}.PRE|Any CPU.ActiveCfg = Release|Any CPU
		{6AC6F284-5747-42B3-A3DE-F776B878D22C}.PRE|Any CPU.Build.0 = Release|Any CPU
		{6AC6F284-5747-42B3-A3DE-F776B878D22C}.Release|Any CPU.ActiveCfg = Release|Any CPU
		{6AC6F284-5747-42B3-A3DE-F776B878D22C}.Release|Any CPU.Build.0 = Release|Any CPU
		{6AC6F284-5747-42B3-A3DE-F776B878D22C}.SIT|Any CPU.ActiveCfg = Release|Any CPU
		{6AC6F284-5747-42B3-A3DE-F776B878D22C}.SIT|Any CPU.Build.0 = Release|Any CPU
		{D92B594F-E044-4B75-95AC-7AF53E2EA18A}.Debug|Any CPU.ActiveCfg = Debug|Any CPU
		{D92B594F-E044-4B75-95AC-7AF53E2EA18A}.Debug|Any CPU.Build.0 = Debug|Any CPU
		{D92B594F-E044-4B75-95AC-7AF53E2EA18A}.PRD|Any CPU.ActiveCfg = Release|Any CPU
		{D92B594F-E044-4B75-95AC-7AF53E2EA18A}.PRD|Any CPU.Build.0 = Release|Any CPU
		{D92B594F-E044-4B75-95AC-7AF53E2EA18A}.PRE|Any CPU.ActiveCfg = Release|Any CPU
		{D92B594F-E044-4B75-95AC-7AF53E2EA18A}.PRE|Any CPU.Build.0 = Release|Any CPU
		{D92B594F-E044-4B75-95AC-7AF53E2EA18A}.Release|Any CPU.ActiveCfg = Release|Any CPU
		{D92B594F-E044-4B75-95AC-7AF53E2EA18A}.Release|Any CPU.Build.0 = Release|Any CPU
		{D92B594F-E044-4B75-95AC-7AF53E2EA18A}.SIT|Any CPU.ActiveCfg = Release|Any CPU
		{D92B594F-E044-4B75-95AC-7AF53E2EA18A}.SIT|Any CPU.Build.0 = Release|Any CPU
		{720A5B76-904D-4B6A-BFAF-A44F59A262E0}.Debug|Any CPU.ActiveCfg = Debug|Any CPU
		{720A5B76-904D-4B6A-BFAF-A44F59A262E0}.Debug|Any CPU.Build.0 = Debug|Any CPU
		{720A5B76-904D-4B6A-BFAF-A44F59A262E0}.PRD|Any CPU.ActiveCfg = Release|Any CPU
		{720A5B76-904D-4B6A-BFAF-A44F59A262E0}.PRD|Any CPU.Build.0 = Release|Any CPU
		{720A5B76-904D-4B6A-BFAF-A44F59A262E0}.PRE|Any CPU.ActiveCfg = Release|Any CPU
		{720A5B76-904D-4B6A-BFAF-A44F59A262E0}.PRE|Any CPU.Build.0 = Release|Any CPU
		{720A5B76-904D-4B6A-BFAF-A44F59A262E0}.Release|Any CPU.ActiveCfg = Release|Any CPU
		{720A5B76-904D-4B6A-BFAF-A44F59A262E0}.Release|Any CPU.Build.0 = Release|Any CPU
		{720A5B76-904D-4B6A-BFAF-A44F59A262E0}.SIT|Any CPU.ActiveCfg = Release|Any CPU
		{720A5B76-904D-4B6A-BFAF-A44F59A262E0}.SIT|Any CPU.Build.0 = Release|Any CPU
		{57FD3950-4FA7-4285-BEEE-7B5B41D397F4}.Debug|Any CPU.ActiveCfg = Debug|Any CPU
		{57FD3950-4FA7-4285-BEEE-7B5B41D397F4}.Debug|Any CPU.Build.0 = Debug|Any CPU
		{57FD3950-4FA7-4285-BEEE-7B5B41D397F4}.PRD|Any CPU.ActiveCfg = Release|Any CPU
		{57FD3950-4FA7-4285-BEEE-7B5B41D397F4}.PRD|Any CPU.Build.0 = Release|Any CPU
		{57FD3950-4FA7-4285-BEEE-7B5B41D397F4}.PRE|Any CPU.ActiveCfg = Release|Any CPU
		{57FD3950-4FA7-4285-BEEE-7B5B41D397F4}.PRE|Any CPU.Build.0 = Release|Any CPU
		{57FD3950-4FA7-4285-BEEE-7B5B41D397F4}.Release|Any CPU.ActiveCfg = Release|Any CPU
		{57FD3950-4FA7-4285-BEEE-7B5B41D397F4}.Release|Any CPU.Build.0 = Release|Any CPU
		{57FD3950-4FA7-4285-BEEE-7B5B41D397F4}.SIT|Any CPU.ActiveCfg = Release|Any CPU
		{57FD3950-4FA7-4285-BEEE-7B5B41D397F4}.SIT|Any CPU.Build.0 = Release|Any CPU
		{9224CD0D-7264-43EF-A5BE-86FBFBB6B138}.Debug|Any CPU.ActiveCfg = Debug|Any CPU
		{9224CD0D-7264-43EF-A5BE-86FBFBB6B138}.Debug|Any CPU.Build.0 = Debug|Any CPU
		{9224CD0D-7264-43EF-A5BE-86FBFBB6B138}.PRD|Any CPU.ActiveCfg = Release|Any CPU
		{9224CD0D-7264-43EF-A5BE-86FBFBB6B138}.PRD|Any CPU.Build.0 = Release|Any CPU
		{9224CD0D-7264-43EF-A5BE-86FBFBB6B138}.PRE|Any CPU.ActiveCfg = Release|Any CPU
		{9224CD0D-7264-43EF-A5BE-86FBFBB6B138}.PRE|Any CPU.Build.0 = Release|Any CPU
		{9224CD0D-7264-43EF-A5BE-86FBFBB6B138}.Release|Any CPU.ActiveCfg = Release|Any CPU
		{9224CD0D-7264-43EF-A5BE-86FBFBB6B138}.Release|Any CPU.Build.0 = Release|Any CPU
		{9224CD0D-7264-43EF-A5BE-86FBFBB6B138}.SIT|Any CPU.ActiveCfg = Release|Any CPU
		{9224CD0D-7264-43EF-A5BE-86FBFBB6B138}.SIT|Any CPU.Build.0 = Release|Any CPU
		{331BD5E8-26C3-4B02-B5EF-971C58230F91}.Debug|Any CPU.ActiveCfg = Debug|Any CPU
		{331BD5E8-26C3-4B02-B5EF-971C58230F91}.Debug|Any CPU.Build.0 = Debug|Any CPU
		{331BD5E8-26C3-4B02-B5EF-971C58230F91}.PRD|Any CPU.ActiveCfg = Release|Any CPU
		{331BD5E8-26C3-4B02-B5EF-971C58230F91}.PRD|Any CPU.Build.0 = Release|Any CPU
		{331BD5E8-26C3-4B02-B5EF-971C58230F91}.PRE|Any CPU.ActiveCfg = Release|Any CPU
		{331BD5E8-26C3-4B02-B5EF-971C58230F91}.PRE|Any CPU.Build.0 = Release|Any CPU
		{331BD5E8-26C3-4B02-B5EF-971C58230F91}.Release|Any CPU.ActiveCfg = Release|Any CPU
		{331BD5E8-26C3-4B02-B5EF-971C58230F91}.Release|Any CPU.Build.0 = Release|Any CPU
		{331BD5E8-26C3-4B02-B5EF-971C58230F91}.SIT|Any CPU.ActiveCfg = Release|Any CPU
		{331BD5E8-26C3-4B02-B5EF-971C58230F91}.SIT|Any CPU.Build.0 = Release|Any CPU
		{237A4EFC-FBD3-490F-9460-0200291226B1}.Debug|Any CPU.ActiveCfg = Debug|Any CPU
		{237A4EFC-FBD3-490F-9460-0200291226B1}.Debug|Any CPU.Build.0 = Debug|Any CPU
		{237A4EFC-FBD3-490F-9460-0200291226B1}.PRD|Any CPU.ActiveCfg = Release|Any CPU
		{237A4EFC-FBD3-490F-9460-0200291226B1}.PRD|Any CPU.Build.0 = Release|Any CPU
		{237A4EFC-FBD3-490F-9460-0200291226B1}.PRE|Any CPU.ActiveCfg = Release|Any CPU
		{237A4EFC-FBD3-490F-9460-0200291226B1}.PRE|Any CPU.Build.0 = Release|Any CPU
		{237A4EFC-FBD3-490F-9460-0200291226B1}.Release|Any CPU.ActiveCfg = Release|Any CPU
		{237A4EFC-FBD3-490F-9460-0200291226B1}.Release|Any CPU.Build.0 = Release|Any CPU
		{237A4EFC-FBD3-490F-9460-0200291226B1}.SIT|Any CPU.ActiveCfg = Release|Any CPU
		{237A4EFC-FBD3-490F-9460-0200291226B1}.SIT|Any CPU.Build.0 = Release|Any CPU
		{67A5D159-4E9D-4130-A3E3-6269144AAADE}.Debug|Any CPU.ActiveCfg = Debug|Any CPU
		{67A5D159-4E9D-4130-A3E3-6269144AAADE}.Debug|Any CPU.Build.0 = Debug|Any CPU
		{67A5D159-4E9D-4130-A3E3-6269144AAADE}.PRD|Any CPU.ActiveCfg = PRD|Any CPU
		{67A5D159-4E9D-4130-A3E3-6269144AAADE}.PRD|Any CPU.Build.0 = PRD|Any CPU
		{67A5D159-4E9D-4130-A3E3-6269144AAADE}.PRE|Any CPU.ActiveCfg = PRE|Any CPU
		{67A5D159-4E9D-4130-A3E3-6269144AAADE}.PRE|Any CPU.Build.0 = PRE|Any CPU
		{67A5D159-4E9D-4130-A3E3-6269144AAADE}.Release|Any CPU.ActiveCfg = Release|Any CPU
		{67A5D159-4E9D-4130-A3E3-6269144AAADE}.Release|Any CPU.Build.0 = Release|Any CPU
		{67A5D159-4E9D-4130-A3E3-6269144AAADE}.SIT|Any CPU.ActiveCfg = SIT|Any CPU
		{67A5D159-4E9D-4130-A3E3-6269144AAADE}.SIT|Any CPU.Build.0 = SIT|Any CPU
		{716A9A3E-37AB-4FE4-8B85-45F327873E0A}.Debug|Any CPU.ActiveCfg = Debug|Any CPU
		{716A9A3E-37AB-4FE4-8B85-45F327873E0A}.Debug|Any CPU.Build.0 = Debug|Any CPU
		{716A9A3E-37AB-4FE4-8B85-45F327873E0A}.PRD|Any CPU.ActiveCfg = PRD|Any CPU
		{716A9A3E-37AB-4FE4-8B85-45F327873E0A}.PRD|Any CPU.Build.0 = PRD|Any CPU
		{716A9A3E-37AB-4FE4-8B85-45F327873E0A}.PRE|Any CPU.ActiveCfg = PRE|Any CPU
		{716A9A3E-37AB-4FE4-8B85-45F327873E0A}.PRE|Any CPU.Build.0 = PRE|Any CPU
		{716A9A3E-37AB-4FE4-8B85-45F327873E0A}.Release|Any CPU.ActiveCfg = Release|Any CPU
		{716A9A3E-37AB-4FE4-8B85-45F327873E0A}.Release|Any CPU.Build.0 = Release|Any CPU
		{716A9A3E-37AB-4FE4-8B85-45F327873E0A}.SIT|Any CPU.ActiveCfg = SIT|Any CPU
		{716A9A3E-37AB-4FE4-8B85-45F327873E0A}.SIT|Any CPU.Build.0 = SIT|Any CPU
		{8746B209-98A6-4B11-BA46-F75CB1785F41}.Debug|Any CPU.ActiveCfg = Debug|Any CPU
		{8746B209-98A6-4B11-BA46-F75CB1785F41}.Debug|Any CPU.Build.0 = Debug|Any CPU
		{8746B209-98A6-4B11-BA46-F75CB1785F41}.PRD|Any CPU.ActiveCfg = PRD|Any CPU
		{8746B209-98A6-4B11-BA46-F75CB1785F41}.PRD|Any CPU.Build.0 = PRD|Any CPU
		{8746B209-98A6-4B11-BA46-F75CB1785F41}.PRE|Any CPU.ActiveCfg = PRE|Any CPU
		{8746B209-98A6-4B11-BA46-F75CB1785F41}.PRE|Any CPU.Build.0 = PRE|Any CPU
		{8746B209-98A6-4B11-BA46-F75CB1785F41}.Release|Any CPU.ActiveCfg = Release|Any CPU
		{8746B209-98A6-4B11-BA46-F75CB1785F41}.Release|Any CPU.Build.0 = Release|Any CPU
		{8746B209-98A6-4B11-BA46-F75CB1785F41}.SIT|Any CPU.ActiveCfg = SIT|Any CPU
		{8746B209-98A6-4B11-BA46-F75CB1785F41}.SIT|Any CPU.Build.0 = SIT|Any CPU
		{E8033AA7-BE9B-4B1B-98A7-EEC34E496659}.Debug|Any CPU.ActiveCfg = Debug|Any CPU
		{E8033AA7-BE9B-4B1B-98A7-EEC34E496659}.Debug|Any CPU.Build.0 = Debug|Any CPU
		{E8033AA7-BE9B-4B1B-98A7-EEC34E496659}.PRD|Any CPU.ActiveCfg = Release|Any CPU
		{E8033AA7-BE9B-4B1B-98A7-EEC34E496659}.PRD|Any CPU.Build.0 = Release|Any CPU
		{E8033AA7-BE9B-4B1B-98A7-EEC34E496659}.PRE|Any CPU.ActiveCfg = Release|Any CPU
		{E8033AA7-BE9B-4B1B-98A7-EEC34E496659}.PRE|Any CPU.Build.0 = Release|Any CPU
		{E8033AA7-BE9B-4B1B-98A7-EEC34E496659}.Release|Any CPU.ActiveCfg = Release|Any CPU
		{E8033AA7-BE9B-4B1B-98A7-EEC34E496659}.Release|Any CPU.Build.0 = Release|Any CPU
		{E8033AA7-BE9B-4B1B-98A7-EEC34E496659}.SIT|Any CPU.ActiveCfg = Release|Any CPU
		{E8033AA7-BE9B-4B1B-98A7-EEC34E496659}.SIT|Any CPU.Build.0 = Release|Any CPU
		{D86F97A5-360C-4057-8B56-2CC02E556FA1}.Debug|Any CPU.ActiveCfg = Debug|Any CPU
		{D86F97A5-360C-4057-8B56-2CC02E556FA1}.Debug|Any CPU.Build.0 = Debug|Any CPU
		{D86F97A5-360C-4057-8B56-2CC02E556FA1}.PRD|Any CPU.ActiveCfg = Release|Any CPU
		{D86F97A5-360C-4057-8B56-2CC02E556FA1}.PRD|Any CPU.Build.0 = Release|Any CPU
		{D86F97A5-360C-4057-8B56-2CC02E556FA1}.PRE|Any CPU.ActiveCfg = Release|Any CPU
		{D86F97A5-360C-4057-8B56-2CC02E556FA1}.PRE|Any CPU.Build.0 = Release|Any CPU
		{D86F97A5-360C-4057-8B56-2CC02E556FA1}.Release|Any CPU.ActiveCfg = Release|Any CPU
		{D86F97A5-360C-4057-8B56-2CC02E556FA1}.Release|Any CPU.Build.0 = Release|Any CPU
		{D86F97A5-360C-4057-8B56-2CC02E556FA1}.SIT|Any CPU.ActiveCfg = Release|Any CPU
		{D86F97A5-360C-4057-8B56-2CC02E556FA1}.SIT|Any CPU.Build.0 = Release|Any CPU
		{86629BB7-0915-4D1E-A32C-88105218CC21}.Debug|Any CPU.ActiveCfg = Debug|Any CPU
		{86629BB7-0915-4D1E-A32C-88105218CC21}.Debug|Any CPU.Build.0 = Debug|Any CPU
		{86629BB7-0915-4D1E-A32C-88105218CC21}.PRD|Any CPU.ActiveCfg = PRD|Any CPU
		{86629BB7-0915-4D1E-A32C-88105218CC21}.PRD|Any CPU.Build.0 = PRD|Any CPU
		{86629BB7-0915-4D1E-A32C-88105218CC21}.PRE|Any CPU.ActiveCfg = PRE|Any CPU
		{86629BB7-0915-4D1E-A32C-88105218CC21}.PRE|Any CPU.Build.0 = PRE|Any CPU
		{86629BB7-0915-4D1E-A32C-88105218CC21}.Release|Any CPU.ActiveCfg = Release|Any CPU
		{86629BB7-0915-4D1E-A32C-88105218CC21}.Release|Any CPU.Build.0 = Release|Any CPU
		{86629BB7-0915-4D1E-A32C-88105218CC21}.SIT|Any CPU.ActiveCfg = SIT|Any CPU
		{86629BB7-0915-4D1E-A32C-88105218CC21}.SIT|Any CPU.Build.0 = SIT|Any CPU
		{1A36BFC4-62EF-44E4-8228-73972C743B2C}.Debug|Any CPU.ActiveCfg = Debug|Any CPU
		{1A36BFC4-62EF-44E4-8228-73972C743B2C}.Debug|Any CPU.Build.0 = Debug|Any CPU
		{1A36BFC4-62EF-44E4-8228-73972C743B2C}.PRD|Any CPU.ActiveCfg = PRD|Any CPU
		{1A36BFC4-62EF-44E4-8228-73972C743B2C}.PRD|Any CPU.Build.0 = PRD|Any CPU
		{1A36BFC4-62EF-44E4-8228-73972C743B2C}.PRE|Any CPU.ActiveCfg = PRE|Any CPU
		{1A36BFC4-62EF-44E4-8228-73972C743B2C}.PRE|Any CPU.Build.0 = PRE|Any CPU
		{1A36BFC4-62EF-44E4-8228-73972C743B2C}.Release|Any CPU.ActiveCfg = Release|Any CPU
		{1A36BFC4-62EF-44E4-8228-73972C743B2C}.Release|Any CPU.Build.0 = Release|Any CPU
		{1A36BFC4-62EF-44E4-8228-73972C743B2C}.SIT|Any CPU.ActiveCfg = SIT|Any CPU
		{1A36BFC4-62EF-44E4-8228-73972C743B2C}.SIT|Any CPU.Build.0 = SIT|Any CPU
		{0732209B-FBF6-4A15-9FC5-9AE08FF11B3B}.Debug|Any CPU.ActiveCfg = Debug|Any CPU
		{0732209B-FBF6-4A15-9FC5-9AE08FF11B3B}.Debug|Any CPU.Build.0 = Debug|Any CPU
		{0732209B-FBF6-4A15-9FC5-9AE08FF11B3B}.PRD|Any CPU.ActiveCfg = PRD|Any CPU
		{0732209B-FBF6-4A15-9FC5-9AE08FF11B3B}.PRD|Any CPU.Build.0 = PRD|Any CPU
		{0732209B-FBF6-4A15-9FC5-9AE08FF11B3B}.PRE|Any CPU.ActiveCfg = PRE|Any CPU
		{0732209B-FBF6-4A15-9FC5-9AE08FF11B3B}.PRE|Any CPU.Build.0 = PRE|Any CPU
		{0732209B-FBF6-4A15-9FC5-9AE08FF11B3B}.Release|Any CPU.ActiveCfg = Release|Any CPU
		{0732209B-FBF6-4A15-9FC5-9AE08FF11B3B}.Release|Any CPU.Build.0 = Release|Any CPU
		{0732209B-FBF6-4A15-9FC5-9AE08FF11B3B}.SIT|Any CPU.ActiveCfg = SIT|Any CPU
		{0732209B-FBF6-4A15-9FC5-9AE08FF11B3B}.SIT|Any CPU.Build.0 = SIT|Any CPU
		{D526FE7A-A3CC-49E3-9372-7E372878B5DF}.Debug|Any CPU.ActiveCfg = Debug|Any CPU
		{D526FE7A-A3CC-49E3-9372-7E372878B5DF}.Debug|Any CPU.Build.0 = Debug|Any CPU
		{D526FE7A-A3CC-49E3-9372-7E372878B5DF}.PRD|Any CPU.ActiveCfg = PRD|Any CPU
		{D526FE7A-A3CC-49E3-9372-7E372878B5DF}.PRD|Any CPU.Build.0 = PRD|Any CPU
		{D526FE7A-A3CC-49E3-9372-7E372878B5DF}.PRE|Any CPU.ActiveCfg = PRE|Any CPU
		{D526FE7A-A3CC-49E3-9372-7E372878B5DF}.PRE|Any CPU.Build.0 = PRE|Any CPU
		{D526FE7A-A3CC-49E3-9372-7E372878B5DF}.Release|Any CPU.ActiveCfg = Release|Any CPU
		{D526FE7A-A3CC-49E3-9372-7E372878B5DF}.Release|Any CPU.Build.0 = Release|Any CPU
		{D526FE7A-A3CC-49E3-9372-7E372878B5DF}.SIT|Any CPU.ActiveCfg = SIT|Any CPU
		{D526FE7A-A3CC-49E3-9372-7E372878B5DF}.SIT|Any CPU.Build.0 = SIT|Any CPU
		{ABDF812D-91F7-48E2-8ADA-4F8E0F73F283}.Debug|Any CPU.ActiveCfg = Debug|Any CPU
		{ABDF812D-91F7-48E2-8ADA-4F8E0F73F283}.Debug|Any CPU.Build.0 = Debug|Any CPU
		{ABDF812D-91F7-48E2-8ADA-4F8E0F73F283}.PRD|Any CPU.ActiveCfg = PRD|Any CPU
		{ABDF812D-91F7-48E2-8ADA-4F8E0F73F283}.PRD|Any CPU.Build.0 = PRD|Any CPU
		{ABDF812D-91F7-48E2-8ADA-4F8E0F73F283}.PRE|Any CPU.ActiveCfg = PRE|Any CPU
		{ABDF812D-91F7-48E2-8ADA-4F8E0F73F283}.PRE|Any CPU.Build.0 = PRE|Any CPU
		{ABDF812D-91F7-48E2-8ADA-4F8E0F73F283}.Release|Any CPU.ActiveCfg = Release|Any CPU
		{ABDF812D-91F7-48E2-8ADA-4F8E0F73F283}.Release|Any CPU.Build.0 = Release|Any CPU
		{ABDF812D-91F7-48E2-8ADA-4F8E0F73F283}.SIT|Any CPU.ActiveCfg = SIT|Any CPU
		{ABDF812D-91F7-48E2-8ADA-4F8E0F73F283}.SIT|Any CPU.Build.0 = SIT|Any CPU
		{C77A5F1F-85C1-4172-81E2-ECE131D38600}.Debug|Any CPU.ActiveCfg = Debug|Any CPU
		{C77A5F1F-85C1-4172-81E2-ECE131D38600}.Debug|Any CPU.Build.0 = Debug|Any CPU
		{C77A5F1F-85C1-4172-81E2-ECE131D38600}.PRD|Any CPU.ActiveCfg = PRD|Any CPU
		{C77A5F1F-85C1-4172-81E2-ECE131D38600}.PRD|Any CPU.Build.0 = PRD|Any CPU
		{C77A5F1F-85C1-4172-81E2-ECE131D38600}.PRE|Any CPU.ActiveCfg = PRE|Any CPU
		{C77A5F1F-85C1-4172-81E2-ECE131D38600}.PRE|Any CPU.Build.0 = PRE|Any CPU
		{C77A5F1F-85C1-4172-81E2-ECE131D38600}.Release|Any CPU.ActiveCfg = Release|Any CPU
		{C77A5F1F-85C1-4172-81E2-ECE131D38600}.Release|Any CPU.Build.0 = Release|Any CPU
		{C77A5F1F-85C1-4172-81E2-ECE131D38600}.SIT|Any CPU.ActiveCfg = SIT|Any CPU
		{C77A5F1F-85C1-4172-81E2-ECE131D38600}.SIT|Any CPU.Build.0 = SIT|Any CPU
		{FC447E7B-AE9B-4227-9C72-BF5E6078DAE8}.Debug|Any CPU.ActiveCfg = Debug|Any CPU
		{FC447E7B-AE9B-4227-9C72-BF5E6078DAE8}.Debug|Any CPU.Build.0 = Debug|Any CPU
		{FC447E7B-AE9B-4227-9C72-BF5E6078DAE8}.PRD|Any CPU.ActiveCfg = Release|Any CPU
		{FC447E7B-AE9B-4227-9C72-BF5E6078DAE8}.PRD|Any CPU.Build.0 = Release|Any CPU
		{FC447E7B-AE9B-4227-9C72-BF5E6078DAE8}.PRE|Any CPU.ActiveCfg = Release|Any CPU
		{FC447E7B-AE9B-4227-9C72-BF5E6078DAE8}.PRE|Any CPU.Build.0 = Release|Any CPU
		{FC447E7B-AE9B-4227-9C72-BF5E6078DAE8}.Release|Any CPU.ActiveCfg = Release|Any CPU
		{FC447E7B-AE9B-4227-9C72-BF5E6078DAE8}.Release|Any CPU.Build.0 = Release|Any CPU
		{FC447E7B-AE9B-4227-9C72-BF5E6078DAE8}.SIT|Any CPU.ActiveCfg = Release|Any CPU
		{FC447E7B-AE9B-4227-9C72-BF5E6078DAE8}.SIT|Any CPU.Build.0 = Release|Any CPU
		{F9156B0B-3CC4-43AC-9754-EF6EF24B1844}.Debug|Any CPU.ActiveCfg = Debug|Any CPU
		{F9156B0B-3CC4-43AC-9754-EF6EF24B1844}.Debug|Any CPU.Build.0 = Debug|Any CPU
		{F9156B0B-3CC4-43AC-9754-EF6EF24B1844}.PRD|Any CPU.ActiveCfg = Release|Any CPU
		{F9156B0B-3CC4-43AC-9754-EF6EF24B1844}.PRD|Any CPU.Build.0 = Release|Any CPU
		{F9156B0B-3CC4-43AC-9754-EF6EF24B1844}.PRE|Any CPU.ActiveCfg = Release|Any CPU
		{F9156B0B-3CC4-43AC-9754-EF6EF24B1844}.PRE|Any CPU.Build.0 = Release|Any CPU
		{F9156B0B-3CC4-43AC-9754-EF6EF24B1844}.Release|Any CPU.ActiveCfg = Release|Any CPU
		{F9156B0B-3CC4-43AC-9754-EF6EF24B1844}.Release|Any CPU.Build.0 = Release|Any CPU
		{F9156B0B-3CC4-43AC-9754-EF6EF24B1844}.SIT|Any CPU.ActiveCfg = Release|Any CPU
		{F9156B0B-3CC4-43AC-9754-EF6EF24B1844}.SIT|Any CPU.Build.0 = Release|Any CPU
		{A16112AC-0761-4222-825A-B1F95C446B9B}.Debug|Any CPU.ActiveCfg = Debug|Any CPU
		{A16112AC-0761-4222-825A-B1F95C446B9B}.Debug|Any CPU.Build.0 = Debug|Any CPU
		{A16112AC-0761-4222-825A-B1F95C446B9B}.PRD|Any CPU.ActiveCfg = Release|Any CPU
		{A16112AC-0761-4222-825A-B1F95C446B9B}.PRD|Any CPU.Build.0 = Release|Any CPU
		{A16112AC-0761-4222-825A-B1F95C446B9B}.PRE|Any CPU.ActiveCfg = Release|Any CPU
		{A16112AC-0761-4222-825A-B1F95C446B9B}.PRE|Any CPU.Build.0 = Release|Any CPU
		{A16112AC-0761-4222-825A-B1F95C446B9B}.Release|Any CPU.ActiveCfg = Release|Any CPU
		{A16112AC-0761-4222-825A-B1F95C446B9B}.Release|Any CPU.Build.0 = Release|Any CPU
		{A16112AC-0761-4222-825A-B1F95C446B9B}.SIT|Any CPU.ActiveCfg = Release|Any CPU
		{A16112AC-0761-4222-825A-B1F95C446B9B}.SIT|Any CPU.Build.0 = Release|Any CPU
		{A5FAF844-2305-4A36-B318-5B75D144B285}.Debug|Any CPU.ActiveCfg = Debug|Any CPU
		{A5FAF844-2305-4A36-B318-5B75D144B285}.Debug|Any CPU.Build.0 = Debug|Any CPU
		{A5FAF844-2305-4A36-B318-5B75D144B285}.PRD|Any CPU.ActiveCfg = PRD|Any CPU
		{A5FAF844-2305-4A36-B318-5B75D144B285}.PRD|Any CPU.Build.0 = PRD|Any CPU
		{A5FAF844-2305-4A36-B318-5B75D144B285}.PRE|Any CPU.ActiveCfg = PRE|Any CPU
		{A5FAF844-2305-4A36-B318-5B75D144B285}.PRE|Any CPU.Build.0 = PRE|Any CPU
		{A5FAF844-2305-4A36-B318-5B75D144B285}.Release|Any CPU.ActiveCfg = Release|Any CPU
		{A5FAF844-2305-4A36-B318-5B75D144B285}.Release|Any CPU.Build.0 = Release|Any CPU
		{A5FAF844-2305-4A36-B318-5B75D144B285}.SIT|Any CPU.ActiveCfg = SIT|Any CPU
		{A5FAF844-2305-4A36-B318-5B75D144B285}.SIT|Any CPU.Build.0 = SIT|Any CPU
		{E4DD520E-3EAE-4F30-8C0A-BACDCACE6ACC}.Debug|Any CPU.ActiveCfg = Debug|Any CPU
		{E4DD520E-3EAE-4F30-8C0A-BACDCACE6ACC}.Debug|Any CPU.Build.0 = Debug|Any CPU
		{E4DD520E-3EAE-4F30-8C0A-BACDCACE6ACC}.PRD|Any CPU.ActiveCfg = Debug|Any CPU
		{E4DD520E-3EAE-4F30-8C0A-BACDCACE6ACC}.PRD|Any CPU.Build.0 = Debug|Any CPU
		{E4DD520E-3EAE-4F30-8C0A-BACDCACE6ACC}.PRE|Any CPU.ActiveCfg = Debug|Any CPU
		{E4DD520E-3EAE-4F30-8C0A-BACDCACE6ACC}.PRE|Any CPU.Build.0 = Debug|Any CPU
		{E4DD520E-3EAE-4F30-8C0A-BACDCACE6ACC}.Release|Any CPU.ActiveCfg = Release|Any CPU
		{E4DD520E-3EAE-4F30-8C0A-BACDCACE6ACC}.Release|Any CPU.Build.0 = Release|Any CPU
		{E4DD520E-3EAE-4F30-8C0A-BACDCACE6ACC}.SIT|Any CPU.ActiveCfg = Debug|Any CPU
		{E4DD520E-3EAE-4F30-8C0A-BACDCACE6ACC}.SIT|Any CPU.Build.0 = Debug|Any CPU
		{67716C54-A3D4-48C7-891C-47FA6B48ADDA}.Debug|Any CPU.ActiveCfg = Debug|Any CPU
		{67716C54-A3D4-48C7-891C-47FA6B48ADDA}.Debug|Any CPU.Build.0 = Debug|Any CPU
		{67716C54-A3D4-48C7-891C-47FA6B48ADDA}.PRD|Any CPU.ActiveCfg = Debug|Any CPU
		{67716C54-A3D4-48C7-891C-47FA6B48ADDA}.PRD|Any CPU.Build.0 = Debug|Any CPU
		{67716C54-A3D4-48C7-891C-47FA6B48ADDA}.PRE|Any CPU.ActiveCfg = Debug|Any CPU
		{67716C54-A3D4-48C7-891C-47FA6B48ADDA}.PRE|Any CPU.Build.0 = Debug|Any CPU
		{67716C54-A3D4-48C7-891C-47FA6B48ADDA}.Release|Any CPU.ActiveCfg = Release|Any CPU
		{67716C54-A3D4-48C7-891C-47FA6B48ADDA}.Release|Any CPU.Build.0 = Release|Any CPU
		{67716C54-A3D4-48C7-891C-47FA6B48ADDA}.SIT|Any CPU.ActiveCfg = Debug|Any CPU
		{67716C54-A3D4-48C7-891C-47FA6B48ADDA}.SIT|Any CPU.Build.0 = Debug|Any CPU
		{A9072267-440C-4673-8539-324252F5CF3E}.Debug|Any CPU.ActiveCfg = Debug|Any CPU
		{A9072267-440C-4673-8539-324252F5CF3E}.Debug|Any CPU.Build.0 = Debug|Any CPU
		{A9072267-440C-4673-8539-324252F5CF3E}.PRD|Any CPU.ActiveCfg = Debug|Any CPU
		{A9072267-440C-4673-8539-324252F5CF3E}.PRD|Any CPU.Build.0 = Debug|Any CPU
		{A9072267-440C-4673-8539-324252F5CF3E}.PRE|Any CPU.ActiveCfg = Debug|Any CPU
		{A9072267-440C-4673-8539-324252F5CF3E}.PRE|Any CPU.Build.0 = Debug|Any CPU
		{A9072267-440C-4673-8539-324252F5CF3E}.Release|Any CPU.ActiveCfg = Release|Any CPU
		{A9072267-440C-4673-8539-324252F5CF3E}.Release|Any CPU.Build.0 = Release|Any CPU
		{A9072267-440C-4673-8539-324252F5CF3E}.SIT|Any CPU.ActiveCfg = Debug|Any CPU
		{A9072267-440C-4673-8539-324252F5CF3E}.SIT|Any CPU.Build.0 = Debug|Any CPU
		{2FC3A093-9E9E-474B-A8E4-1844A2B70122}.Debug|Any CPU.ActiveCfg = Debug|Any CPU
		{2FC3A093-9E9E-474B-A8E4-1844A2B70122}.Debug|Any CPU.Build.0 = Debug|Any CPU
		{2FC3A093-9E9E-474B-A8E4-1844A2B70122}.PRD|Any CPU.ActiveCfg = Debug|Any CPU
		{2FC3A093-9E9E-474B-A8E4-1844A2B70122}.PRD|Any CPU.Build.0 = Debug|Any CPU
		{2FC3A093-9E9E-474B-A8E4-1844A2B70122}.PRE|Any CPU.ActiveCfg = Debug|Any CPU
		{2FC3A093-9E9E-474B-A8E4-1844A2B70122}.PRE|Any CPU.Build.0 = Debug|Any CPU
		{2FC3A093-9E9E-474B-A8E4-1844A2B70122}.Release|Any CPU.ActiveCfg = Release|Any CPU
		{2FC3A093-9E9E-474B-A8E4-1844A2B70122}.Release|Any CPU.Build.0 = Release|Any CPU
		{2FC3A093-9E9E-474B-A8E4-1844A2B70122}.SIT|Any CPU.ActiveCfg = Debug|Any CPU
		{2FC3A093-9E9E-474B-A8E4-1844A2B70122}.SIT|Any CPU.Build.0 = Debug|Any CPU
		{D4025DCF-93F0-42FB-8199-20B322C15DA2}.Debug|Any CPU.ActiveCfg = Debug|Any CPU
		{D4025DCF-93F0-42FB-8199-20B322C15DA2}.Debug|Any CPU.Build.0 = Debug|Any CPU
		{D4025DCF-93F0-42FB-8199-20B322C15DA2}.PRD|Any CPU.ActiveCfg = Debug|Any CPU
		{D4025DCF-93F0-42FB-8199-20B322C15DA2}.PRD|Any CPU.Build.0 = Debug|Any CPU
		{D4025DCF-93F0-42FB-8199-20B322C15DA2}.PRE|Any CPU.ActiveCfg = Debug|Any CPU
		{D4025DCF-93F0-42FB-8199-20B322C15DA2}.PRE|Any CPU.Build.0 = Debug|Any CPU
		{D4025DCF-93F0-42FB-8199-20B322C15DA2}.Release|Any CPU.ActiveCfg = Release|Any CPU
		{D4025DCF-93F0-42FB-8199-20B322C15DA2}.Release|Any CPU.Build.0 = Release|Any CPU
		{D4025DCF-93F0-42FB-8199-20B322C15DA2}.SIT|Any CPU.ActiveCfg = Debug|Any CPU
		{D4025DCF-93F0-42FB-8199-20B322C15DA2}.SIT|Any CPU.Build.0 = Debug|Any CPU
		{5AB7A8A2-4C8B-462C-999F-6024710FE1D4}.Debug|Any CPU.ActiveCfg = Debug|Any CPU
		{5AB7A8A2-4C8B-462C-999F-6024710FE1D4}.Debug|Any CPU.Build.0 = Debug|Any CPU
		{5AB7A8A2-4C8B-462C-999F-6024710FE1D4}.PRD|Any CPU.ActiveCfg = Debug|Any CPU
		{5AB7A8A2-4C8B-462C-999F-6024710FE1D4}.PRD|Any CPU.Build.0 = Debug|Any CPU
		{5AB7A8A2-4C8B-462C-999F-6024710FE1D4}.PRE|Any CPU.ActiveCfg = Debug|Any CPU
		{5AB7A8A2-4C8B-462C-999F-6024710FE1D4}.PRE|Any CPU.Build.0 = Debug|Any CPU
		{5AB7A8A2-4C8B-462C-999F-6024710FE1D4}.Release|Any CPU.ActiveCfg = Release|Any CPU
		{5AB7A8A2-4C8B-462C-999F-6024710FE1D4}.Release|Any CPU.Build.0 = Release|Any CPU
		{5AB7A8A2-4C8B-462C-999F-6024710FE1D4}.SIT|Any CPU.ActiveCfg = Debug|Any CPU
		{5AB7A8A2-4C8B-462C-999F-6024710FE1D4}.SIT|Any CPU.Build.0 = Debug|Any CPU
		{7D795932-E8BC-493F-BE04-2490C2C2A98B}.Debug|Any CPU.ActiveCfg = Debug|Any CPU
		{7D795932-E8BC-493F-BE04-2490C2C2A98B}.Debug|Any CPU.Build.0 = Debug|Any CPU
		{7D795932-E8BC-493F-BE04-2490C2C2A98B}.PRD|Any CPU.ActiveCfg = Debug|Any CPU
		{7D795932-E8BC-493F-BE04-2490C2C2A98B}.PRD|Any CPU.Build.0 = Debug|Any CPU
		{7D795932-E8BC-493F-BE04-2490C2C2A98B}.PRE|Any CPU.ActiveCfg = Debug|Any CPU
		{7D795932-E8BC-493F-BE04-2490C2C2A98B}.PRE|Any CPU.Build.0 = Debug|Any CPU
		{7D795932-E8BC-493F-BE04-2490C2C2A98B}.Release|Any CPU.ActiveCfg = Release|Any CPU
		{7D795932-E8BC-493F-BE04-2490C2C2A98B}.Release|Any CPU.Build.0 = Release|Any CPU
		{7D795932-E8BC-493F-BE04-2490C2C2A98B}.SIT|Any CPU.ActiveCfg = Debug|Any CPU
		{7D795932-E8BC-493F-BE04-2490C2C2A98B}.SIT|Any CPU.Build.0 = Debug|Any CPU
	EndGlobalSection
	GlobalSection(SolutionProperties) = preSolution
		HideSolutionNode = FALSE
	EndGlobalSection
	GlobalSection(NestedProjects) = preSolution
		{94CD0EB3-0792-40F5-BF3D-5A2B232FF61A} = {FE20981F-5F14-4A5E-BAAB-E709B67E0D70}
		{96656A54-90DF-427A-ACD3-0EE4DE779000} = {648112BC-B52B-4BB8-A9B1-315EA31EF935}
		{F9CBE1F9-A243-4987-86A3-3326CAE6D905} = {96656A54-90DF-427A-ACD3-0EE4DE779000}
		{BD93D201-723A-4C5F-B4D6-CFBD4873AF8A} = {96656A54-90DF-427A-ACD3-0EE4DE779000}
		{D815146B-D8DA-4C51-9831-5718FD93BC00} = {96656A54-90DF-427A-ACD3-0EE4DE779000}
		{21F2F8A3-1A8A-48C5-9A0A-FE67EA4956B9} = {96656A54-90DF-427A-ACD3-0EE4DE779000}
		{11DA9277-2542-4F34-8D97-1D63ED7C9064} = {96656A54-90DF-427A-ACD3-0EE4DE779000}
		{7F200537-BA3D-4A3E-BBE6-1ABD54285E1D} = {96656A54-90DF-427A-ACD3-0EE4DE779000}
		{2CB18491-C495-4CFF-9932-7B60852418FD} = {96656A54-90DF-427A-ACD3-0EE4DE779000}
		{6EE5C4D1-1B3C-4967-883F-1EE0B64ECEEF} = {96656A54-90DF-427A-ACD3-0EE4DE779000}
		{6B184DBF-E524-47C9-8B35-C8C9140B5EC1} = {1096B4E7-A203-434E-AF2F-725D8249A925}
		{8C57A373-307D-4D75-84FE-E198BAE7C22D} = {1096B4E7-A203-434E-AF2F-725D8249A925}
		{F5CBBD1B-2DD3-4480-9D9F-4E65A79C9113} = {1096B4E7-A203-434E-AF2F-725D8249A925}
		{DFEBCE29-B03D-44E0-946E-A26D3B36AB51} = {1096B4E7-A203-434E-AF2F-725D8249A925}
		{7386E4DC-1D2F-4983-89D5-5A85E229FC00} = {1096B4E7-A203-434E-AF2F-725D8249A925}
		{38B2B1FC-3974-417D-8E6F-638EDCE73839} = {FE20981F-5F14-4A5E-BAAB-E709B67E0D70}
		{A8522E15-4111-44DF-BB6B-EBF2B210E9F8} = {1096B4E7-A203-434E-AF2F-725D8249A925}
		{A208CF18-F54E-42B5-A861-7246595EECA1} = {1096B4E7-A203-434E-AF2F-725D8249A925}
		{54C5A2F0-4320-4D93-97C6-AE7AD69507B7} = {1096B4E7-A203-434E-AF2F-725D8249A925}
		{B9198F6C-A02C-4220-AEBB-D0BC49CA7ACD} = {1096B4E7-A203-434E-AF2F-725D8249A925}
		{701E03AC-429E-43D5-9392-A3A6B1B46C8E} = {FE20981F-5F14-4A5E-BAAB-E709B67E0D70}
		{40ADA995-ECB1-4893-9BB8-CD4EE9468AF2} = {FE20981F-5F14-4A5E-BAAB-E709B67E0D70}
		{186ACF82-F74F-4921-BB03-EADC46354714} = {FE20981F-5F14-4A5E-BAAB-E709B67E0D70}
		{0ACB97E3-E573-453C-B47A-0079CBA08F00} = {FE20981F-5F14-4A5E-BAAB-E709B67E0D70}
		{A91E7DD2-30B8-4385-884B-64656F7E56D3} = {FE20981F-5F14-4A5E-BAAB-E709B67E0D70}
		{1096B4E7-A203-434E-AF2F-725D8249A925} = {2C818377-69AC-4F2E-BD9E-B253E8E40D37}
		{3B7F0836-7F08-4FB4-9454-E1DA1AD52632} = {2C818377-69AC-4F2E-BD9E-B253E8E40D37}
		{B5421ED6-845F-4E3C-A172-7BB655E36904} = {3B7F0836-7F08-4FB4-9454-E1DA1AD52632}
		{15151EB6-ED8C-46B2-88CD-16AE0C6FF11A} = {625D3D05-DF35-48F2-BD44-96441D51DD71}
		{E87406DD-0CA9-4882-9BAF-31102EEF6E4B} = {15151EB6-ED8C-46B2-88CD-16AE0C6FF11A}
		{F2D446C5-E66B-495D-A5AE-FA2AF330A0E5} = {15151EB6-ED8C-46B2-88CD-16AE0C6FF11A}
		{2B958D0A-DA5F-4EDE-B8EB-F6480E3096B9} = {E87406DD-0CA9-4882-9BAF-31102EEF6E4B}
		{78E59665-9671-42F6-9391-76D11ECB6F14} = {E87406DD-0CA9-4882-9BAF-31102EEF6E4B}
		{DC837EA0-55E7-4109-8F22-1C38C559966F} = {E87406DD-0CA9-4882-9BAF-31102EEF6E4B}
		{0F91C2C1-C7D3-48C8-BC3F-C15802D3006C} = {F2D446C5-E66B-495D-A5AE-FA2AF330A0E5}
		{916BAA28-354F-47A5-B2A6-A960D47A32FA} = {F2D446C5-E66B-495D-A5AE-FA2AF330A0E5}
		{C46C25EF-A40C-4DF8-814F-567F6FE74F82} = {F2D446C5-E66B-495D-A5AE-FA2AF330A0E5}
		{922B1183-53B0-45C7-91CA-BCEC00F1ECDA} = {F2D446C5-E66B-495D-A5AE-FA2AF330A0E5}
		{798BC5E5-F031-43E0-9070-8B7F63F830C8} = {F2D446C5-E66B-495D-A5AE-FA2AF330A0E5}
		{41B230EC-9722-41CB-8894-AEC2AD655FB9} = {F2D446C5-E66B-495D-A5AE-FA2AF330A0E5}
		{4D5F0031-E0D9-4765-983E-F81BDAEA4D9D} = {245E911E-E8CA-4EC4-B37C-E4C071665F14}
		{E5F15F45-2C55-4260-A15B-AB2C2C4C3635} = {245E911E-E8CA-4EC4-B37C-E4C071665F14}
		{A4AC6523-D534-4097-8BCC-13F0DA5FB97B} = {B8B083AD-EAFD-478B-BFA6-46C8F6EFD49A}
		{6AC6F284-5747-42B3-A3DE-F776B878D22C} = {B8B083AD-EAFD-478B-BFA6-46C8F6EFD49A}
		{D92B594F-E044-4B75-95AC-7AF53E2EA18A} = {7AD68364-CBF0-4B67-B29C-05FCF07B1EFB}
		{720A5B76-904D-4B6A-BFAF-A44F59A262E0} = {7AD68364-CBF0-4B67-B29C-05FCF07B1EFB}
		{57FD3950-4FA7-4285-BEEE-7B5B41D397F4} = {7AD68364-CBF0-4B67-B29C-05FCF07B1EFB}
		{9224CD0D-7264-43EF-A5BE-86FBFBB6B138} = {4F39610F-36BD-4B76-8EE9-F8B5FD122E15}
		{331BD5E8-26C3-4B02-B5EF-971C58230F91} = {BE259B22-51C1-4ECF-8514-6FE3B3C7D7D6}
		{237A4EFC-FBD3-490F-9460-0200291226B1} = {BE259B22-51C1-4ECF-8514-6FE3B3C7D7D6}
		{67A5D159-4E9D-4130-A3E3-6269144AAADE} = {6A628958-53EB-4FD8-9877-AC06868A0A2C}
		{716A9A3E-37AB-4FE4-8B85-45F327873E0A} = {6A628958-53EB-4FD8-9877-AC06868A0A2C}
		{9CA471BA-B31B-44DF-BA26-76EBC76FB627} = {5D839D7E-1859-4D75-B83E-3C16D638C3B9}
		{8746B209-98A6-4B11-BA46-F75CB1785F41} = {9CA471BA-B31B-44DF-BA26-76EBC76FB627}
		{5D839D7E-1859-4D75-B83E-3C16D638C3B9} = {648112BC-B52B-4BB8-A9B1-315EA31EF935}
		{858370A4-EA77-4CCA-8A30-4DFFCA9EED08} = {5D839D7E-1859-4D75-B83E-3C16D638C3B9}
		{E8033AA7-BE9B-4B1B-98A7-EEC34E496659} = {858370A4-EA77-4CCA-8A30-4DFFCA9EED08}
		{D86F97A5-360C-4057-8B56-2CC02E556FA1} = {858370A4-EA77-4CCA-8A30-4DFFCA9EED08}
		{E7C129CE-CB18-4847-BAAB-E1C7DEA97237} = {5D839D7E-1859-4D75-B83E-3C16D638C3B9}
		{86629BB7-0915-4D1E-A32C-88105218CC21} = {E7C129CE-CB18-4847-BAAB-E1C7DEA97237}
		{1A36BFC4-62EF-44E4-8228-73972C743B2C} = {D3CA74B0-762A-4218-A885-84AEA346F7B9}
		{0732209B-FBF6-4A15-9FC5-9AE08FF11B3B} = {ABE5F722-5C1E-4D9A-8CFC-30EB8C993CE9}
		{D526FE7A-A3CC-49E3-9372-7E372878B5DF} = {9CA471BA-B31B-44DF-BA26-76EBC76FB627}
		{ABDF812D-91F7-48E2-8ADA-4F8E0F73F283} = {9CA471BA-B31B-44DF-BA26-76EBC76FB627}
		{C77A5F1F-85C1-4172-81E2-ECE131D38600} = {9CA471BA-B31B-44DF-BA26-76EBC76FB627}
		{FC447E7B-AE9B-4227-9C72-BF5E6078DAE8} = {413B4B32-ED09-4809-8F2B-032D9E6EE5FA}
		{F9156B0B-3CC4-43AC-9754-EF6EF24B1844} = {F3D54766-02BB-4DA3-B910-5F3CB34ACF39}
		{80EF6798-A36B-4388-A7FA-73D44BE242A5} = {625D3D05-DF35-48F2-BD44-96441D51DD71}
		{A16112AC-0761-4222-825A-B1F95C446B9B} = {80EF6798-A36B-4388-A7FA-73D44BE242A5}
		{7AD68364-CBF0-4B67-B29C-05FCF07B1EFB} = {648112BC-B52B-4BB8-A9B1-315EA31EF935}
		{5A1122A4-50EA-486F-B80B-D643281F281E} = {2C818377-69AC-4F2E-BD9E-B253E8E40D37}
		{E4DD520E-3EAE-4F30-8C0A-BACDCACE6ACC} = {1F929905-AF00-4422-93A9-BDA0E2230626}
		{67716C54-A3D4-48C7-891C-47FA6B48ADDA} = {1F929905-AF00-4422-93A9-BDA0E2230626}
		{1F929905-AF00-4422-93A9-BDA0E2230626} = {6B281178-BABD-4D19-8422-D83E110F7B85}
		{D1E610FF-6D79-49DA-83C1-5EB1E8E6C3E6} = {6B281178-BABD-4D19-8422-D83E110F7B85}
		{A9072267-440C-4673-8539-324252F5CF3E} = {D1E610FF-6D79-49DA-83C1-5EB1E8E6C3E6}
		{2FC3A093-9E9E-474B-A8E4-1844A2B70122} = {1096B4E7-A203-434E-AF2F-725D8249A925}
		{D4025DCF-93F0-42FB-8199-20B322C15DA2} = {1096B4E7-A203-434E-AF2F-725D8249A925}
		{5AB7A8A2-4C8B-462C-999F-6024710FE1D4} = {F2D446C5-E66B-495D-A5AE-FA2AF330A0E5}
		{7D795932-E8BC-493F-BE04-2490C2C2A98B} = {4F39610F-36BD-4B76-8EE9-F8B5FD122E15}
	EndGlobalSection
	GlobalSection(ExtensibilityGlobals) = postSolution
		SolutionGuid = {B05C7628-CF51-4101-AA13-F8CD1550C59A}
	EndGlobalSection
EndGlobal
