
Microsoft Visual Studio Solution File, Format Version 12.00
# Visual Studio 14
VisualStudioVersion = 14.0.25420.1
MinimumVisualStudioVersion = 10.0.40219.1
Project("{FAE04EC0-301F-11D3-BF4B-00C04F79EFBC}") = "Demo", "Demo\Demo.csproj", "{4CBBD595-6D96-4899-8049-2530357F41AE}"
EndProject
Project("{FAE04EC0-301F-11D3-BF4B-00C04F79EFBC}") = "MvcApplication1", "MvcApplication1\MvcApplication1.csproj", "{68831E9E-C010-45A8-9CA3-5EADC2481626}"
EndProject
Project("{FAE04EC0-301F-11D3-BF4B-00C04F79EFBC}") = "DapperDemo", "DapperDemo\DapperDemo.csproj", "{1EDA2315-1D34-4BE6-9669-0E9CF4D3BAA2}"
EndProject
Project("{FAE04EC0-301F-11D3-BF4B-00C04F79EFBC}") = "NHibernateDemo", "NHibernateDemo\NHibernateDemo.csproj", "{A16112AC-0761-4222-825A-B1F95C446B9B}"
EndProject
Project("{FAE04EC0-301F-11D3-BF4B-00C04F79EFBC}") = "CouchbaseDemo", "CouchbaseDemo\CouchbaseDemo.csproj", "{004BD08A-A7AE-4EBA-B000-59DDBA98A35C}"
EndProject
Project("{FAE04EC0-301F-11D3-BF4B-00C04F79EFBC}") = "log4netDemo", "log4netDemo\log4netDemo.csproj", "{09576EA1-0C5E-4A70-B121-59D0E0F3A4DB}"
EndProject
Project("{FAE04EC0-301F-11D3-BF4B-00C04F79EFBC}") = "RedisDemo", "RedisDemo\RedisDemo.csproj", "{FC447E7B-AE9B-4227-9C72-BF5E6078DAE8}"
EndProject
Project("{FAE04EC0-301F-11D3-BF4B-00C04F79EFBC}") = "QuartzDemo", "QuartzDemo\QuartzDemo.csproj", "{9301961D-4F0E-4D49-996B-C61D013BF2E7}"
EndProject
Project("{FAE04EC0-301F-11D3-BF4B-00C04F79EFBC}") = "EFDemo", "EFDemo\EFDemo.csproj", "{2F91159D-5DF1-4E98-B988-A5AB2096A3F8}"
EndProject
Project("{FAE04EC0-301F-11D3-BF4B-00C04F79EFBC}") = "SamusMongoClientTest", "SamusMongoClientTest\SamusMongoClientTest.csproj", "{A030517E-ED0D-40A5-BB15-439C245B48B9}"
EndProject
Project("{FAE04EC0-301F-11D3-BF4B-00C04F79EFBC}") = "MongoDBDriverTest", "MongoDBDriverTest\MongoDBDriverTest.csproj", "{BA1F57BC-C2AF-42A2-A8E1-2A9F2B2A518A}"
EndProject
Project("{FAE04EC0-301F-11D3-BF4B-00C04F79EFBC}") = "MSMQTest", "MSMQTest\MSMQTest.csproj", "{D5F1FB47-5986-4557-8255-8160F34F2981}"
EndProject
Project("{2150E333-8FDC-42A3-9474-1A3956D46DE8}") = "RabbiteMQTest", "RabbiteMQTest", "{01B59421-FF5C-4890-B75C-86238B1F9492}"
EndProject
Project("{FAE04EC0-301F-11D3-BF4B-00C04F79EFBC}") = "RabbiteMQSender", "RabbiteMQSender\RabbiteMQSender.csproj", "{D86F97A5-360C-4057-8B56-2CC02E556FA1}"
EndProject
Project("{FAE04EC0-301F-11D3-BF4B-00C04F79EFBC}") = "RabbiteMQReceiver", "RabbiteMQReceiver\RabbiteMQReceiver.csproj", "{E8033AA7-BE9B-4B1B-98A7-EEC34E496659}"
EndProject
Project("{2150E333-8FDC-42A3-9474-1A3956D46DE8}") = "MongoTest", "MongoTest", "{7B98EC27-7160-4C2C-A3A6-5154FF63FFE7}"
EndProject
Project("{8BB2217D-0F2D-49D1-97BC-3654ED321F3B}") = "CoreConsoleApp", "CoreConsoleApp\CoreConsoleApp.xproj", "{BDCB32DF-BB9E-4ED8-862E-B60E3428EDC6}"
EndProject
Project("{2150E333-8FDC-42A3-9474-1A3956D46DE8}") = ".NET Core", ".NET Core", "{96856C9E-A230-48A1-A332-45460F7761CE}"
EndProject
Project("{FAE04EC0-301F-11D3-BF4B-00C04F79EFBC}") = "ExcelDemo", "ExcelDemo\ExcelDemo.csproj", "{DEC5E239-C000-487E-B4F9-AEFAB36F057B}"
EndProject
Project("{FAE04EC0-301F-11D3-BF4B-00C04F79EFBC}") = "MongoDBDriderPressureTest", "MongoDBDriderPressureTest\MongoDBDriderPressureTest.csproj", "{64FF5E88-9072-44C7-A208-EEB2714CDA95}"
EndProject
Project("{FAE04EC0-301F-11D3-BF4B-00C04F79EFBC}") = "MongoEntity", "MongoEntity\MongoEntity.csproj", "{975D07E8-C514-4791-BA5C-2C13A3D36F21}"
EndProject
Project("{2150E333-8FDC-42A3-9474-1A3956D46DE8}") = "SQL Server", "SQL Server", "{448FC167-25F9-455D-9CA4-F5A435906F0A}"
EndProject
Project("{FAE04EC0-301F-11D3-BF4B-00C04F79EFBC}") = "SQLServerTest", "SQLServerTest\SQLServerTest.csproj", "{93DA69F8-CD6F-4469-B585-F2C33E6CAC87}"
EndProject
Project("{FAE04EC0-301F-11D3-BF4B-00C04F79EFBC}") = "PostSharpDemo", "PostSharpDemo\PostSharpDemo.csproj", "{1A36BFC4-62EF-44E4-8228-73972C743B2C}"
EndProject
Project("{2150E333-8FDC-42A3-9474-1A3956D46DE8}") = "AOP", "AOP", "{DBB0493B-2A2A-4228-B01D-C0C1F8FBC28A}"
EndProject
Project("{FAE04EC0-301F-11D3-BF4B-00C04F79EFBC}") = "AOPDemo", "AOPDemo\AOPDemo.csproj", "{5A729297-4FB2-4716-8F93-F840A4416D0D}"
EndProject
Project("{2150E333-8FDC-42A3-9474-1A3956D46DE8}") = "IOC", "IOC", "{74F34BDD-CB95-4C4B-9386-7F2817CCD468}"
EndProject
Project("{FAE04EC0-301F-11D3-BF4B-00C04F79EFBC}") = "AutofacDemo", "AutofacDemo\AutofacDemo.csproj", "{9F357920-3FD3-4336-9DEF-74A084CC2644}"
EndProject
Project("{FAE04EC0-301F-11D3-BF4B-00C04F79EFBC}") = "NinjectDemo", "NinjectDemo\NinjectDemo.csproj", "{55BDF86C-3421-424A-BE83-C3EAD1FD23DB}"
EndProject
Project("{FAE04EC0-301F-11D3-BF4B-00C04F79EFBC}") = "AutofacWebAPI", "AutofacWebAPI\AutofacWebAPI.csproj", "{C8900A4C-FC79-45EF-8A6B-63B5A7B0B4B4}"
EndProject
Global
	GlobalSection(SolutionConfigurationPlatforms) = preSolution
		Debug|Any CPU = Debug|Any CPU
		Release|Any CPU = Release|Any CPU
	EndGlobalSection
	GlobalSection(ProjectConfigurationPlatforms) = postSolution
		{4CBBD595-6D96-4899-8049-2530357F41AE}.Debug|Any CPU.ActiveCfg = Debug|Any CPU
		{4CBBD595-6D96-4899-8049-2530357F41AE}.Debug|Any CPU.Build.0 = Debug|Any CPU
		{4CBBD595-6D96-4899-8049-2530357F41AE}.Release|Any CPU.ActiveCfg = Release|Any CPU
		{4CBBD595-6D96-4899-8049-2530357F41AE}.Release|Any CPU.Build.0 = Release|Any CPU
		{68831E9E-C010-45A8-9CA3-5EADC2481626}.Debug|Any CPU.ActiveCfg = Debug|Any CPU
		{68831E9E-C010-45A8-9CA3-5EADC2481626}.Debug|Any CPU.Build.0 = Debug|Any CPU
		{68831E9E-C010-45A8-9CA3-5EADC2481626}.Release|Any CPU.ActiveCfg = Release|Any CPU
		{68831E9E-C010-45A8-9CA3-5EADC2481626}.Release|Any CPU.Build.0 = Release|Any CPU
		{1EDA2315-1D34-4BE6-9669-0E9CF4D3BAA2}.Debug|Any CPU.ActiveCfg = Debug|Any CPU
		{1EDA2315-1D34-4BE6-9669-0E9CF4D3BAA2}.Debug|Any CPU.Build.0 = Debug|Any CPU
		{1EDA2315-1D34-4BE6-9669-0E9CF4D3BAA2}.Release|Any CPU.ActiveCfg = Release|Any CPU
		{1EDA2315-1D34-4BE6-9669-0E9CF4D3BAA2}.Release|Any CPU.Build.0 = Release|Any CPU
		{A16112AC-0761-4222-825A-B1F95C446B9B}.Debug|Any CPU.ActiveCfg = Debug|Any CPU
		{A16112AC-0761-4222-825A-B1F95C446B9B}.Debug|Any CPU.Build.0 = Debug|Any CPU
		{A16112AC-0761-4222-825A-B1F95C446B9B}.Release|Any CPU.ActiveCfg = Release|Any CPU
		{A16112AC-0761-4222-825A-B1F95C446B9B}.Release|Any CPU.Build.0 = Release|Any CPU
		{004BD08A-A7AE-4EBA-B000-59DDBA98A35C}.Debug|Any CPU.ActiveCfg = Debug|Any CPU
		{004BD08A-A7AE-4EBA-B000-59DDBA98A35C}.Debug|Any CPU.Build.0 = Debug|Any CPU
		{004BD08A-A7AE-4EBA-B000-59DDBA98A35C}.Release|Any CPU.ActiveCfg = Release|Any CPU
		{004BD08A-A7AE-4EBA-B000-59DDBA98A35C}.Release|Any CPU.Build.0 = Release|Any CPU
		{09576EA1-0C5E-4A70-B121-59D0E0F3A4DB}.Debug|Any CPU.ActiveCfg = Debug|Any CPU
		{09576EA1-0C5E-4A70-B121-59D0E0F3A4DB}.Debug|Any CPU.Build.0 = Debug|Any CPU
		{09576EA1-0C5E-4A70-B121-59D0E0F3A4DB}.Release|Any CPU.ActiveCfg = Release|Any CPU
		{09576EA1-0C5E-4A70-B121-59D0E0F3A4DB}.Release|Any CPU.Build.0 = Release|Any CPU
		{FC447E7B-AE9B-4227-9C72-BF5E6078DAE8}.Debug|Any CPU.ActiveCfg = Debug|Any CPU
		{FC447E7B-AE9B-4227-9C72-BF5E6078DAE8}.Debug|Any CPU.Build.0 = Debug|Any CPU
		{FC447E7B-AE9B-4227-9C72-BF5E6078DAE8}.Release|Any CPU.ActiveCfg = Release|Any CPU
		{FC447E7B-AE9B-4227-9C72-BF5E6078DAE8}.Release|Any CPU.Build.0 = Release|Any CPU
		{9301961D-4F0E-4D49-996B-C61D013BF2E7}.Debug|Any CPU.ActiveCfg = Debug|Any CPU
		{9301961D-4F0E-4D49-996B-C61D013BF2E7}.Debug|Any CPU.Build.0 = Debug|Any CPU
		{9301961D-4F0E-4D49-996B-C61D013BF2E7}.Release|Any CPU.ActiveCfg = Release|Any CPU
		{9301961D-4F0E-4D49-996B-C61D013BF2E7}.Release|Any CPU.Build.0 = Release|Any CPU
		{2F91159D-5DF1-4E98-B988-A5AB2096A3F8}.Debug|Any CPU.ActiveCfg = Debug|Any CPU
		{2F91159D-5DF1-4E98-B988-A5AB2096A3F8}.Debug|Any CPU.Build.0 = Debug|Any CPU
		{2F91159D-5DF1-4E98-B988-A5AB2096A3F8}.Release|Any CPU.ActiveCfg = Release|Any CPU
		{2F91159D-5DF1-4E98-B988-A5AB2096A3F8}.Release|Any CPU.Build.0 = Release|Any CPU
		{A030517E-ED0D-40A5-BB15-439C245B48B9}.Debug|Any CPU.ActiveCfg = Debug|Any CPU
		{A030517E-ED0D-40A5-BB15-439C245B48B9}.Debug|Any CPU.Build.0 = Debug|Any CPU
		{A030517E-ED0D-40A5-BB15-439C245B48B9}.Release|Any CPU.ActiveCfg = Release|Any CPU
		{A030517E-ED0D-40A5-BB15-439C245B48B9}.Release|Any CPU.Build.0 = Release|Any CPU
		{BA1F57BC-C2AF-42A2-A8E1-2A9F2B2A518A}.Debug|Any CPU.ActiveCfg = Debug|Any CPU
		{BA1F57BC-C2AF-42A2-A8E1-2A9F2B2A518A}.Debug|Any CPU.Build.0 = Debug|Any CPU
		{BA1F57BC-C2AF-42A2-A8E1-2A9F2B2A518A}.Release|Any CPU.ActiveCfg = Release|Any CPU
		{BA1F57BC-C2AF-42A2-A8E1-2A9F2B2A518A}.Release|Any CPU.Build.0 = Release|Any CPU
		{D5F1FB47-5986-4557-8255-8160F34F2981}.Debug|Any CPU.ActiveCfg = Debug|Any CPU
		{D5F1FB47-5986-4557-8255-8160F34F2981}.Debug|Any CPU.Build.0 = Debug|Any CPU
		{D5F1FB47-5986-4557-8255-8160F34F2981}.Release|Any CPU.ActiveCfg = Release|Any CPU
		{D5F1FB47-5986-4557-8255-8160F34F2981}.Release|Any CPU.Build.0 = Release|Any CPU
		{D86F97A5-360C-4057-8B56-2CC02E556FA1}.Debug|Any CPU.ActiveCfg = Debug|Any CPU
		{D86F97A5-360C-4057-8B56-2CC02E556FA1}.Debug|Any CPU.Build.0 = Debug|Any CPU
		{D86F97A5-360C-4057-8B56-2CC02E556FA1}.Release|Any CPU.ActiveCfg = Release|Any CPU
		{D86F97A5-360C-4057-8B56-2CC02E556FA1}.Release|Any CPU.Build.0 = Release|Any CPU
		{E8033AA7-BE9B-4B1B-98A7-EEC34E496659}.Debug|Any CPU.ActiveCfg = Debug|Any CPU
		{E8033AA7-BE9B-4B1B-98A7-EEC34E496659}.Debug|Any CPU.Build.0 = Debug|Any CPU
		{E8033AA7-BE9B-4B1B-98A7-EEC34E496659}.Release|Any CPU.ActiveCfg = Release|Any CPU
		{E8033AA7-BE9B-4B1B-98A7-EEC34E496659}.Release|Any CPU.Build.0 = Release|Any CPU
		{BDCB32DF-BB9E-4ED8-862E-B60E3428EDC6}.Debug|Any CPU.ActiveCfg = Debug|Any CPU
		{BDCB32DF-BB9E-4ED8-862E-B60E3428EDC6}.Debug|Any CPU.Build.0 = Debug|Any CPU
		{BDCB32DF-BB9E-4ED8-862E-B60E3428EDC6}.Release|Any CPU.ActiveCfg = Release|Any CPU
		{BDCB32DF-BB9E-4ED8-862E-B60E3428EDC6}.Release|Any CPU.Build.0 = Release|Any CPU
		{DEC5E239-C000-487E-B4F9-AEFAB36F057B}.Debug|Any CPU.ActiveCfg = Debug|Any CPU
		{DEC5E239-C000-487E-B4F9-AEFAB36F057B}.Debug|Any CPU.Build.0 = Debug|Any CPU
		{DEC5E239-C000-487E-B4F9-AEFAB36F057B}.Release|Any CPU.ActiveCfg = Release|Any CPU
		{DEC5E239-C000-487E-B4F9-AEFAB36F057B}.Release|Any CPU.Build.0 = Release|Any CPU
		{64FF5E88-9072-44C7-A208-EEB2714CDA95}.Debug|Any CPU.ActiveCfg = Debug|Any CPU
		{64FF5E88-9072-44C7-A208-EEB2714CDA95}.Debug|Any CPU.Build.0 = Debug|Any CPU
		{64FF5E88-9072-44C7-A208-EEB2714CDA95}.Release|Any CPU.ActiveCfg = Release|Any CPU
		{64FF5E88-9072-44C7-A208-EEB2714CDA95}.Release|Any CPU.Build.0 = Release|Any CPU
		{975D07E8-C514-4791-BA5C-2C13A3D36F21}.Debug|Any CPU.ActiveCfg = Debug|Any CPU
		{975D07E8-C514-4791-BA5C-2C13A3D36F21}.Debug|Any CPU.Build.0 = Debug|Any CPU
		{975D07E8-C514-4791-BA5C-2C13A3D36F21}.Release|Any CPU.ActiveCfg = Release|Any CPU
		{975D07E8-C514-4791-BA5C-2C13A3D36F21}.Release|Any CPU.Build.0 = Release|Any CPU
		{93DA69F8-CD6F-4469-B585-F2C33E6CAC87}.Debug|Any CPU.ActiveCfg = Debug|Any CPU
		{93DA69F8-CD6F-4469-B585-F2C33E6CAC87}.Debug|Any CPU.Build.0 = Debug|Any CPU
		{93DA69F8-CD6F-4469-B585-F2C33E6CAC87}.Release|Any CPU.ActiveCfg = Release|Any CPU
		{93DA69F8-CD6F-4469-B585-F2C33E6CAC87}.Release|Any CPU.Build.0 = Release|Any CPU
		{1A36BFC4-62EF-44E4-8228-73972C743B2C}.Debug|Any CPU.ActiveCfg = Debug|Any CPU
		{1A36BFC4-62EF-44E4-8228-73972C743B2C}.Debug|Any CPU.Build.0 = Debug|Any CPU
		{1A36BFC4-62EF-44E4-8228-73972C743B2C}.Release|Any CPU.ActiveCfg = Release|Any CPU
		{1A36BFC4-62EF-44E4-8228-73972C743B2C}.Release|Any CPU.Build.0 = Release|Any CPU
		{5A729297-4FB2-4716-8F93-F840A4416D0D}.Debug|Any CPU.ActiveCfg = Debug|Any CPU
		{5A729297-4FB2-4716-8F93-F840A4416D0D}.Debug|Any CPU.Build.0 = Debug|Any CPU
		{5A729297-4FB2-4716-8F93-F840A4416D0D}.Release|Any CPU.ActiveCfg = Release|Any CPU
		{5A729297-4FB2-4716-8F93-F840A4416D0D}.Release|Any CPU.Build.0 = Release|Any CPU
		{9F357920-3FD3-4336-9DEF-74A084CC2644}.Debug|Any CPU.ActiveCfg = Debug|Any CPU
		{9F357920-3FD3-4336-9DEF-74A084CC2644}.Debug|Any CPU.Build.0 = Debug|Any CPU
		{9F357920-3FD3-4336-9DEF-74A084CC2644}.Release|Any CPU.ActiveCfg = Release|Any CPU
		{9F357920-3FD3-4336-9DEF-74A084CC2644}.Release|Any CPU.Build.0 = Release|Any CPU
		{55BDF86C-3421-424A-BE83-C3EAD1FD23DB}.Debug|Any CPU.ActiveCfg = Debug|Any CPU
		{55BDF86C-3421-424A-BE83-C3EAD1FD23DB}.Debug|Any CPU.Build.0 = Debug|Any CPU
		{55BDF86C-3421-424A-BE83-C3EAD1FD23DB}.Release|Any CPU.ActiveCfg = Release|Any CPU
		{55BDF86C-3421-424A-BE83-C3EAD1FD23DB}.Release|Any CPU.Build.0 = Release|Any CPU
		{C8900A4C-FC79-45EF-8A6B-63B5A7B0B4B4}.Debug|Any CPU.ActiveCfg = Debug|Any CPU
		{C8900A4C-FC79-45EF-8A6B-63B5A7B0B4B4}.Debug|Any CPU.Build.0 = Debug|Any CPU
		{C8900A4C-FC79-45EF-8A6B-63B5A7B0B4B4}.Release|Any CPU.ActiveCfg = Release|Any CPU
		{C8900A4C-FC79-45EF-8A6B-63B5A7B0B4B4}.Release|Any CPU.Build.0 = Release|Any CPU
	EndGlobalSection
	GlobalSection(SolutionProperties) = preSolution
		HideSolutionNode = FALSE
	EndGlobalSection
	GlobalSection(NestedProjects) = preSolution
		{A030517E-ED0D-40A5-BB15-439C245B48B9} = {7B98EC27-7160-4C2C-A3A6-5154FF63FFE7}
		{BA1F57BC-C2AF-42A2-A8E1-2A9F2B2A518A} = {7B98EC27-7160-4C2C-A3A6-5154FF63FFE7}
		{D86F97A5-360C-4057-8B56-2CC02E556FA1} = {01B59421-FF5C-4890-B75C-86238B1F9492}
		{E8033AA7-BE9B-4B1B-98A7-EEC34E496659} = {01B59421-FF5C-4890-B75C-86238B1F9492}
		{BDCB32DF-BB9E-4ED8-862E-B60E3428EDC6} = {96856C9E-A230-48A1-A332-45460F7761CE}
		{64FF5E88-9072-44C7-A208-EEB2714CDA95} = {7B98EC27-7160-4C2C-A3A6-5154FF63FFE7}
		{975D07E8-C514-4791-BA5C-2C13A3D36F21} = {7B98EC27-7160-4C2C-A3A6-5154FF63FFE7}
		{5A729297-4FB2-4716-8F93-F840A4416D0D} = {DBB0493B-2A2A-4228-B01D-C0C1F8FBC28A}
		{9F357920-3FD3-4336-9DEF-74A084CC2644} = {74F34BDD-CB95-4C4B-9386-7F2817CCD468}
		{55BDF86C-3421-424A-BE83-C3EAD1FD23DB} = {74F34BDD-CB95-4C4B-9386-7F2817CCD468}
		{C8900A4C-FC79-45EF-8A6B-63B5A7B0B4B4} = {74F34BDD-CB95-4C4B-9386-7F2817CCD468}
	EndGlobalSection
EndGlobal
