
Microsoft Visual Studio Solution File, Format Version 12.00
# Visual Studio 2013
VisualStudioVersion = 12.0.40629.0
MinimumVisualStudioVersion = 10.0.40219.1
Project("{FAE04EC0-301F-11D3-BF4B-00C04F79EFBC}") = "Demo", "Demo\Demo.csproj", "{4CBBD595-6D96-4899-8049-2530357F41AE}"
EndProject
Project("{FAE04EC0-301F-11D3-BF4B-00C04F79EFBC}") = "MvcApplication1", "MvcApplication1\MvcApplication1.csproj", "{68831E9E-C010-45A8-9CA3-5EADC2481626}"
EndProject
Project("{FAE04EC0-301F-11D3-BF4B-00C04F79EFBC}") = "DapperDemo", "DapperDemo\DapperDemo.csproj", "{1EDA2315-1D34-4BE6-9669-0E9CF4D3BAA2}"
EndProject
Project("{FAE04EC0-301F-11D3-BF4B-00C04F79EFBC}") = "NHibernateDemo", "NHibernateDemo\NHibernateDemo.csproj", "{A16112AC-0761-4222-825A-B1F95C446B9B}"
EndProject
Project("{FAE04EC0-301F-11D3-BF4B-00C04F79EFBC}") = "CouchbaseDemo", "CouchbaseDemo\CouchbaseDemo.csproj", "{004BD08A-A7AE-4EBA-B000-59DDBA98A35C}"
EndProject
Project("{FAE04EC0-301F-11D3-BF4B-00C04F79EFBC}") = "log4netDemo", "log4netDemo\log4netDemo.csproj", "{09576EA1-0C5E-4A70-B121-59D0E0F3A4DB}"
EndProject
Project("{FAE04EC0-301F-11D3-BF4B-00C04F79EFBC}") = "RedisDemo", "RedisDemo\RedisDemo.csproj", "{FC447E7B-AE9B-4227-9C72-BF5E6078DAE8}"
EndProject
Project("{FAE04EC0-301F-11D3-BF4B-00C04F79EFBC}") = "QuartzDemo", "QuartzDemo\QuartzDemo.csproj", "{9301961D-4F0E-4D49-996B-C61D013BF2E7}"
EndProject
Project("{FAE04EC0-301F-11D3-BF4B-00C04F79EFBC}") = "EFDemo", "EFDemo\EFDemo.csproj", "{2F91159D-5DF1-4E98-B988-A5AB2096A3F8}"
EndProject
Project("{FAE04EC0-301F-11D3-BF4B-00C04F79EFBC}") = "SamusMongoClientTest", "SamusMongoClientTest\SamusMongoClientTest.csproj", "{A030517E-ED0D-40A5-BB15-439C245B48B9}"
EndProject
Project("{FAE04EC0-301F-11D3-BF4B-00C04F79EFBC}") = "MongoDBDriverTest", "MongoDBDriverTest\MongoDBDriverTest.csproj", "{BA1F57BC-C2AF-42A2-A8E1-2A9F2B2A518A}"
EndProject
Global
	GlobalSection(SolutionConfigurationPlatforms) = preSolution
		Debug|Any CPU = Debug|Any CPU
		Release|Any CPU = Release|Any CPU
	EndGlobalSection
	GlobalSection(ProjectConfigurationPlatforms) = postSolution
		{4CBBD595-6D96-4899-8049-2530357F41AE}.Debug|Any CPU.ActiveCfg = Debug|Any CPU
		{4CBBD595-6D96-4899-8049-2530357F41AE}.Debug|Any CPU.Build.0 = Debug|Any CPU
		{4CBBD595-6D96-4899-8049-2530357F41AE}.Release|Any CPU.ActiveCfg = Release|Any CPU
		{4CBBD595-6D96-4899-8049-2530357F41AE}.Release|Any CPU.Build.0 = Release|Any CPU
		{68831E9E-C010-45A8-9CA3-5EADC2481626}.Debug|Any CPU.ActiveCfg = Debug|Any CPU
		{68831E9E-C010-45A8-9CA3-5EADC2481626}.Debug|Any CPU.Build.0 = Debug|Any CPU
		{68831E9E-C010-45A8-9CA3-5EADC2481626}.Release|Any CPU.ActiveCfg = Release|Any CPU
		{68831E9E-C010-45A8-9CA3-5EADC2481626}.Release|Any CPU.Build.0 = Release|Any CPU
		{1EDA2315-1D34-4BE6-9669-0E9CF4D3BAA2}.Debug|Any CPU.ActiveCfg = Debug|Any CPU
		{1EDA2315-1D34-4BE6-9669-0E9CF4D3BAA2}.Debug|Any CPU.Build.0 = Debug|Any CPU
		{1EDA2315-1D34-4BE6-9669-0E9CF4D3BAA2}.Release|Any CPU.ActiveCfg = Release|Any CPU
		{1EDA2315-1D34-4BE6-9669-0E9CF4D3BAA2}.Release|Any CPU.Build.0 = Release|Any CPU
		{A16112AC-0761-4222-825A-B1F95C446B9B}.Debug|Any CPU.ActiveCfg = Debug|Any CPU
		{A16112AC-0761-4222-825A-B1F95C446B9B}.Debug|Any CPU.Build.0 = Debug|Any CPU
		{A16112AC-0761-4222-825A-B1F95C446B9B}.Release|Any CPU.ActiveCfg = Release|Any CPU
		{A16112AC-0761-4222-825A-B1F95C446B9B}.Release|Any CPU.Build.0 = Release|Any CPU
		{004BD08A-A7AE-4EBA-B000-59DDBA98A35C}.Debug|Any CPU.ActiveCfg = Debug|Any CPU
		{004BD08A-A7AE-4EBA-B000-59DDBA98A35C}.Debug|Any CPU.Build.0 = Debug|Any CPU
		{004BD08A-A7AE-4EBA-B000-59DDBA98A35C}.Release|Any CPU.ActiveCfg = Release|Any CPU
		{004BD08A-A7AE-4EBA-B000-59DDBA98A35C}.Release|Any CPU.Build.0 = Release|Any CPU
		{09576EA1-0C5E-4A70-B121-59D0E0F3A4DB}.Debug|Any CPU.ActiveCfg = Debug|Any CPU
		{09576EA1-0C5E-4A70-B121-59D0E0F3A4DB}.Debug|Any CPU.Build.0 = Debug|Any CPU
		{09576EA1-0C5E-4A70-B121-59D0E0F3A4DB}.Release|Any CPU.ActiveCfg = Release|Any CPU
		{09576EA1-0C5E-4A70-B121-59D0E0F3A4DB}.Release|Any CPU.Build.0 = Release|Any CPU
		{FC447E7B-AE9B-4227-9C72-BF5E6078DAE8}.Debug|Any CPU.ActiveCfg = Debug|Any CPU
		{FC447E7B-AE9B-4227-9C72-BF5E6078DAE8}.Debug|Any CPU.Build.0 = Debug|Any CPU
		{FC447E7B-AE9B-4227-9C72-BF5E6078DAE8}.Release|Any CPU.ActiveCfg = Release|Any CPU
		{FC447E7B-AE9B-4227-9C72-BF5E6078DAE8}.Release|Any CPU.Build.0 = Release|Any CPU
		{9301961D-4F0E-4D49-996B-C61D013BF2E7}.Debug|Any CPU.ActiveCfg = Debug|Any CPU
		{9301961D-4F0E-4D49-996B-C61D013BF2E7}.Debug|Any CPU.Build.0 = Debug|Any CPU
		{9301961D-4F0E-4D49-996B-C61D013BF2E7}.Release|Any CPU.ActiveCfg = Release|Any CPU
		{9301961D-4F0E-4D49-996B-C61D013BF2E7}.Release|Any CPU.Build.0 = Release|Any CPU
		{2F91159D-5DF1-4E98-B988-A5AB2096A3F8}.Debug|Any CPU.ActiveCfg = Debug|Any CPU
		{2F91159D-5DF1-4E98-B988-A5AB2096A3F8}.Debug|Any CPU.Build.0 = Debug|Any CPU
		{2F91159D-5DF1-4E98-B988-A5AB2096A3F8}.Release|Any CPU.ActiveCfg = Release|Any CPU
		{2F91159D-5DF1-4E98-B988-A5AB2096A3F8}.Release|Any CPU.Build.0 = Release|Any CPU
		{A030517E-ED0D-40A5-BB15-439C245B48B9}.Debug|Any CPU.ActiveCfg = Debug|Any CPU
		{A030517E-ED0D-40A5-BB15-439C245B48B9}.Debug|Any CPU.Build.0 = Debug|Any CPU
		{A030517E-ED0D-40A5-BB15-439C245B48B9}.Release|Any CPU.ActiveCfg = Release|Any CPU
		{A030517E-ED0D-40A5-BB15-439C245B48B9}.Release|Any CPU.Build.0 = Release|Any CPU
		{BA1F57BC-C2AF-42A2-A8E1-2A9F2B2A518A}.Debug|Any CPU.ActiveCfg = Debug|Any CPU
		{BA1F57BC-C2AF-42A2-A8E1-2A9F2B2A518A}.Debug|Any CPU.Build.0 = Debug|Any CPU
		{BA1F57BC-C2AF-42A2-A8E1-2A9F2B2A518A}.Release|Any CPU.ActiveCfg = Release|Any CPU
		{BA1F57BC-C2AF-42A2-A8E1-2A9F2B2A518A}.Release|Any CPU.Build.0 = Release|Any CPU
	EndGlobalSection
	GlobalSection(SolutionProperties) = preSolution
		HideSolutionNode = FALSE
	EndGlobalSection
EndGlobal
