
Microsoft Visual Studio Solution File, Format Version 12.00
# Visual Studio Version 17
VisualStudioVersion = 17.4.33103.184
MinimumVisualStudioVersion = 10.0.40219.1
Project("{2150E333-8FDC-42A3-9474-1A3956D46DE8}") = "Summary", "Summary", "{5542155C-5BAA-4223-838B-5D220495E8AA}"
EndProject
Project("{FAE04EC0-301F-11D3-BF4B-00C04F79EFBC}") = "Summary.Framework.Console", "summary\Summary.Framework.Console\Summary.Framework.Console.csproj", "{B237F739-0403-4DBA-8964-7D868D00DDF7}"
EndProject
Project("{FAE04EC0-301F-11D3-BF4B-00C04F79EFBC}") = "Summary.Framework.AsyncStateMachine", "summary\Summary.Framework.AsyncStateMachine\Summary.Framework.AsyncStateMachine.csproj", "{27F484DA-2F38-49B7-8BBB-009EFB56A91C}"
EndProject
Project("{FAE04EC0-301F-11D3-BF4B-00C04F79EFBC}") = "Summary.Framework.Task", "summary\Summary.Framework.Task\Summary.Framework.Task.csproj", "{D59AFA21-1679-4173-924B-69499ADFB1B0}"
EndProject
Project("{FAE04EC0-301F-11D3-BF4B-00C04F79EFBC}") = "Summary.Framework.Test", "summary\Summary.Framework.Test\Summary.Framework.Test.csproj", "{0F21E250-F8C1-442C-9571-134ED3DB2BA3}"
EndProject
Project("{2150E333-8FDC-42A3-9474-1A3956D46DE8}") = "Framework", "Framework", "{917A73A4-9018-44A3-8943-FC86F7D1A5CB}"
EndProject
Project("{2150E333-8FDC-42A3-9474-1A3956D46DE8}") = "net7", "net7", "{E564A62A-F6DA-492F-928D-E91A570047CC}"
EndProject
Project("{9A19103F-16F7-4668-BE54-9A1E7A4F7556}") = "Summary.Net7.Test", "summary\Summary.Net7.Test\Summary.Net7.Test.csproj", "{31EF851F-F5F5-4199-A175-3F84B7B1737F}"
EndProject
Project("{9A19103F-16F7-4668-BE54-9A1E7A4F7556}") = "Summary.Net7.WebAPI", "summary\Summary.Net7.WebAPI\Summary.Net7.WebAPI.csproj", "{D4D6DDCD-B068-49FE-87A9-166C0E0A3D3B}"
EndProject
Project("{9A19103F-16F7-4668-BE54-9A1E7A4F7556}") = "Summary.Net7.ConsoleApp", "summary\Summary.Net7.ConsoleApp\Summary.Net7.ConsoleApp.csproj", "{CC092AE2-E04C-4713-BEFE-071A92ECC37E}"
EndProject
Project("{2150E333-8FDC-42A3-9474-1A3956D46DE8}") = "DesignPatterns", "DesignPatterns", "{D8A72CA9-8F63-4DEA-B8DA-9FC82FC90871}"
EndProject
Project("{9A19103F-16F7-4668-BE54-9A1E7A4F7556}") = "Summary.DesignPatterns", "summary\DesignPatterns\Summary.DesignPatterns\Summary.DesignPatterns.csproj", "{FB7ED0BD-9D3D-492F-A4A9-439368940233}"
EndProject
Project("{9A19103F-16F7-4668-BE54-9A1E7A4F7556}") = "Summary.DesignPatterns.Test", "summary\DesignPatterns\Summary.DesignPatterns.Test\Summary.DesignPatterns.Test.csproj", "{6D17C0BC-16A3-4707-8B4F-CBE4F7ABB33C}"
EndProject
Project("{9A19103F-16F7-4668-BE54-9A1E7A4F7556}") = "Summary.CodeSnippet", "summary\Summary.CodeSnippet\Summary.CodeSnippet.csproj", "{F8C5B93E-8D53-46AF-858B-FBE22DCF3B25}"
EndProject
Project("{2150E333-8FDC-42A3-9474-1A3956D46DE8}") = "Volo.Abp", "Volo.Abp", "{603E8713-DAE3-4CEE-A2E1-BAE959071030}"
EndProject
Project("{9A19103F-16F7-4668-BE54-9A1E7A4F7556}") = "Beisen.Survey.Domain.Shared", "summary\Volo.Abp\Beisen.Survey.Domain.Shared\Beisen.Survey.Domain.Shared.csproj", "{4319770E-2171-48F2-ACE5-5B3A8180DC70}"
EndProject
Project("{9A19103F-16F7-4668-BE54-9A1E7A4F7556}") = "Beisen.Survey.Domain", "summary\Volo.Abp\Beisen.Survey.Domain\Beisen.Survey.Domain.csproj", "{8F9ECD31-5B78-42CC-AB88-E63C30D635A9}"
EndProject
Project("{9A19103F-16F7-4668-BE54-9A1E7A4F7556}") = "Beisen.Survey.EntityFrameworkCore", "summary\Volo.Abp\Beisen.Survey.EntityFrameworkCore\Beisen.Survey.EntityFrameworkCore.csproj", "{93C86C6B-3CA9-4CC9-AA5F-719301D15F33}"
EndProject
Project("{9A19103F-16F7-4668-BE54-9A1E7A4F7556}") = "Beisen.Survey.Application.Contracts", "summary\Volo.Abp\Beisen.Survey.Application.Contracts\Beisen.Survey.Application.Contracts.csproj", "{8FBC1B78-AFB4-4426-9C4A-F71FD9987EC4}"
EndProject
Project("{9A19103F-16F7-4668-BE54-9A1E7A4F7556}") = "Beisen.Survey.Application", "summary\Volo.Abp\Beisen.Survey.Application\Beisen.Survey.Application.csproj", "{8C47F154-5B04-420F-8D23-A31A7564543B}"
EndProject
Project("{9A19103F-16F7-4668-BE54-9A1E7A4F7556}") = "Beisen.Survey.HttpApi", "summary\Volo.Abp\Beisen.Survey.HttpApi\Beisen.Survey.HttpApi.csproj", "{3754A343-A57A-4C11-8679-5428CCAF0B97}"
EndProject
Project("{9A19103F-16F7-4668-BE54-9A1E7A4F7556}") = "Beisen.Survey.Web", "summary\Volo.Abp\Beisen.Survey.Web\Beisen.Survey.Web.csproj", "{DCF441A6-D425-4A96-8AAF-21D87580558A}"
EndProject
Global
	GlobalSection(SolutionConfigurationPlatforms) = preSolution
		Debug|Any CPU = Debug|Any CPU
		Debug|arm64 = Debug|arm64
		Debug|x86 = Debug|x86
		Release|Any CPU = Release|Any CPU
		Release|arm64 = Release|arm64
		Release|x86 = Release|x86
	EndGlobalSection
	GlobalSection(ProjectConfigurationPlatforms) = postSolution
		{B237F739-0403-4DBA-8964-7D868D00DDF7}.Debug|Any CPU.ActiveCfg = Debug|Any CPU
		{B237F739-0403-4DBA-8964-7D868D00DDF7}.Debug|Any CPU.Build.0 = Debug|Any CPU
		{B237F739-0403-4DBA-8964-7D868D00DDF7}.Debug|arm64.ActiveCfg = Debug|Any CPU
		{B237F739-0403-4DBA-8964-7D868D00DDF7}.Debug|arm64.Build.0 = Debug|Any CPU
		{B237F739-0403-4DBA-8964-7D868D00DDF7}.Debug|x86.ActiveCfg = Debug|Any CPU
		{B237F739-0403-4DBA-8964-7D868D00DDF7}.Debug|x86.Build.0 = Debug|Any CPU
		{B237F739-0403-4DBA-8964-7D868D00DDF7}.Release|Any CPU.ActiveCfg = Release|Any CPU
		{B237F739-0403-4DBA-8964-7D868D00DDF7}.Release|Any CPU.Build.0 = Release|Any CPU
		{B237F739-0403-4DBA-8964-7D868D00DDF7}.Release|arm64.ActiveCfg = Release|Any CPU
		{B237F739-0403-4DBA-8964-7D868D00DDF7}.Release|arm64.Build.0 = Release|Any CPU
		{B237F739-0403-4DBA-8964-7D868D00DDF7}.Release|x86.ActiveCfg = Release|Any CPU
		{B237F739-0403-4DBA-8964-7D868D00DDF7}.Release|x86.Build.0 = Release|Any CPU
		{27F484DA-2F38-49B7-8BBB-009EFB56A91C}.Debug|Any CPU.ActiveCfg = Debug|Any CPU
		{27F484DA-2F38-49B7-8BBB-009EFB56A91C}.Debug|Any CPU.Build.0 = Debug|Any CPU
		{27F484DA-2F38-49B7-8BBB-009EFB56A91C}.Debug|arm64.ActiveCfg = Debug|Any CPU
		{27F484DA-2F38-49B7-8BBB-009EFB56A91C}.Debug|arm64.Build.0 = Debug|Any CPU
		{27F484DA-2F38-49B7-8BBB-009EFB56A91C}.Debug|x86.ActiveCfg = Debug|Any CPU
		{27F484DA-2F38-49B7-8BBB-009EFB56A91C}.Debug|x86.Build.0 = Debug|Any CPU
		{27F484DA-2F38-49B7-8BBB-009EFB56A91C}.Release|Any CPU.ActiveCfg = Release|Any CPU
		{27F484DA-2F38-49B7-8BBB-009EFB56A91C}.Release|Any CPU.Build.0 = Release|Any CPU
		{27F484DA-2F38-49B7-8BBB-009EFB56A91C}.Release|arm64.ActiveCfg = Release|Any CPU
		{27F484DA-2F38-49B7-8BBB-009EFB56A91C}.Release|arm64.Build.0 = Release|Any CPU
		{27F484DA-2F38-49B7-8BBB-009EFB56A91C}.Release|x86.ActiveCfg = Release|Any CPU
		{27F484DA-2F38-49B7-8BBB-009EFB56A91C}.Release|x86.Build.0 = Release|Any CPU
		{D59AFA21-1679-4173-924B-69499ADFB1B0}.Debug|Any CPU.ActiveCfg = Debug|Any CPU
		{D59AFA21-1679-4173-924B-69499ADFB1B0}.Debug|Any CPU.Build.0 = Debug|Any CPU
		{D59AFA21-1679-4173-924B-69499ADFB1B0}.Debug|arm64.ActiveCfg = Debug|Any CPU
		{D59AFA21-1679-4173-924B-69499ADFB1B0}.Debug|arm64.Build.0 = Debug|Any CPU
		{D59AFA21-1679-4173-924B-69499ADFB1B0}.Debug|x86.ActiveCfg = Debug|Any CPU
		{D59AFA21-1679-4173-924B-69499ADFB1B0}.Debug|x86.Build.0 = Debug|Any CPU
		{D59AFA21-1679-4173-924B-69499ADFB1B0}.Release|Any CPU.ActiveCfg = Release|Any CPU
		{D59AFA21-1679-4173-924B-69499ADFB1B0}.Release|Any CPU.Build.0 = Release|Any CPU
		{D59AFA21-1679-4173-924B-69499ADFB1B0}.Release|arm64.ActiveCfg = Release|Any CPU
		{D59AFA21-1679-4173-924B-69499ADFB1B0}.Release|arm64.Build.0 = Release|Any CPU
		{D59AFA21-1679-4173-924B-69499ADFB1B0}.Release|x86.ActiveCfg = Release|Any CPU
		{D59AFA21-1679-4173-924B-69499ADFB1B0}.Release|x86.Build.0 = Release|Any CPU
		{0F21E250-F8C1-442C-9571-134ED3DB2BA3}.Debug|Any CPU.ActiveCfg = Debug|Any CPU
		{0F21E250-F8C1-442C-9571-134ED3DB2BA3}.Debug|Any CPU.Build.0 = Debug|Any CPU
		{0F21E250-F8C1-442C-9571-134ED3DB2BA3}.Debug|arm64.ActiveCfg = Debug|Any CPU
		{0F21E250-F8C1-442C-9571-134ED3DB2BA3}.Debug|arm64.Build.0 = Debug|Any CPU
		{0F21E250-F8C1-442C-9571-134ED3DB2BA3}.Debug|x86.ActiveCfg = Debug|Any CPU
		{0F21E250-F8C1-442C-9571-134ED3DB2BA3}.Debug|x86.Build.0 = Debug|Any CPU
		{0F21E250-F8C1-442C-9571-134ED3DB2BA3}.Release|Any CPU.ActiveCfg = Release|Any CPU
		{0F21E250-F8C1-442C-9571-134ED3DB2BA3}.Release|Any CPU.Build.0 = Release|Any CPU
		{0F21E250-F8C1-442C-9571-134ED3DB2BA3}.Release|arm64.ActiveCfg = Release|Any CPU
		{0F21E250-F8C1-442C-9571-134ED3DB2BA3}.Release|arm64.Build.0 = Release|Any CPU
		{0F21E250-F8C1-442C-9571-134ED3DB2BA3}.Release|x86.ActiveCfg = Release|Any CPU
		{0F21E250-F8C1-442C-9571-134ED3DB2BA3}.Release|x86.Build.0 = Release|Any CPU
		{31EF851F-F5F5-4199-A175-3F84B7B1737F}.Debug|Any CPU.ActiveCfg = Debug|Any CPU
		{31EF851F-F5F5-4199-A175-3F84B7B1737F}.Debug|Any CPU.Build.0 = Debug|Any CPU
		{31EF851F-F5F5-4199-A175-3F84B7B1737F}.Debug|arm64.ActiveCfg = Debug|Any CPU
		{31EF851F-F5F5-4199-A175-3F84B7B1737F}.Debug|arm64.Build.0 = Debug|Any CPU
		{31EF851F-F5F5-4199-A175-3F84B7B1737F}.Debug|x86.ActiveCfg = Debug|Any CPU
		{31EF851F-F5F5-4199-A175-3F84B7B1737F}.Debug|x86.Build.0 = Debug|Any CPU
		{31EF851F-F5F5-4199-A175-3F84B7B1737F}.Release|Any CPU.ActiveCfg = Release|Any CPU
		{31EF851F-F5F5-4199-A175-3F84B7B1737F}.Release|Any CPU.Build.0 = Release|Any CPU
		{31EF851F-F5F5-4199-A175-3F84B7B1737F}.Release|arm64.ActiveCfg = Release|Any CPU
		{31EF851F-F5F5-4199-A175-3F84B7B1737F}.Release|arm64.Build.0 = Release|Any CPU
		{31EF851F-F5F5-4199-A175-3F84B7B1737F}.Release|x86.ActiveCfg = Release|Any CPU
		{31EF851F-F5F5-4199-A175-3F84B7B1737F}.Release|x86.Build.0 = Release|Any CPU
		{D4D6DDCD-B068-49FE-87A9-166C0E0A3D3B}.Debug|Any CPU.ActiveCfg = Debug|Any CPU
		{D4D6DDCD-B068-49FE-87A9-166C0E0A3D3B}.Debug|Any CPU.Build.0 = Debug|Any CPU
		{D4D6DDCD-B068-49FE-87A9-166C0E0A3D3B}.Debug|arm64.ActiveCfg = Debug|Any CPU
		{D4D6DDCD-B068-49FE-87A9-166C0E0A3D3B}.Debug|arm64.Build.0 = Debug|Any CPU
		{D4D6DDCD-B068-49FE-87A9-166C0E0A3D3B}.Debug|x86.ActiveCfg = Debug|Any CPU
		{D4D6DDCD-B068-49FE-87A9-166C0E0A3D3B}.Debug|x86.Build.0 = Debug|Any CPU
		{D4D6DDCD-B068-49FE-87A9-166C0E0A3D3B}.Release|Any CPU.ActiveCfg = Release|Any CPU
		{D4D6DDCD-B068-49FE-87A9-166C0E0A3D3B}.Release|Any CPU.Build.0 = Release|Any CPU
		{D4D6DDCD-B068-49FE-87A9-166C0E0A3D3B}.Release|arm64.ActiveCfg = Release|Any CPU
		{D4D6DDCD-B068-49FE-87A9-166C0E0A3D3B}.Release|arm64.Build.0 = Release|Any CPU
		{D4D6DDCD-B068-49FE-87A9-166C0E0A3D3B}.Release|x86.ActiveCfg = Release|Any CPU
		{D4D6DDCD-B068-49FE-87A9-166C0E0A3D3B}.Release|x86.Build.0 = Release|Any CPU
		{CC092AE2-E04C-4713-BEFE-071A92ECC37E}.Debug|Any CPU.ActiveCfg = Debug|Any CPU
		{CC092AE2-E04C-4713-BEFE-071A92ECC37E}.Debug|Any CPU.Build.0 = Debug|Any CPU
		{CC092AE2-E04C-4713-BEFE-071A92ECC37E}.Debug|arm64.ActiveCfg = Debug|Any CPU
		{CC092AE2-E04C-4713-BEFE-071A92ECC37E}.Debug|arm64.Build.0 = Debug|Any CPU
		{CC092AE2-E04C-4713-BEFE-071A92ECC37E}.Debug|x86.ActiveCfg = Debug|Any CPU
		{CC092AE2-E04C-4713-BEFE-071A92ECC37E}.Debug|x86.Build.0 = Debug|Any CPU
		{CC092AE2-E04C-4713-BEFE-071A92ECC37E}.Release|Any CPU.ActiveCfg = Release|Any CPU
		{CC092AE2-E04C-4713-BEFE-071A92ECC37E}.Release|Any CPU.Build.0 = Release|Any CPU
		{CC092AE2-E04C-4713-BEFE-071A92ECC37E}.Release|arm64.ActiveCfg = Release|Any CPU
		{CC092AE2-E04C-4713-BEFE-071A92ECC37E}.Release|arm64.Build.0 = Release|Any CPU
		{CC092AE2-E04C-4713-BEFE-071A92ECC37E}.Release|x86.ActiveCfg = Release|Any CPU
		{CC092AE2-E04C-4713-BEFE-071A92ECC37E}.Release|x86.Build.0 = Release|Any CPU
		{FB7ED0BD-9D3D-492F-A4A9-439368940233}.Debug|Any CPU.ActiveCfg = Debug|Any CPU
		{FB7ED0BD-9D3D-492F-A4A9-439368940233}.Debug|Any CPU.Build.0 = Debug|Any CPU
		{FB7ED0BD-9D3D-492F-A4A9-439368940233}.Debug|arm64.ActiveCfg = Debug|Any CPU
		{FB7ED0BD-9D3D-492F-A4A9-439368940233}.Debug|arm64.Build.0 = Debug|Any CPU
		{FB7ED0BD-9D3D-492F-A4A9-439368940233}.Debug|x86.ActiveCfg = Debug|Any CPU
		{FB7ED0BD-9D3D-492F-A4A9-439368940233}.Debug|x86.Build.0 = Debug|Any CPU
		{FB7ED0BD-9D3D-492F-A4A9-439368940233}.Release|Any CPU.ActiveCfg = Release|Any CPU
		{FB7ED0BD-9D3D-492F-A4A9-439368940233}.Release|Any CPU.Build.0 = Release|Any CPU
		{FB7ED0BD-9D3D-492F-A4A9-439368940233}.Release|arm64.ActiveCfg = Release|Any CPU
		{FB7ED0BD-9D3D-492F-A4A9-439368940233}.Release|arm64.Build.0 = Release|Any CPU
		{FB7ED0BD-9D3D-492F-A4A9-439368940233}.Release|x86.ActiveCfg = Release|Any CPU
		{FB7ED0BD-9D3D-492F-A4A9-439368940233}.Release|x86.Build.0 = Release|Any CPU
		{6D17C0BC-16A3-4707-8B4F-CBE4F7ABB33C}.Debug|Any CPU.ActiveCfg = Debug|Any CPU
		{6D17C0BC-16A3-4707-8B4F-CBE4F7ABB33C}.Debug|Any CPU.Build.0 = Debug|Any CPU
		{6D17C0BC-16A3-4707-8B4F-CBE4F7ABB33C}.Debug|arm64.ActiveCfg = Debug|Any CPU
		{6D17C0BC-16A3-4707-8B4F-CBE4F7ABB33C}.Debug|arm64.Build.0 = Debug|Any CPU
		{6D17C0BC-16A3-4707-8B4F-CBE4F7ABB33C}.Debug|x86.ActiveCfg = Debug|Any CPU
		{6D17C0BC-16A3-4707-8B4F-CBE4F7ABB33C}.Debug|x86.Build.0 = Debug|Any CPU
		{6D17C0BC-16A3-4707-8B4F-CBE4F7ABB33C}.Release|Any CPU.ActiveCfg = Release|Any CPU
		{6D17C0BC-16A3-4707-8B4F-CBE4F7ABB33C}.Release|Any CPU.Build.0 = Release|Any CPU
		{6D17C0BC-16A3-4707-8B4F-CBE4F7ABB33C}.Release|arm64.ActiveCfg = Release|Any CPU
		{6D17C0BC-16A3-4707-8B4F-CBE4F7ABB33C}.Release|arm64.Build.0 = Release|Any CPU
		{6D17C0BC-16A3-4707-8B4F-CBE4F7ABB33C}.Release|x86.ActiveCfg = Release|Any CPU
		{6D17C0BC-16A3-4707-8B4F-CBE4F7ABB33C}.Release|x86.Build.0 = Release|Any CPU
		{F8C5B93E-8D53-46AF-858B-FBE22DCF3B25}.Debug|Any CPU.ActiveCfg = Debug|Any CPU
		{F8C5B93E-8D53-46AF-858B-FBE22DCF3B25}.Debug|Any CPU.Build.0 = Debug|Any CPU
		{F8C5B93E-8D53-46AF-858B-FBE22DCF3B25}.Debug|arm64.ActiveCfg = Debug|Any CPU
		{F8C5B93E-8D53-46AF-858B-FBE22DCF3B25}.Debug|arm64.Build.0 = Debug|Any CPU
		{F8C5B93E-8D53-46AF-858B-FBE22DCF3B25}.Debug|x86.ActiveCfg = Debug|Any CPU
		{F8C5B93E-8D53-46AF-858B-FBE22DCF3B25}.Debug|x86.Build.0 = Debug|Any CPU
		{F8C5B93E-8D53-46AF-858B-FBE22DCF3B25}.Release|Any CPU.ActiveCfg = Release|Any CPU
		{F8C5B93E-8D53-46AF-858B-FBE22DCF3B25}.Release|Any CPU.Build.0 = Release|Any CPU
		{F8C5B93E-8D53-46AF-858B-FBE22DCF3B25}.Release|arm64.ActiveCfg = Release|Any CPU
		{F8C5B93E-8D53-46AF-858B-FBE22DCF3B25}.Release|arm64.Build.0 = Release|Any CPU
		{F8C5B93E-8D53-46AF-858B-FBE22DCF3B25}.Release|x86.ActiveCfg = Release|Any CPU
		{F8C5B93E-8D53-46AF-858B-FBE22DCF3B25}.Release|x86.Build.0 = Release|Any CPU
		{4319770E-2171-48F2-ACE5-5B3A8180DC70}.Debug|Any CPU.ActiveCfg = Debug|Any CPU
		{4319770E-2171-48F2-ACE5-5B3A8180DC70}.Debug|Any CPU.Build.0 = Debug|Any CPU
		{4319770E-2171-48F2-ACE5-5B3A8180DC70}.Debug|arm64.ActiveCfg = Debug|Any CPU
		{4319770E-2171-48F2-ACE5-5B3A8180DC70}.Debug|arm64.Build.0 = Debug|Any CPU
		{4319770E-2171-48F2-ACE5-5B3A8180DC70}.Debug|x86.ActiveCfg = Debug|Any CPU
		{4319770E-2171-48F2-ACE5-5B3A8180DC70}.Debug|x86.Build.0 = Debug|Any CPU
		{4319770E-2171-48F2-ACE5-5B3A8180DC70}.Release|Any CPU.ActiveCfg = Release|Any CPU
		{4319770E-2171-48F2-ACE5-5B3A8180DC70}.Release|Any CPU.Build.0 = Release|Any CPU
		{4319770E-2171-48F2-ACE5-5B3A8180DC70}.Release|arm64.ActiveCfg = Release|Any CPU
		{4319770E-2171-48F2-ACE5-5B3A8180DC70}.Release|arm64.Build.0 = Release|Any CPU
		{4319770E-2171-48F2-ACE5-5B3A8180DC70}.Release|x86.ActiveCfg = Release|Any CPU
		{4319770E-2171-48F2-ACE5-5B3A8180DC70}.Release|x86.Build.0 = Release|Any CPU
		{8F9ECD31-5B78-42CC-AB88-E63C30D635A9}.Debug|Any CPU.ActiveCfg = Debug|Any CPU
		{8F9ECD31-5B78-42CC-AB88-E63C30D635A9}.Debug|Any CPU.Build.0 = Debug|Any CPU
		{8F9ECD31-5B78-42CC-AB88-E63C30D635A9}.Debug|arm64.ActiveCfg = Debug|Any CPU
		{8F9ECD31-5B78-42CC-AB88-E63C30D635A9}.Debug|arm64.Build.0 = Debug|Any CPU
		{8F9ECD31-5B78-42CC-AB88-E63C30D635A9}.Debug|x86.ActiveCfg = Debug|Any CPU
		{8F9ECD31-5B78-42CC-AB88-E63C30D635A9}.Debug|x86.Build.0 = Debug|Any CPU
		{8F9ECD31-5B78-42CC-AB88-E63C30D635A9}.Release|Any CPU.ActiveCfg = Release|Any CPU
		{8F9ECD31-5B78-42CC-AB88-E63C30D635A9}.Release|Any CPU.Build.0 = Release|Any CPU
		{8F9ECD31-5B78-42CC-AB88-E63C30D635A9}.Release|arm64.ActiveCfg = Release|Any CPU
		{8F9ECD31-5B78-42CC-AB88-E63C30D635A9}.Release|arm64.Build.0 = Release|Any CPU
		{8F9ECD31-5B78-42CC-AB88-E63C30D635A9}.Release|x86.ActiveCfg = Release|Any CPU
		{8F9ECD31-5B78-42CC-AB88-E63C30D635A9}.Release|x86.Build.0 = Release|Any CPU
		{93C86C6B-3CA9-4CC9-AA5F-719301D15F33}.Debug|Any CPU.ActiveCfg = Debug|Any CPU
		{93C86C6B-3CA9-4CC9-AA5F-719301D15F33}.Debug|Any CPU.Build.0 = Debug|Any CPU
		{93C86C6B-3CA9-4CC9-AA5F-719301D15F33}.Debug|arm64.ActiveCfg = Debug|Any CPU
		{93C86C6B-3CA9-4CC9-AA5F-719301D15F33}.Debug|arm64.Build.0 = Debug|Any CPU
		{93C86C6B-3CA9-4CC9-AA5F-719301D15F33}.Debug|x86.ActiveCfg = Debug|Any CPU
		{93C86C6B-3CA9-4CC9-AA5F-719301D15F33}.Debug|x86.Build.0 = Debug|Any CPU
		{93C86C6B-3CA9-4CC9-AA5F-719301D15F33}.Release|Any CPU.ActiveCfg = Release|Any CPU
		{93C86C6B-3CA9-4CC9-AA5F-719301D15F33}.Release|Any CPU.Build.0 = Release|Any CPU
		{93C86C6B-3CA9-4CC9-AA5F-719301D15F33}.Release|arm64.ActiveCfg = Release|Any CPU
		{93C86C6B-3CA9-4CC9-AA5F-719301D15F33}.Release|arm64.Build.0 = Release|Any CPU
		{93C86C6B-3CA9-4CC9-AA5F-719301D15F33}.Release|x86.ActiveCfg = Release|Any CPU
		{93C86C6B-3CA9-4CC9-AA5F-719301D15F33}.Release|x86.Build.0 = Release|Any CPU
		{8FBC1B78-AFB4-4426-9C4A-F71FD9987EC4}.Debug|Any CPU.ActiveCfg = Debug|Any CPU
		{8FBC1B78-AFB4-4426-9C4A-F71FD9987EC4}.Debug|Any CPU.Build.0 = Debug|Any CPU
		{8FBC1B78-AFB4-4426-9C4A-F71FD9987EC4}.Debug|arm64.ActiveCfg = Debug|Any CPU
		{8FBC1B78-AFB4-4426-9C4A-F71FD9987EC4}.Debug|arm64.Build.0 = Debug|Any CPU
		{8FBC1B78-AFB4-4426-9C4A-F71FD9987EC4}.Debug|x86.ActiveCfg = Debug|Any CPU
		{8FBC1B78-AFB4-4426-9C4A-F71FD9987EC4}.Debug|x86.Build.0 = Debug|Any CPU
		{8FBC1B78-AFB4-4426-9C4A-F71FD9987EC4}.Release|Any CPU.ActiveCfg = Release|Any CPU
		{8FBC1B78-AFB4-4426-9C4A-F71FD9987EC4}.Release|Any CPU.Build.0 = Release|Any CPU
		{8FBC1B78-AFB4-4426-9C4A-F71FD9987EC4}.Release|arm64.ActiveCfg = Release|Any CPU
		{8FBC1B78-AFB4-4426-9C4A-F71FD9987EC4}.Release|arm64.Build.0 = Release|Any CPU
		{8FBC1B78-AFB4-4426-9C4A-F71FD9987EC4}.Release|x86.ActiveCfg = Release|Any CPU
		{8FBC1B78-AFB4-4426-9C4A-F71FD9987EC4}.Release|x86.Build.0 = Release|Any CPU
		{8C47F154-5B04-420F-8D23-A31A7564543B}.Debug|Any CPU.ActiveCfg = Debug|Any CPU
		{8C47F154-5B04-420F-8D23-A31A7564543B}.Debug|Any CPU.Build.0 = Debug|Any CPU
		{8C47F154-5B04-420F-8D23-A31A7564543B}.Debug|arm64.ActiveCfg = Debug|Any CPU
		{8C47F154-5B04-420F-8D23-A31A7564543B}.Debug|arm64.Build.0 = Debug|Any CPU
		{8C47F154-5B04-420F-8D23-A31A7564543B}.Debug|x86.ActiveCfg = Debug|Any CPU
		{8C47F154-5B04-420F-8D23-A31A7564543B}.Debug|x86.Build.0 = Debug|Any CPU
		{8C47F154-5B04-420F-8D23-A31A7564543B}.Release|Any CPU.ActiveCfg = Release|Any CPU
		{8C47F154-5B04-420F-8D23-A31A7564543B}.Release|Any CPU.Build.0 = Release|Any CPU
		{8C47F154-5B04-420F-8D23-A31A7564543B}.Release|arm64.ActiveCfg = Release|Any CPU
		{8C47F154-5B04-420F-8D23-A31A7564543B}.Release|arm64.Build.0 = Release|Any CPU
		{8C47F154-5B04-420F-8D23-A31A7564543B}.Release|x86.ActiveCfg = Release|Any CPU
		{8C47F154-5B04-420F-8D23-A31A7564543B}.Release|x86.Build.0 = Release|Any CPU
		{3754A343-A57A-4C11-8679-5428CCAF0B97}.Debug|Any CPU.ActiveCfg = Debug|Any CPU
		{3754A343-A57A-4C11-8679-5428CCAF0B97}.Debug|Any CPU.Build.0 = Debug|Any CPU
		{3754A343-A57A-4C11-8679-5428CCAF0B97}.Debug|arm64.ActiveCfg = Debug|Any CPU
		{3754A343-A57A-4C11-8679-5428CCAF0B97}.Debug|arm64.Build.0 = Debug|Any CPU
		{3754A343-A57A-4C11-8679-5428CCAF0B97}.Debug|x86.ActiveCfg = Debug|Any CPU
		{3754A343-A57A-4C11-8679-5428CCAF0B97}.Debug|x86.Build.0 = Debug|Any CPU
		{3754A343-A57A-4C11-8679-5428CCAF0B97}.Release|Any CPU.ActiveCfg = Release|Any CPU
		{3754A343-A57A-4C11-8679-5428CCAF0B97}.Release|Any CPU.Build.0 = Release|Any CPU
		{3754A343-A57A-4C11-8679-5428CCAF0B97}.Release|arm64.ActiveCfg = Release|Any CPU
		{3754A343-A57A-4C11-8679-5428CCAF0B97}.Release|arm64.Build.0 = Release|Any CPU
		{3754A343-A57A-4C11-8679-5428CCAF0B97}.Release|x86.ActiveCfg = Release|Any CPU
		{3754A343-A57A-4C11-8679-5428CCAF0B97}.Release|x86.Build.0 = Release|Any CPU
		{DCF441A6-D425-4A96-8AAF-21D87580558A}.Debug|Any CPU.ActiveCfg = Debug|Any CPU
		{DCF441A6-D425-4A96-8AAF-21D87580558A}.Debug|Any CPU.Build.0 = Debug|Any CPU
		{DCF441A6-D425-4A96-8AAF-21D87580558A}.Debug|arm64.ActiveCfg = Debug|Any CPU
		{DCF441A6-D425-4A96-8AAF-21D87580558A}.Debug|arm64.Build.0 = Debug|Any CPU
		{DCF441A6-D425-4A96-8AAF-21D87580558A}.Debug|x86.ActiveCfg = Debug|Any CPU
		{DCF441A6-D425-4A96-8AAF-21D87580558A}.Debug|x86.Build.0 = Debug|Any CPU
		{DCF441A6-D425-4A96-8AAF-21D87580558A}.Release|Any CPU.ActiveCfg = Release|Any CPU
		{DCF441A6-D425-4A96-8AAF-21D87580558A}.Release|Any CPU.Build.0 = Release|Any CPU
		{DCF441A6-D425-4A96-8AAF-21D87580558A}.Release|arm64.ActiveCfg = Release|Any CPU
		{DCF441A6-D425-4A96-8AAF-21D87580558A}.Release|arm64.Build.0 = Release|Any CPU
		{DCF441A6-D425-4A96-8AAF-21D87580558A}.Release|x86.ActiveCfg = Release|Any CPU
		{DCF441A6-D425-4A96-8AAF-21D87580558A}.Release|x86.Build.0 = Release|Any CPU
	EndGlobalSection
	GlobalSection(SolutionProperties) = preSolution
		HideSolutionNode = FALSE
	EndGlobalSection
	GlobalSection(NestedProjects) = preSolution
		{B237F739-0403-4DBA-8964-7D868D00DDF7} = {917A73A4-9018-44A3-8943-FC86F7D1A5CB}
		{27F484DA-2F38-49B7-8BBB-009EFB56A91C} = {917A73A4-9018-44A3-8943-FC86F7D1A5CB}
		{D59AFA21-1679-4173-924B-69499ADFB1B0} = {917A73A4-9018-44A3-8943-FC86F7D1A5CB}
		{0F21E250-F8C1-442C-9571-134ED3DB2BA3} = {917A73A4-9018-44A3-8943-FC86F7D1A5CB}
		{917A73A4-9018-44A3-8943-FC86F7D1A5CB} = {5542155C-5BAA-4223-838B-5D220495E8AA}
		{E564A62A-F6DA-492F-928D-E91A570047CC} = {5542155C-5BAA-4223-838B-5D220495E8AA}
		{31EF851F-F5F5-4199-A175-3F84B7B1737F} = {E564A62A-F6DA-492F-928D-E91A570047CC}
		{D4D6DDCD-B068-49FE-87A9-166C0E0A3D3B} = {E564A62A-F6DA-492F-928D-E91A570047CC}
		{CC092AE2-E04C-4713-BEFE-071A92ECC37E} = {E564A62A-F6DA-492F-928D-E91A570047CC}
		{D8A72CA9-8F63-4DEA-B8DA-9FC82FC90871} = {5542155C-5BAA-4223-838B-5D220495E8AA}
		{FB7ED0BD-9D3D-492F-A4A9-439368940233} = {D8A72CA9-8F63-4DEA-B8DA-9FC82FC90871}
		{6D17C0BC-16A3-4707-8B4F-CBE4F7ABB33C} = {D8A72CA9-8F63-4DEA-B8DA-9FC82FC90871}
		{F8C5B93E-8D53-46AF-858B-FBE22DCF3B25} = {5542155C-5BAA-4223-838B-5D220495E8AA}
		{603E8713-DAE3-4CEE-A2E1-BAE959071030} = {5542155C-5BAA-4223-838B-5D220495E8AA}
		{4319770E-2171-48F2-ACE5-5B3A8180DC70} = {603E8713-DAE3-4CEE-A2E1-BAE959071030}
		{8F9ECD31-5B78-42CC-AB88-E63C30D635A9} = {603E8713-DAE3-4CEE-A2E1-BAE959071030}
		{93C86C6B-3CA9-4CC9-AA5F-719301D15F33} = {603E8713-DAE3-4CEE-A2E1-BAE959071030}
		{8FBC1B78-AFB4-4426-9C4A-F71FD9987EC4} = {603E8713-DAE3-4CEE-A2E1-BAE959071030}
		{8C47F154-5B04-420F-8D23-A31A7564543B} = {603E8713-DAE3-4CEE-A2E1-BAE959071030}
		{3754A343-A57A-4C11-8679-5428CCAF0B97} = {603E8713-DAE3-4CEE-A2E1-BAE959071030}
		{DCF441A6-D425-4A96-8AAF-21D87580558A} = {603E8713-DAE3-4CEE-A2E1-BAE959071030}
	EndGlobalSection
	GlobalSection(ExtensibilityGlobals) = postSolution
		SolutionGuid = {31740E0A-2ACC-4CE9-8E36-59D3A4B1DA6B}
	EndGlobalSection
EndGlobal
